// !$*UTF8*$!
{
	archiveVersion = 1;
	classes = {
	};
	objectVersion = 77;
	objects = {

/* Begin PBXBuildFile section */
		06E6D012390862D9ABF3488C /* LaneShadowTests.swift in Sources */ = {isa = PBXBuildFile; fileRef = 5C592B52392DEEACF2D91C3B /* LaneShadowTests.swift */; };
		078589B1255FE42AA7459089 /* Assets.xcassets in Resources */ = {isa = PBXBuildFile; fileRef = 0A5A63FC5750EC47FC36E0DC /* Assets.xcassets */; };
		0A215149AE7AF5FBBCB5409E /* ConvexStore.swift in Sources */ = {isa = PBXBuildFile; fileRef = F57D4881CFC9C4FA4D11B5BC /* ConvexStore.swift */; };
		0B45673D740CC18D7C34929C /* LSButtonStories.swift in Sources */ = {isa = PBXBuildFile; fileRef = 05416F03B3657341F705522A /* LSButtonStories.swift */; };
		1952669D73F48496CFB75791 /* LaneShadowTheme in Frameworks */ = {isa = PBXBuildFile; productRef = A82A70CA01368BECA5189F19 /* LaneShadowTheme */; };
		1BAC7EA2369264B7A19C9D08 /* LSDisplayStories.swift in Sources */ = {isa = PBXBuildFile; fileRef = 534D26C275878552CD82E5FE /* LSDisplayStories.swift */; };
		1EF50AB42CA36C6BAE6B79F2 /* LSPhaseDotStories.swift in Sources */ = {isa = PBXBuildFile; fileRef = 9F8ABC117BB7538D9D09E1F6 /* LSPhaseDotStories.swift */; };
		2A52620DA23586375267751E /* IconSymbolIOSTests.swift in Sources */ = {isa = PBXBuildFile; fileRef = 7C5212D0C0958BE087BA87AC /* IconSymbolIOSTests.swift */; };
		3D2143A67410FB5D8D2F3B45 /* LSInputStories.swift in Sources */ = {isa = PBXBuildFile; fileRef = EE8CB573821E0981D725E364 /* LSInputStories.swift */; };
		40979501CCACCFB156F25EB5 /* LaneShadowSandboxEntry.swift in Sources */ = {isa = PBXBuildFile; fileRef = F7C289172CD246D71CC0E6BB /* LaneShadowSandboxEntry.swift */; };
		4CDBE631CAAFA6685708C14B /* ConvexMobile in Frameworks */ = {isa = PBXBuildFile; productRef = CE666EC279651E6E31EE5FBE /* ConvexMobile */; };
		762FB79AB5AE6050179BB785 /* LSScrimStories.swift in Sources */ = {isa = PBXBuildFile; fileRef = 8F281656D06513E78E57D10D /* LSScrimStories.swift */; };
		7E8799D5CE1C5FFCE3D09066 /* App.swift in Sources */ = {isa = PBXBuildFile; fileRef = 324B26FB2DE3F759B489CB7B /* App.swift */; };
		91C89DFA7917A4D7A0446E88 /* LSPillStories.swift in Sources */ = {isa = PBXBuildFile; fileRef = 220BC64128EB0A24188F4C65 /* LSPillStories.swift */; };
		925CA576235653EA9D6CE109 /* NativeSandbox in Frameworks */ = {isa = PBXBuildFile; productRef = 9DD5E01C1B4FE6A3686813CA /* NativeSandbox */; };
		95572DAE37FCF32B9BDE4BC4 /* LSMapStories.swift in Sources */ = {isa = PBXBuildFile; fileRef = A770CE2595F52C1DC3532F8A /* LSMapStories.swift */; };
		95DD81C1CEF88FF460DA7A6E /* InfoToastTests.swift in Sources */ = {isa = PBXBuildFile; fileRef = 20AC933B1DF7AFFC89BD22E0 /* InfoToastTests.swift */; };
		A09AB47FC330215325A9F4F1 /* Foundation.framework in Frameworks */ = {isa = PBXBuildFile; fileRef = A9EDF4218751AC8200085830 /* Foundation.framework */; };
		A71A81EDC8563AFD14EE83FB /* ContentView.swift in Sources */ = {isa = PBXBuildFile; fileRef = B95CA989BE1243B1021F83D3 /* ContentView.swift */; };
		AFD4E47761A2E61BAAA06453 /* EmptyStateTests.swift in Sources */ = {isa = PBXBuildFile; fileRef = 2EEA7EB2CEBB6DE868C24B7E /* EmptyStateTests.swift */; };
		B55D247513D3B4742E36D92B /* AtomsStories.swift in Sources */ = {isa = PBXBuildFile; fileRef = 3E1A53BCC888DAEA7153F458 /* AtomsStories.swift */; };
		B5FF9B8BF6CCCBF0478B2A77 /* LaneShadowStories.swift in Sources */ = {isa = PBXBuildFile; fileRef = 85A9AD606174CC52A565ACA2 /* LaneShadowStories.swift */; };
		C20B40ADB8746BAD7B7A3FF1 /* LaneShadowTheme in Frameworks */ = {isa = PBXBuildFile; productRef = 5B658B1BAB40A50AE36EE201 /* LaneShadowTheme */; };
		C9108535DE88E44D62CC2AE6 /* MarkdownTextTests.swift in Sources */ = {isa = PBXBuildFile; fileRef = D5107D4267204A230D572AB9 /* MarkdownTextTests.swift */; };
		D3FCBC758470A7571618AF4A /* LSTextStories.swift in Sources */ = {isa = PBXBuildFile; fileRef = 0E259B982ADB47ABE53D132D /* LSTextStories.swift */; };
		E2B1C40DCB7D1C33CC729331 /* MarkdownText.swift in Sources */ = {isa = PBXBuildFile; fileRef = 6089A65C4DD27D71FDFC6B91 /* MarkdownText.swift */; };
		E38D09C5CE8E05B40EC425E5 /* LSIconStories.swift in Sources */ = {isa = PBXBuildFile; fileRef = 612E0B9004A2B36BFE5778E1 /* LSIconStories.swift */; };
		E868E14CF971E572F61A614E /* MoleculesStories.swift in Sources */ = {isa = PBXBuildFile; fileRef = E0747C3C833D0EA3BAF7F3D2 /* MoleculesStories.swift */; };
		ED9DF59A25970507B80D1720 /* MapboxMaps in Frameworks */ = {isa = PBXBuildFile; productRef = DA5E21A6F8345673A1101414 /* MapboxMaps */; };
		F9E41F8A8E5435B9BCD67D40 /* InfoToast.swift in Sources */ = {isa = PBXBuildFile; fileRef = 9B5F858C066D550CE73CE6FD /* InfoToast.swift */; };
		FEBAB697C67EECE893936275 /* EmptyState.swift in Sources */ = {isa = PBXBuildFile; fileRef = A2233125579D4855C122E592 /* EmptyState.swift */; };
/* End PBXBuildFile section */

/* Begin PBXContainerItemProxy section */
		3FC0A9068371F7D9BCAA7840 /* PBXContainerItemProxy */ = {
			isa = PBXContainerItemProxy;
			containerPortal = 5005A814B8F4CE91922BC5A4 /* Project object */;
			proxyType = 1;
			remoteGlobalIDString = 99475776B313D476E98630D0;
			remoteInfo = LaneShadow;
		};
		558A672E706BFC321A8AD88A /* PBXContainerItemProxy */ = {
			isa = PBXContainerItemProxy;
			containerPortal = 5005A814B8F4CE91922BC5A4 /* Project object */;
			proxyType = 1;
			remoteGlobalIDString = 99475776B313D476E98630D0;
			remoteInfo = LaneShadow;
		};
/* End PBXContainerItemProxy section */

/* Begin PBXFileReference section */
		05416F03B3657341F705522A /* LSButtonStories.swift */ = {isa = PBXFileReference; lastKnownFileType = sourcecode.swift; path = LSButtonStories.swift; sourceTree = "<group>"; };
		0A5A63FC5750EC47FC36E0DC /* Assets.xcassets */ = {isa = PBXFileReference; lastKnownFileType = folder.assetcatalog; path = Assets.xcassets; sourceTree = "<group>"; };
		0E259B982ADB47ABE53D132D /* LSTextStories.swift */ = {isa = PBXFileReference; lastKnownFileType = sourcecode.swift; path = LSTextStories.swift; sourceTree = "<group>"; };
		20AC933B1DF7AFFC89BD22E0 /* InfoToastTests.swift */ = {isa = PBXFileReference; lastKnownFileType = sourcecode.swift; path = InfoToastTests.swift; sourceTree = "<group>"; };
		220BC64128EB0A24188F4C65 /* LSPillStories.swift */ = {isa = PBXFileReference; lastKnownFileType = sourcecode.swift; path = LSPillStories.swift; sourceTree = "<group>"; };
		2EEA7EB2CEBB6DE868C24B7E /* EmptyStateTests.swift */ = {isa = PBXFileReference; lastKnownFileType = sourcecode.swift; path = EmptyStateTests.swift; sourceTree = "<group>"; };
		307F61C56AD06224E9F93B51 /* LaneShadow.app */ = {isa = PBXFileReference; includeInIndex = 0; lastKnownFileType = wrapper.application; path = LaneShadow.app; sourceTree = BUILT_PRODUCTS_DIR; };
		324B26FB2DE3F759B489CB7B /* App.swift */ = {isa = PBXFileReference; lastKnownFileType = sourcecode.swift; path = App.swift; sourceTree = "<group>"; };
		3B4E8EF6472F1ABEBBC33DFB /* ios */ = {isa = PBXFileReference; lastKnownFileType = folder; name = ios; path = "../../native-sandbox/ios"; sourceTree = SOURCE_ROOT; };
		3E1A53BCC888DAEA7153F458 /* AtomsStories.swift */ = {isa = PBXFileReference; lastKnownFileType = sourcecode.swift; path = AtomsStories.swift; sourceTree = "<group>"; };
		534D26C275878552CD82E5FE /* LSDisplayStories.swift */ = {isa = PBXFileReference; lastKnownFileType = sourcecode.swift; path = LSDisplayStories.swift; sourceTree = "<group>"; };
		5C592B52392DEEACF2D91C3B /* LaneShadowTests.swift */ = {isa = PBXFileReference; lastKnownFileType = sourcecode.swift; path = LaneShadowTests.swift; sourceTree = "<group>"; };
		5FB23C9E4DF31CC4E50E47AB /* swift */ = {isa = PBXFileReference; lastKnownFileType = folder; name = swift; path = ../tokens/platforms/swift; sourceTree = SOURCE_ROOT; };
		6089A65C4DD27D71FDFC6B91 /* MarkdownText.swift */ = {isa = PBXFileReference; lastKnownFileType = sourcecode.swift; path = MarkdownText.swift; sourceTree = "<group>"; };
		612E0B9004A2B36BFE5778E1 /* LSIconStories.swift */ = {isa = PBXFileReference; lastKnownFileType = sourcecode.swift; path = LSIconStories.swift; sourceTree = "<group>"; };
		7C5212D0C0958BE087BA87AC /* IconSymbolIOSTests.swift */ = {isa = PBXFileReference; lastKnownFileType = sourcecode.swift; path = IconSymbolIOSTests.swift; sourceTree = "<group>"; };
		85A9AD606174CC52A565ACA2 /* LaneShadowStories.swift */ = {isa = PBXFileReference; lastKnownFileType = sourcecode.swift; path = LaneShadowStories.swift; sourceTree = "<group>"; };
		8F281656D06513E78E57D10D /* LSScrimStories.swift */ = {isa = PBXFileReference; lastKnownFileType = sourcecode.swift; path = LSScrimStories.swift; sourceTree = "<group>"; };
		9B5F858C066D550CE73CE6FD /* InfoToast.swift */ = {isa = PBXFileReference; lastKnownFileType = sourcecode.swift; path = InfoToast.swift; sourceTree = "<group>"; };
		9F8ABC117BB7538D9D09E1F6 /* LSPhaseDotStories.swift */ = {isa = PBXFileReference; lastKnownFileType = sourcecode.swift; path = LSPhaseDotStories.swift; sourceTree = "<group>"; };
		A2233125579D4855C122E592 /* EmptyState.swift */ = {isa = PBXFileReference; lastKnownFileType = sourcecode.swift; path = EmptyState.swift; sourceTree = "<group>"; };
		A770CE2595F52C1DC3532F8A /* LSMapStories.swift */ = {isa = PBXFileReference; lastKnownFileType = sourcecode.swift; path = LSMapStories.swift; sourceTree = "<group>"; };
		A9EDF4218751AC8200085830 /* Foundation.framework */ = {isa = PBXFileReference; lastKnownFileType = wrapper.framework; name = Foundation.framework; path = System/Library/Frameworks/Foundation.framework; sourceTree = SDKROOT; };
		B95CA989BE1243B1021F83D3 /* ContentView.swift */ = {isa = PBXFileReference; lastKnownFileType = sourcecode.swift; path = ContentView.swift; sourceTree = "<group>"; };
		D5107D4267204A230D572AB9 /* MarkdownTextTests.swift */ = {isa = PBXFileReference; lastKnownFileType = sourcecode.swift; path = MarkdownTextTests.swift; sourceTree = "<group>"; };
		E0747C3C833D0EA3BAF7F3D2 /* MoleculesStories.swift */ = {isa = PBXFileReference; lastKnownFileType = sourcecode.swift; path = MoleculesStories.swift; sourceTree = "<group>"; };
		ED792B4C270AB975C34CB118 /* LaneShadowTests.xctest */ = {isa = PBXFileReference; includeInIndex = 0; lastKnownFileType = wrapper.cfbundle; path = LaneShadowTests.xctest; sourceTree = BUILT_PRODUCTS_DIR; };
		EE8CB573821E0981D725E364 /* LSInputStories.swift */ = {isa = PBXFileReference; lastKnownFileType = sourcecode.swift; path = LSInputStories.swift; sourceTree = "<group>"; };
		EF4B1C18D8FD1069B42CB70D /* LaneShadowUITests.xctest */ = {isa = PBXFileReference; includeInIndex = 0; lastKnownFileType = wrapper.cfbundle; path = LaneShadowUITests.xctest; sourceTree = BUILT_PRODUCTS_DIR; };
		F57D4881CFC9C4FA4D11B5BC /* ConvexStore.swift */ = {isa = PBXFileReference; lastKnownFileType = sourcecode.swift; path = ConvexStore.swift; sourceTree = "<group>"; };
		F7C289172CD246D71CC0E6BB /* LaneShadowSandboxEntry.swift */ = {isa = PBXFileReference; lastKnownFileType = sourcecode.swift; path = LaneShadowSandboxEntry.swift; sourceTree = "<group>"; };
/* End PBXFileReference section */

/* Begin PBXFileSystemSynchronizedBuildFileExceptionSet section */
		58099F917373377216261552 /* PBXFileSystemSynchronizedBuildFileExceptionSet */ = {
			isa = PBXFileSystemSynchronizedBuildFileExceptionSet;
			membershipExceptions = (
				Button.swift,
			);
			target = 99475776B313D476E98630D0 /* LaneShadow */;
		};
/* End PBXFileSystemSynchronizedBuildFileExceptionSet section */

/* Begin PBXFileSystemSynchronizedRootGroup section */
		3BC11B009ED26B33FC7A0333 /* Entry */ = {
			isa = PBXFileSystemSynchronizedRootGroup;
			explicitFileTypes = {
			};
			explicitFolders = (
			);
			name = Entry;
			path = Entry;
			sourceTree = "<group>";
		};
		5B8A253F72C6B3D6A21D5422 /* Atoms */ = {
			isa = PBXFileSystemSynchronizedRootGroup;
			explicitFileTypes = {
			};
			explicitFolders = (
			);
			name = Atoms;
			path = Atoms;
			sourceTree = "<group>";
		};
		9B1969E887592C82E1672459 /* Launch */ = {
			isa = PBXFileSystemSynchronizedRootGroup;
			explicitFileTypes = {
			};
			explicitFolders = (
			);
			name = Launch;
			path = Launch;
			sourceTree = "<group>";
		};
		A1DA24033B9915EAB116ED62 /* Generated */ = {
			isa = PBXFileSystemSynchronizedRootGroup;
			explicitFileTypes = {
			};
			explicitFolders = (
			);
			name = Generated;
			path = Generated;
			sourceTree = "<group>";
		};
		A8E49074235FCF05900AA173 /* LaneShadowUITests */ = {
			isa = PBXFileSystemSynchronizedRootGroup;
			explicitFileTypes = {
			};
			explicitFolders = (
			);
			path = LaneShadowUITests;
			sourceTree = "<group>";
		};
		CE8B4DF54243DD52953C7CFE /* Atoms */ = {
			isa = PBXFileSystemSynchronizedRootGroup;
			exceptions = (
				58099F917373377216261552 /* PBXFileSystemSynchronizedBuildFileExceptionSet */,
			);
			explicitFileTypes = {
			};
			explicitFolders = (
			);
			name = Atoms;
			path = Atoms;
			sourceTree = "<group>";
		};
		E5E2F792F8318B064762B018 /* Theme */ = {
			isa = PBXFileSystemSynchronizedRootGroup;
			explicitFileTypes = {
			};
			explicitFolders = (
			);
			name = Theme;
			path = Theme;
			sourceTree = "<group>";
		};
/* End PBXFileSystemSynchronizedRootGroup section */

/* Begin PBXFrameworksBuildPhase section */
		19699B30D5FFCEFA31F387A4 /* Frameworks */ = {
			isa = PBXFrameworksBuildPhase;
			buildActionMask = 2147483647;
			files = (
				4CDBE631CAAFA6685708C14B /* ConvexMobile in Frameworks */,
				1952669D73F48496CFB75791 /* LaneShadowTheme in Frameworks */,
				925CA576235653EA9D6CE109 /* NativeSandbox in Frameworks */,
				ED9DF59A25970507B80D1720 /* MapboxMaps in Frameworks */,
				A09AB47FC330215325A9F4F1 /* Foundation.framework in Frameworks */,
			);
			runOnlyForDeploymentPostprocessing = 0;
		};
		6FEFE450FCF58F47BE1637ED /* Frameworks */ = {
			isa = PBXFrameworksBuildPhase;
			buildActionMask = 2147483647;
			files = (
				C20B40ADB8746BAD7B7A3FF1 /* LaneShadowTheme in Frameworks */,
			);
			runOnlyForDeploymentPostprocessing = 0;
		};
/* End PBXFrameworksBuildPhase section */

/* Begin PBXGroup section */
		1F10FC2E199EFDF6EFDFEDA8 /* Sandbox */ = {
			isa = PBXGroup;
			children = (
				3BC11B009ED26B33FC7A0333 /* Entry */,
				2F2DF9072E7DE318B1CF4168 /* Stories */,
				E5E2F792F8318B064762B018 /* Theme */,
				F7C289172CD246D71CC0E6BB /* LaneShadowSandboxEntry.swift */,
				85A9AD606174CC52A565ACA2 /* LaneShadowStories.swift */,
			);
			path = Sandbox;
			sourceTree = "<group>";
		};
		298F12991DC33BF22132567F = {
			isa = PBXGroup;
			children = (
				559DE46475FFF70C1C60C52B /* LaneShadow */,
				7600803CDA1619744A2ED8BC /* LaneShadowTests */,
				A8E49074235FCF05900AA173 /* LaneShadowUITests */,
				74C87109A86D746141753D0A /* Packages */,
				610C91A4B1547818EABF70E3 /* Frameworks */,
				A409E156DCE522478E497BB1 /* Products */,
			);
			sourceTree = "<group>";
		};
		2F2DF9072E7DE318B1CF4168 /* Stories */ = {
			isa = PBXGroup;
			children = (
				3E1A53BCC888DAEA7153F458 /* AtomsStories.swift */,
				05416F03B3657341F705522A /* LSButtonStories.swift */,
				534D26C275878552CD82E5FE /* LSDisplayStories.swift */,
				612E0B9004A2B36BFE5778E1 /* LSIconStories.swift */,
				EE8CB573821E0981D725E364 /* LSInputStories.swift */,
				A770CE2595F52C1DC3532F8A /* LSMapStories.swift */,
				9F8ABC117BB7538D9D09E1F6 /* LSPhaseDotStories.swift */,
				220BC64128EB0A24188F4C65 /* LSPillStories.swift */,
				8F281656D06513E78E57D10D /* LSScrimStories.swift */,
				0E259B982ADB47ABE53D132D /* LSTextStories.swift */,
				E0747C3C833D0EA3BAF7F3D2 /* MoleculesStories.swift */,
			);
			path = Stories;
			sourceTree = "<group>";
		};
		55726301A0BAEC18C69036BC /* Molecules */ = {
			isa = PBXGroup;
			children = (
				A2233125579D4855C122E592 /* EmptyState.swift */,
				9B5F858C066D550CE73CE6FD /* InfoToast.swift */,
				6089A65C4DD27D71FDFC6B91 /* MarkdownText.swift */,
			);
			path = Molecules;
			sourceTree = "<group>";
		};
		559DE46475FFF70C1C60C52B /* LaneShadow */ = {
			isa = PBXGroup;
			children = (
				A1DA24033B9915EAB116ED62 /* Generated */,
				9B1969E887592C82E1672459 /* Launch */,
				1F10FC2E199EFDF6EFDFEDA8 /* Sandbox */,
				9A00239A316DF9BC49914EC8 /* Views */,
				324B26FB2DE3F759B489CB7B /* App.swift */,
				0A5A63FC5750EC47FC36E0DC /* Assets.xcassets */,
				B95CA989BE1243B1021F83D3 /* ContentView.swift */,
				F57D4881CFC9C4FA4D11B5BC /* ConvexStore.swift */,
			);
			path = LaneShadow;
			sourceTree = "<group>";
		};
		610C91A4B1547818EABF70E3 /* Frameworks */ = {
			isa = PBXGroup;
			children = (
				A9EDF4218751AC8200085830 /* Foundation.framework */,
			);
			name = Frameworks;
			sourceTree = "<group>";
		};
		74C87109A86D746141753D0A /* Packages */ = {
			isa = PBXGroup;
			children = (
				3B4E8EF6472F1ABEBBC33DFB /* ios */,
				5FB23C9E4DF31CC4E50E47AB /* swift */,
			);
			name = Packages;
			sourceTree = "<group>";
		};
		7600803CDA1619744A2ED8BC /* LaneShadowTests */ = {
			isa = PBXGroup;
			children = (
				5B8A253F72C6B3D6A21D5422 /* Atoms */,
				8A68A95F61AB685BAB72189D /* Components */,
				ABBAFDBD7FF159A58193899A /* Molecules */,
				5C592B52392DEEACF2D91C3B /* LaneShadowTests.swift */,
			);
			path = LaneShadowTests;
			sourceTree = "<group>";
		};
		8A68A95F61AB685BAB72189D /* Components */ = {
			isa = PBXGroup;
			children = (
				9121D9EE8EDFEC4C2D0B50CF /* UI */,
			);
			path = Components;
			sourceTree = "<group>";
		};
		8C1733FFF5CDB27C7332DBBB /* Atoms */ = {
			isa = PBXGroup;
			children = (
				7C5212D0C0958BE087BA87AC /* IconSymbolIOSTests.swift */,
			);
			path = Atoms;
			sourceTree = "<group>";
		};
		9121D9EE8EDFEC4C2D0B50CF /* UI */ = {
			isa = PBXGroup;
			children = (
				8C1733FFF5CDB27C7332DBBB /* Atoms */,
			);
			path = UI;
			sourceTree = "<group>";
		};
		9A00239A316DF9BC49914EC8 /* Views */ = {
			isa = PBXGroup;
			children = (
				CE8B4DF54243DD52953C7CFE /* Atoms */,
				55726301A0BAEC18C69036BC /* Molecules */,
			);
			path = Views;
			sourceTree = "<group>";
		};
		A409E156DCE522478E497BB1 /* Products */ = {
			isa = PBXGroup;
			children = (
				307F61C56AD06224E9F93B51 /* LaneShadow.app */,
				ED792B4C270AB975C34CB118 /* LaneShadowTests.xctest */,
				EF4B1C18D8FD1069B42CB70D /* LaneShadowUITests.xctest */,
			);
			name = Products;
			sourceTree = "<group>";
		};
		ABBAFDBD7FF159A58193899A /* Molecules */ = {
			isa = PBXGroup;
			children = (
				2EEA7EB2CEBB6DE868C24B7E /* EmptyStateTests.swift */,
				20AC933B1DF7AFFC89BD22E0 /* InfoToastTests.swift */,
				D5107D4267204A230D572AB9 /* MarkdownTextTests.swift */,
			);
			path = Molecules;
			sourceTree = "<group>";
		};
/* End PBXGroup section */

/* Begin PBXNativeTarget section */
		99475776B313D476E98630D0 /* LaneShadow */ = {
			isa = PBXNativeTarget;
			buildConfigurationList = 765550164B633AF5BE20873D /* Build configuration list for PBXNativeTarget "LaneShadow" */;
			buildPhases = (
				4DA27FB2E419ED84C9F93CEF /* Inject Convex URL */,
				2A6033EDE1343B9C16180D04 /* Sources */,
				D12CB4045645161CAADD1E9D /* Resources */,
				19699B30D5FFCEFA31F387A4 /* Frameworks */,
			);
			buildRules = (
			);
			dependencies = (
			);
			fileSystemSynchronizedGroups = (
				CE8B4DF54243DD52953C7CFE /* Atoms */,
				3BC11B009ED26B33FC7A0333 /* Entry */,
				A1DA24033B9915EAB116ED62 /* Generated */,
				9B1969E887592C82E1672459 /* Launch */,
				E5E2F792F8318B064762B018 /* Theme */,
			);
			name = LaneShadow;
			packageProductDependencies = (
				CE666EC279651E6E31EE5FBE /* ConvexMobile */,
				A82A70CA01368BECA5189F19 /* LaneShadowTheme */,
				9DD5E01C1B4FE6A3686813CA /* NativeSandbox */,
				DA5E21A6F8345673A1101414 /* MapboxMaps */,
			);
			productName = LaneShadow;
			productReference = 307F61C56AD06224E9F93B51 /* LaneShadow.app */;
			productType = "com.apple.product-type.application";
		};
		EBACC6C6C5C2526D42D8718B /* LaneShadowUITests */ = {
			isa = PBXNativeTarget;
			buildConfigurationList = 7B3C5253730D483D2D3B9A92 /* Build configuration list for PBXNativeTarget "LaneShadowUITests" */;
			buildPhases = (
				4233BA8C06D67164708C1BDD /* Sources */,
				60678B2DE87E4B4EFE0C1E7F /* Resources */,
			);
			buildRules = (
			);
			dependencies = (
				81218BFBC741B5A356EE9708 /* PBXTargetDependency */,
			);
			fileSystemSynchronizedGroups = (
				A8E49074235FCF05900AA173 /* LaneShadowUITests */,
			);
			name = LaneShadowUITests;
			packageProductDependencies = (
			);
			productName = LaneShadowUITests;
			productReference = EF4B1C18D8FD1069B42CB70D /* LaneShadowUITests.xctest */;
			productType = "com.apple.product-type.bundle.ui-testing";
		};
		F62DED441A0EC9B332FC3293 /* LaneShadowTests */ = {
			isa = PBXNativeTarget;
			buildConfigurationList = 370FB48DE918F2015751FF0C /* Build configuration list for PBXNativeTarget "LaneShadowTests" */;
			buildPhases = (
				93C20C085BB03E46FC5650F5 /* Sources */,
				B404D579F9A667C620CA8569 /* Resources */,
				6FEFE450FCF58F47BE1637ED /* Frameworks */,
			);
			buildRules = (
			);
			dependencies = (
				8941639FFAFA7D11ED5FFFCC /* PBXTargetDependency */,
			);
			fileSystemSynchronizedGroups = (
				5B8A253F72C6B3D6A21D5422 /* Atoms */,
			);
			name = LaneShadowTests;
			packageProductDependencies = (
				5B658B1BAB40A50AE36EE201 /* LaneShadowTheme */,
			);
			productName = LaneShadowTests;
			productReference = ED792B4C270AB975C34CB118 /* LaneShadowTests.xctest */;
			productType = "com.apple.product-type.bundle.unit-test";
		};
/* End PBXNativeTarget section */

/* Begin PBXProject section */
		5005A814B8F4CE91922BC5A4 /* Project object */ = {
			isa = PBXProject;
			attributes = {
				BuildIndependentTargetsInParallel = YES;
				LastUpgradeCheck = 1430;
				TargetAttributes = {
					99475776B313D476E98630D0 = {
						DevelopmentTeam = "";
						ProvisioningStyle = Automatic;
					};
					EBACC6C6C5C2526D42D8718B = {
						ProvisioningStyle = Automatic;
						TestTargetID = 99475776B313D476E98630D0;
					};
					F62DED441A0EC9B332FC3293 = {
						ProvisioningStyle = Automatic;
					};
				};
			};
			buildConfigurationList = C825AA9ACD7BBF70A26F04EE /* Build configuration list for PBXProject "LaneShadow" */;
			developmentRegion = en;
			hasScannedForEncodings = 0;
			knownRegions = (
				Base,
				en,
			);
			mainGroup = 298F12991DC33BF22132567F;
			minimizedProjectReferenceProxies = 1;
			packageReferences = (
				2448E52A67F9CA102454EA73 /* XCRemoteSwiftPackageReference "convex-swift" */,
				B661C63E1ACC8A649A046360 /* XCRemoteSwiftPackageReference "mapbox-maps-ios" */,
				47209CE6204C4DADCDF34113 /* XCLocalSwiftPackageReference "../tokens/platforms/swift" */,
				AFE99AB4F94E0A32951934B9 /* XCLocalSwiftPackageReference "../../native-sandbox/ios" */,
			);
			preferredProjectObjectVersion = 77;
			productRefGroup = A409E156DCE522478E497BB1 /* Products */;
			projectDirPath = "";
			projectRoot = "";
			targets = (
				99475776B313D476E98630D0 /* LaneShadow */,
				F62DED441A0EC9B332FC3293 /* LaneShadowTests */,
				EBACC6C6C5C2526D42D8718B /* LaneShadowUITests */,
			);
		};
/* End PBXProject section */

/* Begin PBXResourcesBuildPhase section */
		60678B2DE87E4B4EFE0C1E7F /* Resources */ = {
			isa = PBXResourcesBuildPhase;
			buildActionMask = 2147483647;
			files = (
			);
			runOnlyForDeploymentPostprocessing = 0;
		};
		B404D579F9A667C620CA8569 /* Resources */ = {
			isa = PBXResourcesBuildPhase;
			buildActionMask = 2147483647;
			files = (
			);
			runOnlyForDeploymentPostprocessing = 0;
		};
		D12CB4045645161CAADD1E9D /* Resources */ = {
			isa = PBXResourcesBuildPhase;
			buildActionMask = 2147483647;
			files = (
				078589B1255FE42AA7459089 /* Assets.xcassets in Resources */,
			);
			runOnlyForDeploymentPostprocessing = 0;
		};
/* End PBXResourcesBuildPhase section */

/* Begin PBXShellScriptBuildPhase section */
		4DA27FB2E419ED84C9F93CEF /* Inject Convex URL */ = {
			isa = PBXShellScriptBuildPhase;
			buildActionMask = 2147483647;
			files = (
			);
			inputFileListPaths = (
			);
			inputPaths = (
				"$(SRCROOT)/../server/.env.local",
			);
			name = "Inject Convex URL";
			outputFileListPaths = (
			);
			outputPaths = (
				"$(SRCROOT)/LaneShadow/Generated/ConvexConfig.generated.swift",
			);
			runOnlyForDeploymentPostprocessing = 0;
			shellPath = /bin/sh;
			shellScript = "\"${SRCROOT}/LaneShadow/Scripts/inject-convex-url.sh\"";
		};
/* End PBXShellScriptBuildPhase section */

/* Begin PBXSourcesBuildPhase section */
		2A6033EDE1343B9C16180D04 /* Sources */ = {
			isa = PBXSourcesBuildPhase;
			buildActionMask = 2147483647;
			files = (
				7E8799D5CE1C5FFCE3D09066 /* App.swift in Sources */,
				B55D247513D3B4742E36D92B /* AtomsStories.swift in Sources */,
				A71A81EDC8563AFD14EE83FB /* ContentView.swift in Sources */,
				0A215149AE7AF5FBBCB5409E /* ConvexStore.swift in Sources */,
				FEBAB697C67EECE893936275 /* EmptyState.swift in Sources */,
				F9E41F8A8E5435B9BCD67D40 /* InfoToast.swift in Sources */,
				0B45673D740CC18D7C34929C /* LSButtonStories.swift in Sources */,
				1BAC7EA2369264B7A19C9D08 /* LSDisplayStories.swift in Sources */,
				E38D09C5CE8E05B40EC425E5 /* LSIconStories.swift in Sources */,
				3D2143A67410FB5D8D2F3B45 /* LSInputStories.swift in Sources */,
				95572DAE37FCF32B9BDE4BC4 /* LSMapStories.swift in Sources */,
				1EF50AB42CA36C6BAE6B79F2 /* LSPhaseDotStories.swift in Sources */,
				91C89DFA7917A4D7A0446E88 /* LSPillStories.swift in Sources */,
				762FB79AB5AE6050179BB785 /* LSScrimStories.swift in Sources */,
				D3FCBC758470A7571618AF4A /* LSTextStories.swift in Sources */,
				40979501CCACCFB156F25EB5 /* LaneShadowSandboxEntry.swift in Sources */,
				B5FF9B8BF6CCCBF0478B2A77 /* LaneShadowStories.swift in Sources */,
				E2B1C40DCB7D1C33CC729331 /* MarkdownText.swift in Sources */,
				E868E14CF971E572F61A614E /* MoleculesStories.swift in Sources */,
			);
			runOnlyForDeploymentPostprocessing = 0;
		};
		4233BA8C06D67164708C1BDD /* Sources */ = {
			isa = PBXSourcesBuildPhase;
			buildActionMask = 2147483647;
			files = (
			);
			runOnlyForDeploymentPostprocessing = 0;
		};
		93C20C085BB03E46FC5650F5 /* Sources */ = {
			isa = PBXSourcesBuildPhase;
			buildActionMask = 2147483647;
			files = (
				AFD4E47761A2E61BAAA06453 /* EmptyStateTests.swift in Sources */,
				2A52620DA23586375267751E /* IconSymbolIOSTests.swift in Sources */,
				95DD81C1CEF88FF460DA7A6E /* InfoToastTests.swift in Sources */,
				06E6D012390862D9ABF3488C /* LaneShadowTests.swift in Sources */,
				C9108535DE88E44D62CC2AE6 /* MarkdownTextTests.swift in Sources */,
			);
			runOnlyForDeploymentPostprocessing = 0;
		};
/* End PBXSourcesBuildPhase section */

/* Begin PBXTargetDependency section */
		81218BFBC741B5A356EE9708 /* PBXTargetDependency */ = {
			isa = PBXTargetDependency;
			target = 99475776B313D476E98630D0 /* LaneShadow */;
			targetProxy = 3FC0A9068371F7D9BCAA7840 /* PBXContainerItemProxy */;
		};
		8941639FFAFA7D11ED5FFFCC /* PBXTargetDependency */ = {
			isa = PBXTargetDependency;
			target = 99475776B313D476E98630D0 /* LaneShadow */;
			targetProxy = 558A672E706BFC321A8AD88A /* PBXContainerItemProxy */;
		};
/* End PBXTargetDependency section */

/* Begin XCBuildConfiguration section */
		03D80A5193AED8D39AEAA021 /* Debug */ = {
			isa = XCBuildConfiguration;
			buildSettings = {
				BUNDLE_LOADER = "$(TEST_HOST)";
				CODE_SIGN_STYLE = Automatic;
				CURRENT_PROJECT_VERSION = 1;
				GENERATE_INFOPLIST_FILE = YES;
				IPHONEOS_DEPLOYMENT_TARGET = 17.0;
				LD_RUNPATH_SEARCH_PATHS = (
					"$(inherited)",
					"@executable_path/Frameworks",
					"@loader_path/Frameworks",
				);
				MARKETING_VERSION = 1.0;
				PRODUCT_BUNDLE_IDENTIFIER = "com.laneshadow.app.ui-tests";
				PRODUCT_NAME = "$(TARGET_NAME)";
				SDKROOT = iphoneos;
				TARGETED_DEVICE_FAMILY = 1;
				TEST_TARGET_NAME = LaneShadow;
			};
			name = Debug;
		};
		19E83A40037E8C2F4313FEC2 /* Debug */ = {
			isa = XCBuildConfiguration;
			buildSettings = {
				ASSETCATALOG_COMPILER_APPICON_NAME = AppIcon;
				ASSETCATALOG_COMPILER_GLOBAL_ACCENT_COLOR_NAME = AccentColor;
				CLANG_ENABLE_OBJC_WEAK = NO;
				CODE_SIGN_IDENTITY = "iPhone Developer";
				CODE_SIGN_STYLE = Automatic;
				CURRENT_PROJECT_VERSION = 1;
				DEFINES_MODULE = YES;
				DEVELOPMENT_TEAM = "";
				GENERATE_INFOPLIST_FILE = NO;
				INFOPLIST_FILE = LaneShadow/Info.plist;
				IPHONEOS_DEPLOYMENT_TARGET = 17.0;
				LD_RUNPATH_SEARCH_PATHS = "$(inherited) @executable_path/Frameworks";
				MARKETING_VERSION = 1.0;
				PRODUCT_BUNDLE_IDENTIFIER = com.laneshadow.app;
				SDKROOT = iphoneos;
				SWIFT_STRICT_CONCURRENCY = complete;
				TARGETED_DEVICE_FAMILY = 1;
			};
			name = Debug;
		};
		3D64718B8AC10E952CE325EA /* Release */ = {
			isa = XCBuildConfiguration;
			buildSettings = {
				BUNDLE_LOADER = "$(TEST_HOST)";
				CODE_SIGN_STYLE = Automatic;
				CURRENT_PROJECT_VERSION = 1;
				GENERATE_INFOPLIST_FILE = YES;
				IPHONEOS_DEPLOYMENT_TARGET = 17.0;
				LD_RUNPATH_SEARCH_PATHS = (
					"$(inherited)",
					"@executable_path/Frameworks",
					"@loader_path/Frameworks",
				);
				MARKETING_VERSION = 1.0;
				PRODUCT_BUNDLE_IDENTIFIER = "com.laneshadow.app.ui-tests";
				PRODUCT_NAME = "$(TARGET_NAME)";
				SDKROOT = iphoneos;
				TARGETED_DEVICE_FAMILY = 1;
				TEST_TARGET_NAME = LaneShadow;
			};
			name = Release;
		};
		9371E35085AC631B9383C52D /* Release */ = {
			isa = XCBuildConfiguration;
			buildSettings = {
				ASSETCATALOG_COMPILER_APPICON_NAME = AppIcon;
				ASSETCATALOG_COMPILER_GLOBAL_ACCENT_COLOR_NAME = AccentColor;
				CLANG_ENABLE_OBJC_WEAK = NO;
				CODE_SIGN_IDENTITY = "iPhone Developer";
				CODE_SIGN_STYLE = Automatic;
				CURRENT_PROJECT_VERSION = 1;
				DEFINES_MODULE = YES;
				DEVELOPMENT_TEAM = "";
				GENERATE_INFOPLIST_FILE = NO;
				INFOPLIST_FILE = LaneShadow/Info.plist;
				IPHONEOS_DEPLOYMENT_TARGET = 17.0;
				LD_RUNPATH_SEARCH_PATHS = "$(inherited) @executable_path/Frameworks";
				MARKETING_VERSION = 1.0;
				PRODUCT_BUNDLE_IDENTIFIER = com.laneshadow.app;
				SDKROOT = iphoneos;
				SWIFT_STRICT_CONCURRENCY = complete;
				TARGETED_DEVICE_FAMILY = 1;
			};
			name = Release;
		};
		9B0CDF1DC765C25CA516AA52 /* Release */ = {
			isa = XCBuildConfiguration;
			buildSettings = {
				BUNDLE_LOADER = "$(TEST_HOST)";
				CODE_SIGN_STYLE = Automatic;
				CURRENT_PROJECT_VERSION = 1;
				GENERATE_INFOPLIST_FILE = YES;
				IPHONEOS_DEPLOYMENT_TARGET = 17.0;
				LD_RUNPATH_SEARCH_PATHS = (
					"$(inherited)",
					"@executable_path/Frameworks",
					"@loader_path/Frameworks",
				);
				MARKETING_VERSION = 1.0;
				PRODUCT_BUNDLE_IDENTIFIER = com.laneshadow.app.tests;
				PRODUCT_NAME = "$(TARGET_NAME)";
				SDKROOT = iphoneos;
				SWIFT_STRICT_CONCURRENCY = complete;
				TARGETED_DEVICE_FAMILY = 1;
				TEST_HOST = "$(BUILT_PRODUCTS_DIR)/LaneShadow.app/LaneShadow";
			};
			name = Release;
		};
		B75DA993CEBD9678A536A98D /* Release */ = {
			isa = XCBuildConfiguration;
			buildSettings = {
				ALWAYS_SEARCH_USER_PATHS = NO;
				CLANG_ANALYZER_NONNULL = YES;
				CLANG_ANALYZER_NUMBER_OBJECT_CONVERSION = YES_AGGRESSIVE;
				CLANG_CXX_LANGUAGE_STANDARD = "gnu++14";
				CLANG_CXX_LIBRARY = "libc++";
				CLANG_ENABLE_MODULES = YES;
				CLANG_ENABLE_OBJC_ARC = YES;
				CLANG_ENABLE_OBJC_WEAK = YES;
				CLANG_WARN_BLOCK_CAPTURE_AUTORELEASING = YES;
				CLANG_WARN_BOOL_CONVERSION = YES;
				CLANG_WARN_COMMA = YES;
				CLANG_WARN_CONSTANT_CONVERSION = YES;
				CLANG_WARN_DEPRECATED_OBJC_IMPLEMENTATIONS = YES;
				CLANG_WARN_DIRECT_OBJC_ISA_USAGE = YES_ERROR;
				CLANG_WARN_DOCUMENTATION_COMMENTS = YES;
				CLANG_WARN_EMPTY_BODY = YES;
				CLANG_WARN_ENUM_CONVERSION = YES;
				CLANG_WARN_INFINITE_RECURSION = YES;
				CLANG_WARN_INT_CONVERSION = YES;
				CLANG_WARN_NON_LITERAL_NULL_CONVERSION = YES;
				CLANG_WARN_OBJC_IMPLICIT_RETAIN_SELF = YES;
				CLANG_WARN_OBJC_LITERAL_CONVERSION = YES;
				CLANG_WARN_OBJC_ROOT_CLASS = YES_ERROR;
				CLANG_WARN_QUOTED_INCLUDE_IN_FRAMEWORK_HEADER = YES;
				CLANG_WARN_RANGE_LOOP_ANALYSIS = YES;
				CLANG_WARN_STRICT_PROTOTYPES = YES;
				CLANG_WARN_SUSPICIOUS_MOVE = YES;
				CLANG_WARN_UNGUARDED_AVAILABILITY = YES_AGGRESSIVE;
				CLANG_WARN_UNREACHABLE_CODE = YES;
				CLANG_WARN__DUPLICATE_METHOD_MATCH = YES;
				COPY_PHASE_STRIP = NO;
				DEBUG_INFORMATION_FORMAT = "dwarf-with-dsym";
				ENABLE_NS_ASSERTIONS = NO;
				ENABLE_STRICT_OBJC_MSGSEND = YES;
				GCC_C_LANGUAGE_STANDARD = gnu11;
				GCC_NO_COMMON_BLOCKS = YES;
				GCC_WARN_64_TO_32_BIT_CONVERSION = YES;
				GCC_WARN_ABOUT_RETURN_TYPE = YES_ERROR;
				GCC_WARN_UNDECLARED_SELECTOR = YES;
				GCC_WARN_UNINITIALIZED_AUTOS = YES_AGGRESSIVE;
				GCC_WARN_UNUSED_FUNCTION = YES;
				GCC_WARN_UNUSED_VARIABLE = YES;
				IPHONEOS_DEPLOYMENT_TARGET = 17.0;
				MTL_ENABLE_DEBUG_INFO = NO;
				MTL_FAST_MATH = YES;
				PRODUCT_NAME = "$(TARGET_NAME)";
				SDKROOT = iphoneos;
				SWIFT_COMPILATION_MODE = wholemodule;
				SWIFT_OPTIMIZATION_LEVEL = "-O";
				SWIFT_VERSION = 6.0;
				VALIDATE_PRODUCT = YES;
			};
			name = Release;
		};
		BEA670E3AE6E6006E9410B92 /* Debug */ = {
			isa = XCBuildConfiguration;
			buildSettings = {
				ALWAYS_SEARCH_USER_PATHS = NO;
				CLANG_ANALYZER_NONNULL = YES;
				CLANG_ANALYZER_NUMBER_OBJECT_CONVERSION = YES_AGGRESSIVE;
				CLANG_CXX_LANGUAGE_STANDARD = "gnu++14";
				CLANG_CXX_LIBRARY = "libc++";
				CLANG_ENABLE_MODULES = YES;
				CLANG_ENABLE_OBJC_ARC = YES;
				CLANG_ENABLE_OBJC_WEAK = YES;
				CLANG_WARN_BLOCK_CAPTURE_AUTORELEASING = YES;
				CLANG_WARN_BOOL_CONVERSION = YES;
				CLANG_WARN_COMMA = YES;
				CLANG_WARN_CONSTANT_CONVERSION = YES;
				CLANG_WARN_DEPRECATED_OBJC_IMPLEMENTATIONS = YES;
				CLANG_WARN_DIRECT_OBJC_ISA_USAGE = YES_ERROR;
				CLANG_WARN_DOCUMENTATION_COMMENTS = YES;
				CLANG_WARN_EMPTY_BODY = YES;
				CLANG_WARN_ENUM_CONVERSION = YES;
				CLANG_WARN_INFINITE_RECURSION = YES;
				CLANG_WARN_INT_CONVERSION = YES;
				CLANG_WARN_NON_LITERAL_NULL_CONVERSION = YES;
				CLANG_WARN_OBJC_IMPLICIT_RETAIN_SELF = YES;
				CLANG_WARN_OBJC_LITERAL_CONVERSION = YES;
				CLANG_WARN_OBJC_ROOT_CLASS = YES_ERROR;
				CLANG_WARN_QUOTED_INCLUDE_IN_FRAMEWORK_HEADER = YES;
				CLANG_WARN_RANGE_LOOP_ANALYSIS = YES;
				CLANG_WARN_STRICT_PROTOTYPES = YES;
				CLANG_WARN_SUSPICIOUS_MOVE = YES;
				CLANG_WARN_UNGUARDED_AVAILABILITY = YES_AGGRESSIVE;
				CLANG_WARN_UNREACHABLE_CODE = YES;
				CLANG_WARN__DUPLICATE_METHOD_MATCH = YES;
				COPY_PHASE_STRIP = NO;
				DEBUG_INFORMATION_FORMAT = dwarf;
				ENABLE_STRICT_OBJC_MSGSEND = YES;
				ENABLE_TESTABILITY = YES;
				GCC_C_LANGUAGE_STANDARD = gnu11;
				GCC_DYNAMIC_NO_PIC = NO;
				GCC_NO_COMMON_BLOCKS = YES;
				GCC_OPTIMIZATION_LEVEL = 0;
				GCC_PREPROCESSOR_DEFINITIONS = (
					"DEBUG=1",
					"$(inherited)",
				);
				GCC_WARN_64_TO_32_BIT_CONVERSION = YES;
				GCC_WARN_ABOUT_RETURN_TYPE = YES_ERROR;
				GCC_WARN_UNDECLARED_SELECTOR = YES;
				GCC_WARN_UNINITIALIZED_AUTOS = YES_AGGRESSIVE;
				GCC_WARN_UNUSED_FUNCTION = YES;
				GCC_WARN_UNUSED_VARIABLE = YES;
				IPHONEOS_DEPLOYMENT_TARGET = 17.0;
				MTL_ENABLE_DEBUG_INFO = INCLUDE_SOURCE;
				MTL_FAST_MATH = YES;
				ONLY_ACTIVE_ARCH = YES;
				PRODUCT_NAME = "$(TARGET_NAME)";
				SDKROOT = iphoneos;
				SWIFT_ACTIVE_COMPILATION_CONDITIONS = DEBUG;
				SWIFT_OPTIMIZATION_LEVEL = "-Onone";
				SWIFT_VERSION = 6.0;
			};
			name = Debug;
		};
		EAE97B256489FA4CA6BFBB3E /* Debug */ = {
			isa = XCBuildConfiguration;
			buildSettings = {
				BUNDLE_LOADER = "$(TEST_HOST)";
				CODE_SIGN_STYLE = Automatic;
				CURRENT_PROJECT_VERSION = 1;
				GENERATE_INFOPLIST_FILE = YES;
				IPHONEOS_DEPLOYMENT_TARGET = 17.0;
				LD_RUNPATH_SEARCH_PATHS = (
					"$(inherited)",
					"@executable_path/Frameworks",
					"@loader_path/Frameworks",
				);
				MARKETING_VERSION = 1.0;
				PRODUCT_BUNDLE_IDENTIFIER = com.laneshadow.app.tests;
				PRODUCT_NAME = "$(TARGET_NAME)";
				SDKROOT = iphoneos;
				SWIFT_STRICT_CONCURRENCY = complete;
				TARGETED_DEVICE_FAMILY = 1;
				TEST_HOST = "$(BUILT_PRODUCTS_DIR)/LaneShadow.app/LaneShadow";
			};
			name = Debug;
		};
/* End XCBuildConfiguration section */

/* Begin XCConfigurationList section */
		370FB48DE918F2015751FF0C /* Build configuration list for PBXNativeTarget "LaneShadowTests" */ = {
			isa = XCConfigurationList;
			buildConfigurations = (
				EAE97B256489FA4CA6BFBB3E /* Debug */,
				9B0CDF1DC765C25CA516AA52 /* Release */,
			);
			defaultConfigurationIsVisible = 0;
			defaultConfigurationName = Debug;
		};
		765550164B633AF5BE20873D /* Build configuration list for PBXNativeTarget "LaneShadow" */ = {
			isa = XCConfigurationList;
			buildConfigurations = (
				19E83A40037E8C2F4313FEC2 /* Debug */,
				9371E35085AC631B9383C52D /* Release */,
			);
			defaultConfigurationIsVisible = 0;
			defaultConfigurationName = Debug;
		};
		7B3C5253730D483D2D3B9A92 /* Build configuration list for PBXNativeTarget "LaneShadowUITests" */ = {
			isa = XCConfigurationList;
			buildConfigurations = (
				03D80A5193AED8D39AEAA021 /* Debug */,
				3D64718B8AC10E952CE325EA /* Release */,
			);
			defaultConfigurationIsVisible = 0;
			defaultConfigurationName = Debug;
		};
		C825AA9ACD7BBF70A26F04EE /* Build configuration list for PBXProject "LaneShadow" */ = {
			isa = XCConfigurationList;
			buildConfigurations = (
				BEA670E3AE6E6006E9410B92 /* Debug */,
				B75DA993CEBD9678A536A98D /* Release */,
			);
			defaultConfigurationIsVisible = 0;
			defaultConfigurationName = Debug;
		};
/* End XCConfigurationList section */

/* Begin XCLocalSwiftPackageReference section */
		47209CE6204C4DADCDF34113 /* XCLocalSwiftPackageReference "../tokens/platforms/swift" */ = {
			isa = XCLocalSwiftPackageReference;
			relativePath = ../tokens/platforms/swift;
		};
		AFE99AB4F94E0A32951934B9 /* XCLocalSwiftPackageReference "../../native-sandbox/ios" */ = {
			isa = XCLocalSwiftPackageReference;
			relativePath = "../../native-sandbox/ios";
		};
/* End XCLocalSwiftPackageReference section */

/* Begin XCRemoteSwiftPackageReference section */
		2448E52A67F9CA102454EA73 /* XCRemoteSwiftPackageReference "convex-swift" */ = {
			isa = XCRemoteSwiftPackageReference;
			repositoryURL = "https://github.com/get-convex/convex-swift";
			requirement = {
				kind = upToNextMajorVersion;
				minimumVersion = 0.7.0;
			};
		};
		B661C63E1ACC8A649A046360 /* XCRemoteSwiftPackageReference "mapbox-maps-ios" */ = {
			isa = XCRemoteSwiftPackageReference;
			repositoryURL = "https://github.com/mapbox/mapbox-maps-ios";
			requirement = {
				kind = upToNextMajorVersion;
				minimumVersion = 11.6.0;
			};
		};
/* End XCRemoteSwiftPackageReference section */

/* Begin XCSwiftPackageProductDependency section */
		5B658B1BAB40A50AE36EE201 /* LaneShadowTheme */ = {
			isa = XCSwiftPackageProductDependency;
			productName = LaneShadowTheme;
		};
		9DD5E01C1B4FE6A3686813CA /* NativeSandbox */ = {
			isa = XCSwiftPackageProductDependency;
			productName = NativeSandbox;
		};
		A82A70CA01368BECA5189F19 /* LaneShadowTheme */ = {
			isa = XCSwiftPackageProductDependency;
			productName = LaneShadowTheme;
		};
		CE666EC279651E6E31EE5FBE /* ConvexMobile */ = {
			isa = XCSwiftPackageProductDependency;
			package = 2448E52A67F9CA102454EA73 /* XCRemoteSwiftPackageReference "convex-swift" */;
			productName = ConvexMobile;
		};
		DA5E21A6F8345673A1101414 /* MapboxMaps */ = {
			isa = XCSwiftPackageProductDependency;
			package = B661C63E1ACC8A649A046360 /* XCRemoteSwiftPackageReference "mapbox-maps-ios" */;
			productName = MapboxMaps;
		};
/* End XCSwiftPackageProductDependency section */
	};
	rootObject = 5005A814B8F4CE91922BC5A4 /* Project object */;
}
