// !$*UTF8*$!
{
	archiveVersion = 1;
	classes = {
	};
	objectVersion = 46;
	objects = {

/* Begin PBXBuildFile section */
		0845C4AC551760BC96454D32 /* ConvexMobile in Frameworks */ = {isa = PBXBuildFile; productRef = 603E52C39223C28F74C3296F /* ConvexMobile */; };
		0D14EDD6EBE39F655775566D /* ConvexConfig.generated.swift in Sources */ = {isa = PBXBuildFile; fileRef = A7781149F2F15D8931F7BD59 /* ConvexConfig.generated.swift */; };
		1432450623391D0657EC8BE4 /* NativeSandbox in Frameworks */ = {isa = PBXBuildFile; productRef = 63B9F0B7A3683734F8F6CA6E /* NativeSandbox */; };
		15192870EA806F25FACEDBDC /* LSPill.swift in Sources */ = {isa = PBXBuildFile; fileRef = D8ABAFEAF18F36678F1E2E1A /* LSPill.swift */; };
		1B0035CF423B7AA2D4012394 /* LaneShadowThemeController.swift in Sources */ = {isa = PBXBuildFile; fileRef = 8C44A1899F54FCE737876D6E /* LaneShadowThemeController.swift */; };
		2D064A18B4A7465DBCC5D509 /* LaneShadowTests.swift in Sources */ = {isa = PBXBuildFile; fileRef = F5D1CEB0F9194AA0A1298E94 /* LaneShadowTests.swift */; };
		2F0CC613A052CB8DCD986EBA /* IconSymbolIOSTests.swift in Sources */ = {isa = PBXBuildFile; fileRef = 00F2D864836475C036BD1BBB /* IconSymbolIOSTests.swift */; };
		3AC2C0C037E7DDA4FBEFFBAF /* LaneShadowSandboxEntry.swift in Sources */ = {isa = PBXBuildFile; fileRef = BDFFFA32EB9B4C1B381DCAC3 /* LaneShadowSandboxEntry.swift */; };
		44631CF3F12CB71F56F331C2 /* MarkdownText.swift in Sources */ = {isa = PBXBuildFile; fileRef = EF1B5EEE51CDB5681B896E7B /* MarkdownText.swift */; };
		4B0AA98B99C3EBAED48BB3C7 /* App.swift in Sources */ = {isa = PBXBuildFile; fileRef = 19C0C8E34938049BC6509361 /* App.swift */; };
		53A061F1B8B6DE7E82CA3363 /* TypographyVariant.swift in Sources */ = {isa = PBXBuildFile; fileRef = 5B1754318C1CD43C0F36DFF2 /* TypographyVariant.swift */; };
		54157ED8FA1ED00209A77CC1 /* LaneShadowSandbox.swift in Sources */ = {isa = PBXBuildFile; fileRef = AE6AFB9CF38454E7904211D2 /* LaneShadowSandbox.swift */; };
		58B9F2B1A10000000000000E /* AtomsStories.swift in Sources */ = {isa = PBXBuildFile; fileRef = 58B9F2B1A10000000000010E /* AtomsStories.swift */; };
		60DC177CB434353AFA5DBB29 /* LSText.swift in Sources */ = {isa = PBXBuildFile; fileRef = 9385AFBD46E18088E567CF1D /* LSText.swift */; };
		63DF5AF231CF6918D89B667C /* Foundation.framework in Frameworks */ = {isa = PBXBuildFile; fileRef = F2D8422CC809A6C6F9E33663 /* Foundation.framework */; };
		68D4936938C405217CC7ADB3 /* LaneShadowPreviewWrapper.swift in Sources */ = {isa = PBXBuildFile; fileRef = BC59F81D4F3B96E926FA8B81 /* LaneShadowPreviewWrapper.swift */; };
		7487EB2311A36A4E3BA14212 /* Assets.xcassets in Resources */ = {isa = PBXBuildFile; fileRef = 042C70965E7517B7DB83BEBC /* Assets.xcassets */; };
		74A822E1E4CFFA3A23517B97 /* IconSymbolIOS.swift in Sources */ = {isa = PBXBuildFile; fileRef = E3E4B933872BFD447BAC71ED /* IconSymbolIOS.swift */; };
		83DED50F9B7D6E11F1B30091 /* LaneShadowSandboxEntry.swift in Sources */ = {isa = PBXBuildFile; fileRef = C934E3A63158B5E395D53E00 /* LaneShadowSandboxEntry.swift */; };
		9CBE1C1BAFE71A86A9369501 /* LaneShadow.app in Frameworks */ = {isa = PBXBuildFile; fileRef = C40B550C00DF5E8EB169537B /* LaneShadow.app */; };
		A6D1E465912B3E9A491E84A2 /* PillSize.swift in Sources */ = {isa = PBXBuildFile; fileRef = E8850461AB37D3A52AC39911 /* PillSize.swift */; };
		A8543C0D2093BB6CD7F6D35B /* EmptyState.swift in Sources */ = {isa = PBXBuildFile; fileRef = F63BA6A7BEA5A3BD86CC9941 /* EmptyState.swift */; };
		AABBCCDD00000000CAFE0003 /* LaneShadowTheme in Frameworks */ = {isa = PBXBuildFile; productRef = AABBCCDD00000000CAFE0002 /* LaneShadowTheme */; };
		AABBCCDD00000000CAFE0004 /* LaneShadowTheme in Frameworks */ = {isa = PBXBuildFile; productRef = AABBCCDD00000000CAFE0002 /* LaneShadowTheme */; };
		AD8EF4A701C10E1634387601 /* LaneShadowStories.swift in Sources */ = {isa = PBXBuildFile; fileRef = C1D305F1F06CD33A026AD81A /* LaneShadowStories.swift */; };
		C071BBB67191B0BB0B63057E /* ContentView.swift in Sources */ = {isa = PBXBuildFile; fileRef = 7B65C904E4A0AAC1820E0B04 /* ContentView.swift */; };
		C1BA82A170AEFD8BD4626532 /* NativeSandbox in Frameworks */ = {isa = PBXBuildFile; productRef = 52008D1AF11776E1CEC82B7F /* NativeSandbox */; };
		C49FCD1E157EF1081F07B37B /* LSPillTests.swift in Sources */ = {isa = PBXBuildFile; fileRef = 1EC0196534C3FDF7B4386090 /* LSPillTests.swift */; };
		CD7B43287CB6BD30DAAB6CA4 /* MarkdownTextTests.swift in Sources */ = {isa = PBXBuildFile; fileRef = A8DF06DFAC4862640146C5EC /* MarkdownTextTests.swift */; };
		D83F2BB3F8ADA3C020AE323A /* LaneShadowStories.swift in Sources */ = {isa = PBXBuildFile; fileRef = E27F96568879D04BABEE4D9E /* LaneShadowStories.swift */; };
		E3915BDECFC9144AF569EF63 /* EmptyStateTests.swift in Sources */ = {isa = PBXBuildFile; fileRef = C8047E61C431A63FA06036FC /* EmptyStateTests.swift */; };
		E7BF3CA6E1D3EB02CB7C6C68 /* ConvexStore.swift in Sources */ = {isa = PBXBuildFile; fileRef = 1BFA01AC71D220DB33A48A4C /* ConvexStore.swift */; };
		EC3256F36680A0F854EF8761 /* SandboxLaunchConfig.swift in Sources */ = {isa = PBXBuildFile; fileRef = B8199CF3904E8BB400B1581B /* SandboxLaunchConfig.swift */; };
		F27A5E24040D7CAC685D1C6E /* LSPillStories.swift in Sources */ = {isa = PBXBuildFile; fileRef = 9560D9BCF0F8124ED1378569 /* LSPillStories.swift */; };
		INFOTOASTBUILD19DA81322E4 /* InfoToast.swift in Sources */ = {isa = PBXBuildFile; fileRef = INFOTOAST19DA81322E4 /* InfoToast.swift */; };
		INFOTOASTTESTSBUILD19DA81322E4 /* InfoToastTests.swift in Sources */ = {isa = PBXBuildFile; fileRef = INFOTOASTTESTS19DA81322E4 /* InfoToastTests.swift */; };
		UI00BUILDFILE01 /* LaneShadowUITests.swift in Sources */ = {isa = PBXBuildFile; fileRef = UI00FILEREF01 /* LaneShadowUITests.swift */; };
		UI00BUILDFILE02 /* AppLauncher.swift in Sources */ = {isa = PBXBuildFile; fileRef = UI00FILEREF02 /* AppLauncher.swift */; };
		UI00BUILDFILE03 /* LaneShadow.app in Frameworks */ = {isa = PBXBuildFile; fileRef = C40B550C00DF5E8EB169537B /* LaneShadow.app */; };
/* End PBXBuildFile section */

/* Begin PBXContainerItemProxy section */
		756AB40C25F70D41A0A91407 /* PBXContainerItemProxy */ = {
			isa = PBXContainerItemProxy;
			containerPortal = 8195E2F6510082D0036AB4FF /* Project object */;
			proxyType = 1;
			remoteGlobalIDString = B7E51DDBAE69A0395EFCA6F1;
			remoteInfo = LaneShadow;
		};
		UI00PROXY01 /* PBXContainerItemProxy */ = {
			isa = PBXContainerItemProxy;
			containerPortal = 8195E2F6510082D0036AB4FF /* Project object */;
			proxyType = 1;
			remoteGlobalIDString = B7E51DDBAE69A0395EFCA6F1;
			remoteInfo = LaneShadow;
		};
/* End PBXContainerItemProxy section */

/* Begin PBXFileReference section */
		00F2D864836475C036BD1BBB /* IconSymbolIOSTests.swift */ = {isa = PBXFileReference; includeInIndex = 1; lastKnownFileType = sourcecode.swift; name = IconSymbolIOSTests.swift; path = LaneShadowTests/Components/UI/Atoms/IconSymbolIOSTests.swift; sourceTree = "<group>"; };
		042C70965E7517B7DB83BEBC /* Assets.xcassets */ = {isa = PBXFileReference; includeInIndex = 1; lastKnownFileType = folder.assetcatalog; name = Assets.xcassets; path = LaneShadow/Assets.xcassets; sourceTree = "<group>"; };
		19C0C8E34938049BC6509361 /* App.swift */ = {isa = PBXFileReference; includeInIndex = 1; lastKnownFileType = sourcecode.swift; name = App.swift; path = LaneShadow/App.swift; sourceTree = "<group>"; };
		1BFA01AC71D220DB33A48A4C /* ConvexStore.swift */ = {isa = PBXFileReference; includeInIndex = 1; lastKnownFileType = sourcecode.swift; name = ConvexStore.swift; path = LaneShadow/ConvexStore.swift; sourceTree = "<group>"; };
		1EC0196534C3FDF7B4386090 /* LSPillTests.swift */ = {isa = PBXFileReference; includeInIndex = 1; lastKnownFileType = sourcecode.swift; name = LSPillTests.swift; path = LaneShadowTests/Atoms/LSPillTests.swift; sourceTree = "<group>"; };
		58B9F2B1A10000000000010E /* AtomsStories.swift */ = {isa = PBXFileReference; includeInIndex = 1; lastKnownFileType = sourcecode.swift; name = AtomsStories.swift; path = LaneShadow/Sandbox/Stories/AtomsStories.swift; sourceTree = "<group>"; };
		5B1754318C1CD43C0F36DFF2 /* TypographyVariant.swift */ = {isa = PBXFileReference; includeInIndex = 1; lastKnownFileType = sourcecode.swift; name = TypographyVariant.swift; path = LaneShadow/Views/Atoms/TypographyVariant.swift; sourceTree = "<group>"; };
		7B65C904E4A0AAC1820E0B04 /* ContentView.swift */ = {isa = PBXFileReference; includeInIndex = 1; lastKnownFileType = sourcecode.swift; name = ContentView.swift; path = LaneShadow/ContentView.swift; sourceTree = "<group>"; };
		8C44A1899F54FCE737876D6E /* LaneShadowThemeController.swift */ = {isa = PBXFileReference; includeInIndex = 1; lastKnownFileType = sourcecode.swift; name = LaneShadowThemeController.swift; path = LaneShadow/Sandbox/Theme/LaneShadowThemeController.swift; sourceTree = "<group>"; };
		9385AFBD46E18088E567CF1D /* LSText.swift */ = {isa = PBXFileReference; includeInIndex = 1; lastKnownFileType = sourcecode.swift; name = LSText.swift; path = LaneShadow/Views/Atoms/LSText.swift; sourceTree = "<group>"; };
		9560D9BCF0F8124ED1378569 /* LSPillStories.swift */ = {isa = PBXFileReference; includeInIndex = 1; lastKnownFileType = sourcecode.swift; name = LSPillStories.swift; path = LaneShadow/Sandbox/Stories/LSPillStories.swift; sourceTree = "<group>"; };
		A7781149F2F15D8931F7BD59 /* ConvexConfig.generated.swift */ = {isa = PBXFileReference; includeInIndex = 1; lastKnownFileType = sourcecode.swift; name = ConvexConfig.generated.swift; path = LaneShadow/Generated/ConvexConfig.generated.swift; sourceTree = "<group>"; };
		A8DF06DFAC4862640146C5EC /* MarkdownTextTests.swift */ = {isa = PBXFileReference; includeInIndex = 1; lastKnownFileType = sourcecode.swift; name = MarkdownTextTests.swift; path = LaneShadowTests/Molecules/MarkdownTextTests.swift; sourceTree = "<group>"; };
		AE6AFB9CF38454E7904211D2 /* LaneShadowSandbox.swift */ = {isa = PBXFileReference; includeInIndex = 1; lastKnownFileType = sourcecode.swift; name = LaneShadowSandbox.swift; path = LaneShadow/Sandbox/Entry/LaneShadowSandbox.swift; sourceTree = "<group>"; };
		B8199CF3904E8BB400B1581B /* SandboxLaunchConfig.swift */ = {isa = PBXFileReference; includeInIndex = 1; lastKnownFileType = sourcecode.swift; name = SandboxLaunchConfig.swift; path = LaneShadow/Launch/SandboxLaunchConfig.swift; sourceTree = "<group>"; };
		BC59F81D4F3B96E926FA8B81 /* LaneShadowPreviewWrapper.swift */ = {isa = PBXFileReference; includeInIndex = 1; lastKnownFileType = sourcecode.swift; name = LaneShadowPreviewWrapper.swift; path = LaneShadow/Sandbox/Theme/LaneShadowPreviewWrapper.swift; sourceTree = "<group>"; };
		BDFFFA32EB9B4C1B381DCAC3 /* LaneShadowSandboxEntry.swift */ = {isa = PBXFileReference; includeInIndex = 1; lastKnownFileType = sourcecode.swift; name = LaneShadowSandboxEntry.swift; path = ./LaneShadow/Sandbox/LaneShadowSandboxEntry.swift; sourceTree = "<group>"; };
		C1D305F1F06CD33A026AD81A /* LaneShadowStories.swift */ = {isa = PBXFileReference; includeInIndex = 1; lastKnownFileType = sourcecode.swift; name = LaneShadowStories.swift; path = LaneShadow/Sandbox/LaneShadowStories.swift; sourceTree = "<group>"; };
		C40B550C00DF5E8EB169537B /* LaneShadow.app */ = {isa = PBXFileReference; explicitFileType = wrapper.application; includeInIndex = 0; path = LaneShadow.app; sourceTree = BUILT_PRODUCTS_DIR; };
		C8047E61C431A63FA06036FC /* EmptyStateTests.swift */ = {isa = PBXFileReference; includeInIndex = 1; lastKnownFileType = sourcecode.swift; name = EmptyStateTests.swift; path = LaneShadowTests/Molecules/EmptyStateTests.swift; sourceTree = "<group>"; };
		C934E3A63158B5E395D53E00 /* LaneShadowSandboxEntry.swift */ = {isa = PBXFileReference; includeInIndex = 1; lastKnownFileType = sourcecode.swift; name = LaneShadowSandboxEntry.swift; path = LaneShadow/Sandbox/LaneShadowSandboxEntry.swift; sourceTree = "<group>"; };
		D8ABAFEAF18F36678F1E2E1A /* LSPill.swift */ = {isa = PBXFileReference; includeInIndex = 1; lastKnownFileType = sourcecode.swift; name = LSPill.swift; path = LaneShadow/Views/Atoms/LSPill.swift; sourceTree = "<group>"; };
		E27F96568879D04BABEE4D9E /* LaneShadowStories.swift */ = {isa = PBXFileReference; includeInIndex = 1; lastKnownFileType = sourcecode.swift; name = LaneShadowStories.swift; path = ./LaneShadow/Sandbox/LaneShadowStories.swift; sourceTree = "<group>"; };
		E3E4B933872BFD447BAC71ED /* IconSymbolIOS.swift */ = {isa = PBXFileReference; includeInIndex = 1; lastKnownFileType = sourcecode.swift; name = IconSymbolIOS.swift; path = ../../Atoms/IconSymbolIOS.swift; sourceTree = "<group>"; };
		E8850461AB37D3A52AC39911 /* PillSize.swift */ = {isa = PBXFileReference; includeInIndex = 1; lastKnownFileType = sourcecode.swift; name = PillSize.swift; path = LaneShadow/Views/Atoms/PillSize.swift; sourceTree = "<group>"; };
		EA2218D2E4024A3E89BBD26A /* LaneShadowTests.xctest */ = {isa = PBXFileReference; explicitFileType = wrapper.cfbundle; includeInIndex = 0; path = LaneShadowTests.xctest; sourceTree = BUILT_PRODUCTS_DIR; };
		EF1B5EEE51CDB5681B896E7B /* MarkdownText.swift */ = {isa = PBXFileReference; includeInIndex = 1; lastKnownFileType = sourcecode.swift; name = MarkdownText.swift; path = LaneShadow/Views/Molecules/MarkdownText.swift; sourceTree = "<group>"; };
		F2D8422CC809A6C6F9E33663 /* Foundation.framework */ = {isa = PBXFileReference; lastKnownFileType = wrapper.framework; name = Foundation.framework; path = Platforms/iPhoneOS.platform/Developer/SDKs/iPhoneOS18.0.sdk/System/Library/Frameworks/Foundation.framework; sourceTree = DEVELOPER_DIR; };
		F3AD9C6E4235BE61F90118DB /* Info.plist */ = {isa = PBXFileReference; includeInIndex = 1; lastKnownFileType = text.plist.xml; name = Info.plist; path = LaneShadow/Info.plist; sourceTree = "<group>"; };
		F5D1CEB0F9194AA0A1298E94 /* LaneShadowTests.swift */ = {isa = PBXFileReference; includeInIndex = 1; lastKnownFileType = sourcecode.swift; name = LaneShadowTests.swift; path = LaneShadowTests/LaneShadowTests.swift; sourceTree = "<group>"; };
		F63BA6A7BEA5A3BD86CC9941 /* EmptyState.swift */ = {isa = PBXFileReference; includeInIndex = 1; lastKnownFileType = sourcecode.swift; name = EmptyState.swift; path = LaneShadow/Views/Molecules/EmptyState.swift; sourceTree = "<group>"; };
		INFOTOAST19DA81322E4 /* InfoToast.swift */ = {isa = PBXFileReference; includeInIndex = 1; lastKnownFileType = sourcecode.swift; path = LaneShadow/Views/Molecules/InfoToast.swift; sourceTree = "<group>"; };
		INFOTOASTTESTS19DA81322E4 /* InfoToastTests.swift */ = {isa = PBXFileReference; includeInIndex = 1; lastKnownFileType = sourcecode.swift; path = LaneShadowTests/Molecules/InfoToastTests.swift; sourceTree = "<group>"; };
		UI00FILEREF01 /* LaneShadowUITests.swift */ = {isa = PBXFileReference; includeInIndex = 1; lastKnownFileType = sourcecode.swift; name = LaneShadowUITests.swift; path = LaneShadowUITests/LaneShadowUITests.swift; sourceTree = "<group>"; };
		UI00FILEREF02 /* AppLauncher.swift */ = {isa = PBXFileReference; includeInIndex = 1; lastKnownFileType = sourcecode.swift; name = AppLauncher.swift; path = LaneShadowUITests/Helpers/AppLauncher.swift; sourceTree = "<group>"; };
		UI00PRODUCT01 /* LaneShadowUITests.xctest */ = {isa = PBXFileReference; explicitFileType = wrapper.cfbundle; includeInIndex = 0; path = LaneShadowUITests.xctest; sourceTree = BUILT_PRODUCTS_DIR; };
/* End PBXFileReference section */

/* Begin PBXFrameworksBuildPhase section */
		657C760D587E8F66D83F50E2 /* Frameworks */ = {
			isa = PBXFrameworksBuildPhase;
			buildActionMask = 2147483647;
			files = (
				63DF5AF231CF6918D89B667C /* Foundation.framework in Frameworks */,
				0845C4AC551760BC96454D32 /* ConvexMobile in Frameworks */,
				AABBCCDD00000000CAFE0003 /* LaneShadowTheme in Frameworks */,
				C1BA82A170AEFD8BD4626532 /* NativeSandbox in Frameworks */,
				1432450623391D0657EC8BE4 /* NativeSandbox in Frameworks */,
			);
			runOnlyForDeploymentPostprocessing = 0;
		};
		B35F1748A3B54B28A60D0372 /* Frameworks */ = {
			isa = PBXFrameworksBuildPhase;
			buildActionMask = 2147483647;
			files = (
				9CBE1C1BAFE71A86A9369501 /* LaneShadow.app in Frameworks */,
				AABBCCDD00000000CAFE0004 /* LaneShadowTheme in Frameworks */,
			);
			runOnlyForDeploymentPostprocessing = 0;
		};
		UI00FRAMEWORKS01 /* Frameworks */ = {
			isa = PBXFrameworksBuildPhase;
			buildActionMask = 2147483647;
			files = (
				UI00BUILDFILE03 /* LaneShadow.app in Frameworks */,
			);
			runOnlyForDeploymentPostprocessing = 0;
		};
/* End PBXFrameworksBuildPhase section */

/* Begin PBXGroup section */
		158DC35D7C4F9FA79F42E0FF /* LaneShadowTests */ = {
			isa = PBXGroup;
			children = (
				1EC0196534C3FDF7B4386090 /* LSPillTests.swift */,
			);
			name = LaneShadowTests;
			sourceTree = "<group>";
		};
		2E6DE740AB1D3CC3AAFDAD66 /* LaneShadow */ = {
			isa = PBXGroup;
			children = (
				911C34924100779698DA0B12 /* Generated */,
				6217363634E70A222B949755 /* Scripts */,
				19C0C8E34938049BC6509361 /* App.swift */,
				7B65C904E4A0AAC1820E0B04 /* ContentView.swift */,
				1BFA01AC71D220DB33A48A4C /* ConvexStore.swift */,
				F3AD9C6E4235BE61F90118DB /* Info.plist */,
				042C70965E7517B7DB83BEBC /* Assets.xcassets */,
				C934E3A63158B5E395D53E00 /* LaneShadowSandboxEntry.swift */,
				C1D305F1F06CD33A026AD81A /* LaneShadowStories.swift */,
				58B9F2B1A10000000000010E /* AtomsStories.swift */,
				EF1B5EEE51CDB5681B896E7B /* MarkdownText.swift */,
				E7E531984886FF607143AF5E /* Views */,
				F63BA6A7BEA5A3BD86CC9941 /* EmptyState.swift */,
				BDFFFA32EB9B4C1B381DCAC3 /* LaneShadowSandboxEntry.swift */,
				E27F96568879D04BABEE4D9E /* LaneShadowStories.swift */,
				A25378B0B2949D1291DB8D97 /* Sandbox */,
				3F55432EB1AABB71C5CE3CCA /* Launch */,
				D8ABAFEAF18F36678F1E2E1A /* LSPill.swift */,
				E8850461AB37D3A52AC39911 /* PillSize.swift */,
				9560D9BCF0F8124ED1378569 /* LSPillStories.swift */,
				158DC35D7C4F9FA79F42E0FF /* LaneShadowTests */,
				9385AFBD46E18088E567CF1D /* LSText.swift */,
				5B1754318C1CD43C0F36DFF2 /* TypographyVariant.swift */,
			);
			name = LaneShadow;
			sourceTree = "<group>";
		};
		3358ABF0E9A0A26A2DC29ABF /* Frameworks */ = {
			isa = PBXGroup;
			children = (
				F5998C2A0B559E2ADD097C96 /* iOS */,
			);
			name = Frameworks;
			sourceTree = "<group>";
		};
		3542A855D6F41CDB9767AE3F = {
			isa = PBXGroup;
			children = (
				C8F2429BC9B2805FC918C04A /* Products */,
				UI00GROUP02 /* LaneShadowUITests */,
				3358ABF0E9A0A26A2DC29ABF /* Frameworks */,
				2E6DE740AB1D3CC3AAFDAD66 /* LaneShadow */,
				EDE941005FEE4271A0B6705D /* LaneShadowTests */,
			);
			sourceTree = "<group>";
		};
		3F55432EB1AABB71C5CE3CCA /* Launch */ = {
			isa = PBXGroup;
			children = (
				B8199CF3904E8BB400B1581B /* SandboxLaunchConfig.swift */,
			);
			name = Launch;
			sourceTree = "<group>";
		};
		577E493B06A7D568B7E86BFC /* Atoms */ = {
			isa = PBXGroup;
			children = (
				E3E4B933872BFD447BAC71ED /* IconSymbolIOS.swift */,
			);
			name = Atoms;
			path = Views/Atoms;
			sourceTree = "<group>";
		};
		6217363634E70A222B949755 /* Scripts */ = {
			isa = PBXGroup;
			children = (
			);
			name = Scripts;
			sourceTree = "<group>";
		};
		8E416FA0EFFD4EBE680E6C18 /* Theme */ = {
			isa = PBXGroup;
			children = (
				8C44A1899F54FCE737876D6E /* LaneShadowThemeController.swift */,
				BC59F81D4F3B96E926FA8B81 /* LaneShadowPreviewWrapper.swift */,
			);
			name = Theme;
			sourceTree = "<group>";
		};
		8EA78E8285394E5863BCBCFD /* Entry */ = {
			isa = PBXGroup;
			children = (
				AE6AFB9CF38454E7904211D2 /* LaneShadowSandbox.swift */,
			);
			name = Entry;
			sourceTree = "<group>";
		};
		911C34924100779698DA0B12 /* Generated */ = {
			isa = PBXGroup;
			children = (
				A7781149F2F15D8931F7BD59 /* ConvexConfig.generated.swift */,
			);
			name = Generated;
			sourceTree = "<group>";
		};
		9532E203B711B4469F5112A2 /* Atoms */ = {
			isa = PBXGroup;
			children = (
				00F2D864836475C036BD1BBB /* IconSymbolIOSTests.swift */,
			);
			name = Atoms;
			sourceTree = "<group>";
		};
		A25378B0B2949D1291DB8D97 /* Sandbox */ = {
			isa = PBXGroup;
			children = (
				8EA78E8285394E5863BCBCFD /* Entry */,
				8E416FA0EFFD4EBE680E6C18 /* Theme */,
			);
			name = Sandbox;
			sourceTree = "<group>";
		};
		C8F2429BC9B2805FC918C04A /* Products */ = {
			isa = PBXGroup;
			children = (
				C40B550C00DF5E8EB169537B /* LaneShadow.app */,
				EA2218D2E4024A3E89BBD26A /* LaneShadowTests.xctest */,
				UI00PRODUCT01 /* LaneShadowUITests.xctest */,
			);
			name = Products;
			sourceTree = "<group>";
		};
		E4943BB25E9DFBCC12B26001 /* Components */ = {
			isa = PBXGroup;
			children = (
				F3662683309BCC71F94A1161 /* UI */,
			);
			name = Components;
			sourceTree = "<group>";
		};
		E7E531984886FF607143AF5E /* Views */ = {
			isa = PBXGroup;
			children = (
				577E493B06A7D568B7E86BFC /* Atoms */,
			);
			name = Views;
			path = LaneShadow/Views;
			sourceTree = "<group>";
		};
		EDE941005FEE4271A0B6705D /* LaneShadowTests */ = {
			isa = PBXGroup;
			children = (
				INFOTOASTTESTS19DA81322E4 /* InfoToastTests.swift */,
				F5D1CEB0F9194AA0A1298E94 /* LaneShadowTests.swift */,
				A8DF06DFAC4862640146C5EC /* MarkdownTextTests.swift */,
				E4943BB25E9DFBCC12B26001 /* Components */,
				C8047E61C431A63FA06036FC /* EmptyStateTests.swift */,
			);
			name = LaneShadowTests;
			sourceTree = "<group>";
		};
		F3662683309BCC71F94A1161 /* UI */ = {
			isa = PBXGroup;
			children = (
				9532E203B711B4469F5112A2 /* Atoms */,
			);
			name = UI;
			sourceTree = "<group>";
		};
		F5998C2A0B559E2ADD097C96 /* iOS */ = {
			isa = PBXGroup;
			children = (
				F2D8422CC809A6C6F9E33663 /* Foundation.framework */,
			);
			name = iOS;
			sourceTree = "<group>";
		};
		UI00GROUP01 /* Helpers */ = {
			isa = PBXGroup;
			children = (
				UI00FILEREF02 /* AppLauncher.swift */,
			);
			name = Helpers;
			sourceTree = "<group>";
		};
		UI00GROUP02 /* LaneShadowUITests */ = {
			isa = PBXGroup;
			children = (
				UI00FILEREF01 /* LaneShadowUITests.swift */,
				UI00GROUP01 /* Helpers */,
			);
			name = LaneShadowUITests;
			sourceTree = "<group>";
		};
/* End PBXGroup section */

/* Begin PBXNativeTarget section */
		B7E51DDBAE69A0395EFCA6F1 /* LaneShadow */ = {
			isa = PBXNativeTarget;
			buildConfigurationList = 30A2B288E4EE97369BFACE58 /* Build configuration list for PBXNativeTarget "LaneShadow" */;
			buildPhases = (
				AA43697C52F9B6486321DD72 /* Inject Convex URL */,
				F0B9873112100C749FB6CA98 /* Sources */,
				657C760D587E8F66D83F50E2 /* Frameworks */,
				87F0A984D4563AB71747BF26 /* Resources */,
			);
			buildRules = (
			);
			dependencies = (
			);
			name = LaneShadow;
			packageProductDependencies = (
				603E52C39223C28F74C3296F /* ConvexMobile */,
				AABBCCDD00000000CAFE0002 /* LaneShadowTheme */,
				52008D1AF11776E1CEC82B7F /* NativeSandbox */,
				63B9F0B7A3683734F8F6CA6E /* NativeSandbox */,
			);
			productName = LaneShadow;
			productReference = C40B550C00DF5E8EB169537B /* LaneShadow.app */;
			productType = "com.apple.product-type.application";
		};
		D4D1C503A6F94EC6A21B28A4 /* LaneShadowTests */ = {
			isa = PBXNativeTarget;
			buildConfigurationList = 2C71741237EB43FBBD6E4F65 /* Build configuration list for PBXNativeTarget "LaneShadowTests" */;
			buildPhases = (
				BDA972E04D9E4A00AA617638 /* Sources */,
				B35F1748A3B54B28A60D0372 /* Frameworks */,
				F780BFCEBB8A4EB489C6E8D9 /* Resources */,
			);
			buildRules = (
			);
			dependencies = (
				5B3891D2FE50F582262655B2 /* PBXTargetDependency */,
			);
			name = LaneShadowTests;
			packageProductDependencies = (
				AABBCCDD00000000CAFE0002 /* LaneShadowTheme */,
			);
			productName = LaneShadowTests;
			productReference = EA2218D2E4024A3E89BBD26A /* LaneShadowTests.xctest */;
			productType = "com.apple.product-type.bundle.unit-test";
		};
		UI00TARGET01 /* LaneShadowUITests */ = {
			isa = PBXNativeTarget;
			buildConfigurationList = UI00CFGLIST01 /* Build configuration list for PBXNativeTarget "LaneShadowUITests" */;
			buildPhases = (
				UI00SOURCES01 /* Sources */,
				UI00FRAMEWORKS01 /* Frameworks */,
				UI00RESOURCES01 /* Resources */,
			);
			buildRules = (
			);
			dependencies = (
				UI00TARGDEP01 /* PBXTargetDependency */,
			);
			name = LaneShadowUITests;
			productName = LaneShadowUITests;
			productReference = UI00PRODUCT01 /* LaneShadowUITests.xctest */;
			productType = "com.apple.product-type.bundle.ui-testing";
		};
/* End PBXNativeTarget section */

/* Begin PBXProject section */
		8195E2F6510082D0036AB4FF /* Project object */ = {
			isa = PBXProject;
			attributes = {
				LastSwiftUpdateCheck = 1600;
				LastUpgradeCheck = 1600;
			};
			buildConfigurationList = 5ABD0224987A1C0EAD5400F4 /* Build configuration list for PBXProject "LaneShadow" */;
			compatibilityVersion = "Xcode 3.2";
			developmentRegion = en;
			hasScannedForEncodings = 0;
			knownRegions = (
				en,
				Base,
			);
			mainGroup = 3542A855D6F41CDB9767AE3F;
			minimizedProjectReferenceProxies = 0;
			packageReferences = (
				9F46D45B90BF0C22388E92D9 /* XCRemoteSwiftPackageReference "convex-swift" */,
				AABBCCDD00000000CAFE0001 /* XCLocalSwiftPackageReference "swift" */,
				CFDF619F02AFB83170AAE277 /* XCLocalSwiftPackageReference "ios" */,
				A354FD4B9FC58E567860E604 /* XCLocalSwiftPackageReference "ios" */,
			);
			preferredProjectObjectVersion = 77;
			productRefGroup = C8F2429BC9B2805FC918C04A /* Products */;
			projectDirPath = "";
			projectRoot = "";
			targets = (
				B7E51DDBAE69A0395EFCA6F1 /* LaneShadow */,
				D4D1C503A6F94EC6A21B28A4 /* LaneShadowTests */,
				UI00TARGET01 /* LaneShadowUITests */,
			);
		};
/* End PBXProject section */

/* Begin PBXResourcesBuildPhase section */
		87F0A984D4563AB71747BF26 /* Resources */ = {
			isa = PBXResourcesBuildPhase;
			buildActionMask = 2147483647;
			files = (
				7487EB2311A36A4E3BA14212 /* Assets.xcassets in Resources */,
			);
			runOnlyForDeploymentPostprocessing = 0;
		};
		F780BFCEBB8A4EB489C6E8D9 /* Resources */ = {
			isa = PBXResourcesBuildPhase;
			buildActionMask = 2147483647;
			files = (
			);
			runOnlyForDeploymentPostprocessing = 0;
		};
		UI00RESOURCES01 /* Resources */ = {
			isa = PBXResourcesBuildPhase;
			buildActionMask = 2147483647;
			files = (
			);
			runOnlyForDeploymentPostprocessing = 0;
		};
/* End PBXResourcesBuildPhase section */

/* Begin PBXShellScriptBuildPhase section */
		AA43697C52F9B6486321DD72 /* Inject Convex URL */ = {
			isa = PBXShellScriptBuildPhase;
			buildActionMask = 2147483647;
			files = (
			);
			inputFileListPaths = (
			);
			inputPaths = (
				"$(SRCROOT)/../server/.env.local",
			);
			name = "Inject Convex URL";
			outputFileListPaths = (
			);
			outputPaths = (
				"$(SRCROOT)/LaneShadow/Generated/ConvexConfig.generated.swift",
			);
			runOnlyForDeploymentPostprocessing = 0;
			shellPath = /bin/bash;
			shellScript = "\"${SRCROOT}/LaneShadow/Scripts/inject-convex-url.sh\"";
		};
/* End PBXShellScriptBuildPhase section */

/* Begin PBXSourcesBuildPhase section */
		BDA972E04D9E4A00AA617638 /* Sources */ = {
			isa = PBXSourcesBuildPhase;
			buildActionMask = 2147483647;
			files = (
				2D064A18B4A7465DBCC5D509 /* LaneShadowTests.swift in Sources */,
				INFOTOASTTESTSBUILD19DA81322E4 /* InfoToastTests.swift in Sources */,
				CD7B43287CB6BD30DAAB6CA4 /* MarkdownTextTests.swift in Sources */,
				2F0CC613A052CB8DCD986EBA /* IconSymbolIOSTests.swift in Sources */,
				E3915BDECFC9144AF569EF63 /* EmptyStateTests.swift in Sources */,
				C49FCD1E157EF1081F07B37B /* LSPillTests.swift in Sources */,
			);
			runOnlyForDeploymentPostprocessing = 0;
		};
		F0B9873112100C749FB6CA98 /* Sources */ = {
			isa = PBXSourcesBuildPhase;
			buildActionMask = 2147483647;
			files = (
				4B0AA98B99C3EBAED48BB3C7 /* App.swift in Sources */,
				C071BBB67191B0BB0B63057E /* ContentView.swift in Sources */,
				E7BF3CA6E1D3EB02CB7C6C68 /* ConvexStore.swift in Sources */,
				0D14EDD6EBE39F655775566D /* ConvexConfig.generated.swift in Sources */,
				83DED50F9B7D6E11F1B30091 /* LaneShadowSandboxEntry.swift in Sources */,
				AD8EF4A701C10E1634387601 /* LaneShadowStories.swift in Sources */,
				58B9F2B1A10000000000000E /* AtomsStories.swift in Sources */,
				INFOTOASTBUILD19DA81322E4 /* InfoToast.swift in Sources */,
				44631CF3F12CB71F56F331C2 /* MarkdownText.swift in Sources */,
				74A822E1E4CFFA3A23517B97 /* IconSymbolIOS.swift in Sources */,
				A8543C0D2093BB6CD7F6D35B /* EmptyState.swift in Sources */,
				3AC2C0C037E7DDA4FBEFFBAF /* LaneShadowSandboxEntry.swift in Sources */,
				D83F2BB3F8ADA3C020AE323A /* LaneShadowStories.swift in Sources */,
				54157ED8FA1ED00209A77CC1 /* LaneShadowSandbox.swift in Sources */,
				1B0035CF423B7AA2D4012394 /* LaneShadowThemeController.swift in Sources */,
				68D4936938C405217CC7ADB3 /* LaneShadowPreviewWrapper.swift in Sources */,
				EC3256F36680A0F854EF8761 /* SandboxLaunchConfig.swift in Sources */,
				15192870EA806F25FACEDBDC /* LSPill.swift in Sources */,
				A6D1E465912B3E9A491E84A2 /* PillSize.swift in Sources */,
				F27A5E24040D7CAC685D1C6E /* LSPillStories.swift in Sources */,
				60DC177CB434353AFA5DBB29 /* LSText.swift in Sources */,
				53A061F1B8B6DE7E82CA3363 /* TypographyVariant.swift in Sources */,
			);
			runOnlyForDeploymentPostprocessing = 0;
		};
		UI00SOURCES01 /* Sources */ = {
			isa = PBXSourcesBuildPhase;
			buildActionMask = 2147483647;
			files = (
				UI00BUILDFILE01 /* LaneShadowUITests.swift in Sources */,
				UI00BUILDFILE02 /* AppLauncher.swift in Sources */,
			);
			runOnlyForDeploymentPostprocessing = 0;
		};
/* End PBXSourcesBuildPhase section */

/* Begin PBXTargetDependency section */
		5B3891D2FE50F582262655B2 /* PBXTargetDependency */ = {
			isa = PBXTargetDependency;
			name = LaneShadow;
			target = B7E51DDBAE69A0395EFCA6F1 /* LaneShadow */;
			targetProxy = 756AB40C25F70D41A0A91407 /* PBXContainerItemProxy */;
		};
		UI00TARGDEP01 /* PBXTargetDependency */ = {
			isa = PBXTargetDependency;
			target = B7E51DDBAE69A0395EFCA6F1 /* LaneShadow */;
			targetProxy = UI00PROXY01 /* PBXContainerItemProxy */;
		};
/* End PBXTargetDependency section */

/* Begin XCBuildConfiguration section */
		726610CA216E57A1143F06A4 /* Release */ = {
			isa = XCBuildConfiguration;
			buildSettings = {
				ALWAYS_SEARCH_USER_PATHS = NO;
				CLANG_ANALYZER_NONNULL = YES;
				CLANG_ANALYZER_NUMBER_OBJECT_CONVERSION = YES_AGGRESSIVE;
				CLANG_CXX_LANGUAGE_STANDARD = "gnu++14";
				CLANG_CXX_LIBRARY = "libc++";
				CLANG_ENABLE_MODULES = YES;
				CLANG_ENABLE_OBJC_ARC = YES;
				CLANG_ENABLE_OBJC_WEAK = YES;
				CLANG_WARN_BLOCK_CAPTURE_AUTORELEASING = YES;
				CLANG_WARN_BOOL_CONVERSION = YES;
				CLANG_WARN_COMMA = YES;
				CLANG_WARN_CONSTANT_CONVERSION = YES;
				CLANG_WARN_DEPRECATED_OBJC_IMPLEMENTATIONS = YES;
				CLANG_WARN_DIRECT_OBJC_ISA_USAGE = YES_ERROR;
				CLANG_WARN_DOCUMENTATION_COMMENTS = YES;
				CLANG_WARN_EMPTY_BODY = YES;
				CLANG_WARN_ENUM_CONVERSION = YES;
				CLANG_WARN_INFINITE_RECURSION = YES;
				CLANG_WARN_INT_CONVERSION = YES;
				CLANG_WARN_NON_LITERAL_NULL_CONVERSION = YES;
				CLANG_WARN_OBJC_IMPLICIT_RETAIN_SELF = YES;
				CLANG_WARN_OBJC_LITERAL_CONVERSION = YES;
				CLANG_WARN_OBJC_ROOT_CLASS = YES_ERROR;
				CLANG_WARN_QUOTED_INCLUDE_IN_FRAMEWORK_HEADER = YES;
				CLANG_WARN_RANGE_LOOP_ANALYSIS = YES;
				CLANG_WARN_STRICT_PROTOTYPES = YES;
				CLANG_WARN_SUSPICIOUS_MOVE = YES;
				CLANG_WARN_UNGUARDED_AVAILABILITY = YES_AGGRESSIVE;
				CLANG_WARN_UNREACHABLE_CODE = YES;
				CLANG_WARN__DUPLICATE_METHOD_MATCH = YES;
				COPY_PHASE_STRIP = NO;
				DEBUG_INFORMATION_FORMAT = "dwarf-with-dsym";
				ENABLE_NS_ASSERTIONS = NO;
				ENABLE_STRICT_OBJC_MSGSEND = YES;
				GCC_C_LANGUAGE_STANDARD = gnu11;
				GCC_NO_COMMON_BLOCKS = YES;
				GCC_WARN_64_TO_32_BIT_CONVERSION = YES;
				GCC_WARN_ABOUT_RETURN_TYPE = YES_ERROR;
				GCC_WARN_UNDECLARED_SELECTOR = YES;
				GCC_WARN_UNINITIALIZED_AUTOS = YES_AGGRESSIVE;
				GCC_WARN_UNUSED_FUNCTION = YES;
				GCC_WARN_UNUSED_VARIABLE = YES;
				MTL_ENABLE_DEBUG_INFO = NO;
				MTL_FAST_MATH = YES;
				PRODUCT_NAME = "$(TARGET_NAME)";
				SWIFT_COMPILATION_MODE = wholemodule;
				SWIFT_OPTIMIZATION_LEVEL = "-O";
				SWIFT_VERSION = 5.0;
			};
			name = Release;
		};
		B42401B6E2A8406237CC5F68 /* Release */ = {
			isa = XCBuildConfiguration;
			buildSettings = {
				ASSETCATALOG_COMPILER_APPICON_NAME = AppIcon;
				ASSETCATALOG_COMPILER_GLOBAL_ACCENT_COLOR_NAME = AccentColor;
				CLANG_ENABLE_OBJC_WEAK = NO;
				CODE_SIGN_STYLE = Automatic;
				CURRENT_PROJECT_VERSION = 1;
				DEVELOPMENT_TEAM = "";
				GENERATE_INFOPLIST_FILE = NO;
				INFOPLIST_FILE = LaneShadow/Info.plist;
				IPHONEOS_DEPLOYMENT_TARGET = 17.0;
				LD_RUNPATH_SEARCH_PATHS = "$(inherited) @executable_path/Frameworks";
				MARKETING_VERSION = 1.0;
				PRODUCT_BUNDLE_IDENTIFIER = com.laneshadow.app;
				SDKROOT = iphoneos;
				SWIFT_STRICT_CONCURRENCY = complete;
				SWIFT_VERSION = 6.0;
				TARGETED_DEVICE_FAMILY = 1;
				VALIDATE_PRODUCT = YES;
			};
			name = Release;
		};
		BD950CD12FCB4D11B73A43BE /* Debug */ = {
			isa = XCBuildConfiguration;
			buildSettings = {
				BUNDLE_LOADER = "$(TEST_HOST)";
				CODE_SIGN_STYLE = Automatic;
				CURRENT_PROJECT_VERSION = 1;
				GENERATE_INFOPLIST_FILE = YES;
				IPHONEOS_DEPLOYMENT_TARGET = 17.0;
				MARKETING_VERSION = 1.0;
				PRODUCT_BUNDLE_IDENTIFIER = com.laneshadow.app.tests;
				PRODUCT_NAME = "$(TARGET_NAME)";
				SDKROOT = iphoneos;
				SWIFT_STRICT_CONCURRENCY = complete;
				SWIFT_VERSION = 6.0;
				TARGETED_DEVICE_FAMILY = 1;
				TEST_HOST = "$(BUILT_PRODUCTS_DIR)/LaneShadow.app/LaneShadow";
			};
			name = Debug;
		};
		D1222F6D9F79F335B266ECCA /* Debug */ = {
			isa = XCBuildConfiguration;
			buildSettings = {
				ASSETCATALOG_COMPILER_APPICON_NAME = AppIcon;
				ASSETCATALOG_COMPILER_GLOBAL_ACCENT_COLOR_NAME = AccentColor;
				CLANG_ENABLE_OBJC_WEAK = NO;
				CODE_SIGN_STYLE = Automatic;
				CURRENT_PROJECT_VERSION = 1;
				DEVELOPMENT_TEAM = "";
				GENERATE_INFOPLIST_FILE = NO;
				INFOPLIST_FILE = LaneShadow/Info.plist;
				IPHONEOS_DEPLOYMENT_TARGET = 17.0;
				LD_RUNPATH_SEARCH_PATHS = "$(inherited) @executable_path/Frameworks";
				MARKETING_VERSION = 1.0;
				PRODUCT_BUNDLE_IDENTIFIER = com.laneshadow.app;
				SDKROOT = iphoneos;
				SWIFT_STRICT_CONCURRENCY = complete;
				SWIFT_VERSION = 6.0;
				TARGETED_DEVICE_FAMILY = 1;
			};
			name = Debug;
		};
		D6A7BE3AC444853DFD9FAA61 /* Debug */ = {
			isa = XCBuildConfiguration;
			buildSettings = {
				ALWAYS_SEARCH_USER_PATHS = NO;
				CLANG_ANALYZER_NONNULL = YES;
				CLANG_ANALYZER_NUMBER_OBJECT_CONVERSION = YES_AGGRESSIVE;
				CLANG_CXX_LANGUAGE_STANDARD = "gnu++14";
				CLANG_CXX_LIBRARY = "libc++";
				CLANG_ENABLE_MODULES = YES;
				CLANG_ENABLE_OBJC_ARC = YES;
				CLANG_ENABLE_OBJC_WEAK = YES;
				CLANG_WARN_BLOCK_CAPTURE_AUTORELEASING = YES;
				CLANG_WARN_BOOL_CONVERSION = YES;
				CLANG_WARN_COMMA = YES;
				CLANG_WARN_CONSTANT_CONVERSION = YES;
				CLANG_WARN_DEPRECATED_OBJC_IMPLEMENTATIONS = YES;
				CLANG_WARN_DIRECT_OBJC_ISA_USAGE = YES_ERROR;
				CLANG_WARN_DOCUMENTATION_COMMENTS = YES;
				CLANG_WARN_EMPTY_BODY = YES;
				CLANG_WARN_ENUM_CONVERSION = YES;
				CLANG_WARN_INFINITE_RECURSION = YES;
				CLANG_WARN_INT_CONVERSION = YES;
				CLANG_WARN_NON_LITERAL_NULL_CONVERSION = YES;
				CLANG_WARN_OBJC_IMPLICIT_RETAIN_SELF = YES;
				CLANG_WARN_OBJC_LITERAL_CONVERSION = YES;
				CLANG_WARN_OBJC_ROOT_CLASS = YES_ERROR;
				CLANG_WARN_QUOTED_INCLUDE_IN_FRAMEWORK_HEADER = YES;
				CLANG_WARN_RANGE_LOOP_ANALYSIS = YES;
				CLANG_WARN_STRICT_PROTOTYPES = YES;
				CLANG_WARN_SUSPICIOUS_MOVE = YES;
				CLANG_WARN_UNGUARDED_AVAILABILITY = YES_AGGRESSIVE;
				CLANG_WARN_UNREACHABLE_CODE = YES;
				CLANG_WARN__DUPLICATE_METHOD_MATCH = YES;
				COPY_PHASE_STRIP = NO;
				DEBUG_INFORMATION_FORMAT = dwarf;
				ENABLE_STRICT_OBJC_MSGSEND = YES;
				ENABLE_TESTABILITY = YES;
				GCC_C_LANGUAGE_STANDARD = gnu11;
				GCC_DYNAMIC_NO_PIC = NO;
				GCC_NO_COMMON_BLOCKS = YES;
				GCC_OPTIMIZATION_LEVEL = 0;
				GCC_PREPROCESSOR_DEFINITIONS = (
					"DEBUG=1",
					"$(inherited)",
				);
				GCC_WARN_64_TO_32_BIT_CONVERSION = YES;
				GCC_WARN_ABOUT_RETURN_TYPE = YES_ERROR;
				GCC_WARN_UNDECLARED_SELECTOR = YES;
				GCC_WARN_UNINITIALIZED_AUTOS = YES_AGGRESSIVE;
				GCC_WARN_UNUSED_FUNCTION = YES;
				GCC_WARN_UNUSED_VARIABLE = YES;
				MTL_ENABLE_DEBUG_INFO = INCLUDE_SOURCE;
				MTL_FAST_MATH = YES;
				ONLY_ACTIVE_ARCH = YES;
				PRODUCT_NAME = "$(TARGET_NAME)";
				SWIFT_ACTIVE_COMPILATION_CONDITIONS = DEBUG;
				SWIFT_OPTIMIZATION_LEVEL = "-Onone";
				SWIFT_VERSION = 5.0;
			};
			name = Debug;
		};
		EAA42636881C41B989D6AF27 /* Release */ = {
			isa = XCBuildConfiguration;
			buildSettings = {
				BUNDLE_LOADER = "$(TEST_HOST)";
				CODE_SIGN_STYLE = Automatic;
				CURRENT_PROJECT_VERSION = 1;
				GENERATE_INFOPLIST_FILE = YES;
				IPHONEOS_DEPLOYMENT_TARGET = 17.0;
				MARKETING_VERSION = 1.0;
				PRODUCT_BUNDLE_IDENTIFIER = com.laneshadow.app.tests;
				PRODUCT_NAME = "$(TARGET_NAME)";
				SDKROOT = iphoneos;
				SWIFT_STRICT_CONCURRENCY = complete;
				SWIFT_VERSION = 6.0;
				TARGETED_DEVICE_FAMILY = 1;
				TEST_HOST = "$(BUILT_PRODUCTS_DIR)/LaneShadow.app/LaneShadow";
			};
			name = Release;
		};
		UI00CFGDEBUG01 /* Debug */ = {
			isa = XCBuildConfiguration;
			buildSettings = {
				CODE_SIGN_STYLE = Automatic;
				CURRENT_PROJECT_VERSION = 1;
				GENERATE_INFOPLIST_FILE = YES;
				IPHONEOS_DEPLOYMENT_TARGET = 17.0;
				MARKETING_VERSION = 1.0;
				PRODUCT_BUNDLE_IDENTIFIER = "com.laneshadow.app.ui-tests";
				PRODUCT_NAME = "$(TARGET_NAME)";
				SDKROOT = iphoneos;
				SWIFT_VERSION = 6.0;
				TARGETED_DEVICE_FAMILY = 1;
				TEST_TARGET_NAME = LaneShadow;
			};
			name = Debug;
		};
		UI00CFGREL01 /* Release */ = {
			isa = XCBuildConfiguration;
			buildSettings = {
				CODE_SIGN_STYLE = Automatic;
				CURRENT_PROJECT_VERSION = 1;
				GENERATE_INFOPLIST_FILE = YES;
				IPHONEOS_DEPLOYMENT_TARGET = 17.0;
				MARKETING_VERSION = 1.0;
				PRODUCT_BUNDLE_IDENTIFIER = "com.laneshadow.app.ui-tests";
				PRODUCT_NAME = "$(TARGET_NAME)";
				SDKROOT = iphoneos;
				SWIFT_VERSION = 6.0;
				TARGETED_DEVICE_FAMILY = 1;
				TEST_TARGET_NAME = LaneShadow;
				VALIDATE_PRODUCT = YES;
			};
			name = Release;
		};
/* End XCBuildConfiguration section */

/* Begin XCConfigurationList section */
		2C71741237EB43FBBD6E4F65 /* Build configuration list for PBXNativeTarget "LaneShadowTests" */ = {
			isa = XCConfigurationList;
			buildConfigurations = (
				BD950CD12FCB4D11B73A43BE /* Debug */,
				EAA42636881C41B989D6AF27 /* Release */,
			);
			defaultConfigurationIsVisible = 0;
			defaultConfigurationName = Release;
		};
		30A2B288E4EE97369BFACE58 /* Build configuration list for PBXNativeTarget "LaneShadow" */ = {
			isa = XCConfigurationList;
			buildConfigurations = (
				B42401B6E2A8406237CC5F68 /* Release */,
				D1222F6D9F79F335B266ECCA /* Debug */,
			);
			defaultConfigurationIsVisible = 0;
			defaultConfigurationName = Release;
		};
		5ABD0224987A1C0EAD5400F4 /* Build configuration list for PBXProject "LaneShadow" */ = {
			isa = XCConfigurationList;
			buildConfigurations = (
				D6A7BE3AC444853DFD9FAA61 /* Debug */,
				726610CA216E57A1143F06A4 /* Release */,
			);
			defaultConfigurationIsVisible = 0;
			defaultConfigurationName = Release;
		};
		UI00CFGLIST01 /* Build configuration list for PBXNativeTarget "LaneShadowUITests" */ = {
			isa = XCConfigurationList;
			buildConfigurations = (
				UI00CFGDEBUG01 /* Debug */,
				UI00CFGREL01 /* Release */,
			);
			defaultConfigurationIsVisible = 0;
			defaultConfigurationName = Release;
		};
/* End XCConfigurationList section */

/* Begin XCLocalSwiftPackageReference section */
		A354FD4B9FC58E567860E604 /* XCLocalSwiftPackageReference "ios" */ = {
			isa = XCLocalSwiftPackageReference;
			relativePath = ../../ios;
		};
		AABBCCDD00000000CAFE0001 /* XCLocalSwiftPackageReference "swift" */ = {
			isa = XCLocalSwiftPackageReference;
			relativePath = ../tokens/platforms/swift;
		};
		CFDF619F02AFB83170AAE277 /* XCLocalSwiftPackageReference "ios" */ = {
			isa = XCLocalSwiftPackageReference;
			relativePath = "../../native-sandbox/ios";
		};
/* End XCLocalSwiftPackageReference section */

/* Begin XCRemoteSwiftPackageReference section */
		9F46D45B90BF0C22388E92D9 /* XCRemoteSwiftPackageReference "convex-swift" */ = {
			isa = XCRemoteSwiftPackageReference;
			repositoryURL = "https://github.com/get-convex/convex-swift";
			requirement = {
				kind = upToNextMajorVersion;
				minimumVersion = 0.7.0;
			};
		};
/* End XCRemoteSwiftPackageReference section */

/* Begin XCSwiftPackageProductDependency section */
		52008D1AF11776E1CEC82B7F /* NativeSandbox */ = {
			isa = XCSwiftPackageProductDependency;
			package = CFDF619F02AFB83170AAE277 /* XCLocalSwiftPackageReference "ios" */;
			productName = NativeSandbox;
		};
		603E52C39223C28F74C3296F /* ConvexMobile */ = {
			isa = XCSwiftPackageProductDependency;
			package = 9F46D45B90BF0C22388E92D9 /* XCRemoteSwiftPackageReference "convex-swift" */;
			productName = ConvexMobile;
		};
		63B9F0B7A3683734F8F6CA6E /* NativeSandbox */ = {
			isa = XCSwiftPackageProductDependency;
			package = A354FD4B9FC58E567860E604 /* XCLocalSwiftPackageReference "ios" */;
			productName = NativeSandbox;
		};
		AABBCCDD00000000CAFE0002 /* LaneShadowTheme */ = {
			isa = XCSwiftPackageProductDependency;
			package = AABBCCDD00000000CAFE0001 /* XCLocalSwiftPackageReference "swift" */;
			productName = LaneShadowTheme;
		};
/* End XCSwiftPackageProductDependency section */
	};
	rootObject = 8195E2F6510082D0036AB4FF /* Project object */;
}
