// !$*UTF8*$!
{
	archiveVersion = 1;
	classes = {
	};
	objectVersion = 77;
	objects = {

/* Begin PBXBuildFile section */
		0088B7B8DE44EAB0E681D685 /* ModifierStories.swift in Sources */ = {isa = PBXBuildFile; fileRef = 4F130DF4421118EE59843068 /* ModifierStories.swift */; };
		039BB0BB9C8E0D11F1DAB4EF /* LSContextCapsuleTests.swift in Sources */ = {isa = PBXBuildFile; fileRef = 8FD1EBB47E72009E6BF67513 /* LSContextCapsuleTests.swift */; };
		06E6D012390862D9ABF3488C /* LaneShadowTests.swift in Sources */ = {isa = PBXBuildFile; fileRef = 5C592B52392DEEACF2D91C3B /* LaneShadowTests.swift */; };
		078589B1255FE42AA7459089 /* Assets.xcassets in Resources */ = {isa = PBXBuildFile; fileRef = 0A5A63FC5750EC47FC36E0DC /* Assets.xcassets */; };
		0A215149AE7AF5FBBCB5409E /* ConvexStore.swift in Sources */ = {isa = PBXBuildFile; fileRef = F57D4881CFC9C4FA4D11B5BC /* ConvexStore.swift */; };
		0B45673D740CC18D7C34929C /* LSButtonStories.swift in Sources */ = {isa = PBXBuildFile; fileRef = 05416F03B3657341F705522A /* LSButtonStories.swift */; };
		1952669D73F48496CFB75791 /* LaneShadowTheme in Frameworks */ = {isa = PBXBuildFile; productRef = A82A70CA01368BECA5189F19 /* LaneShadowTheme */; };
		19B2E80084FD9A981F497DB5 /* ViewInspector in Frameworks */ = {isa = PBXBuildFile; productRef = 97E29B716CED481799DD0795 /* ViewInspector */; };
		1BAC7EA2369264B7A19C9D08 /* LSDisplayStories.swift in Sources */ = {isa = PBXBuildFile; fileRef = 534D26C275878552CD82E5FE /* LSDisplayStories.swift */; };
		1EF50AB42CA36C6BAE6B79F2 /* LSPhaseDotStories.swift in Sources */ = {isa = PBXBuildFile; fileRef = 9F8ABC117BB7538D9D09E1F6 /* LSPhaseDotStories.swift */; };
		213C1C92CF279A28791AFB32 /* LSContextCapsule+ResolvedValues.swift in Sources */ = {isa = PBXBuildFile; fileRef = 42AE51CDC3FDCE1AFBB8EA63 /* LSContextCapsule+ResolvedValues.swift */; };
		21D966799A18DF7B8AF9A057 /* RouteResultsDetailsVariantTests.swift in Sources */ = {isa = PBXBuildFile; fileRef = 4283E0B2FE9FD9CE99770202 /* RouteResultsDetailsVariantTests.swift */; };
		24E92B6C2FD5880E27973B68 /* ChatTranscript.swift in Sources */ = {isa = PBXBuildFile; fileRef = 9585186566089A7EAF681DDB /* ChatTranscript.swift */; };
		260AE5B2889B2C4DCE1F1C38 /* LSEmptyStateTests.swift in Sources */ = {isa = PBXBuildFile; fileRef = 68571E06FBCE8232271D1DB2 /* LSEmptyStateTests.swift */; };
		293E7CA38C0EA35CD1365886 /* LSTagPill.swift in Sources */ = {isa = PBXBuildFile; fileRef = C7D7D85AC834967019608CDE /* LSTagPill.swift */; };
		295E91B36BDF57D6B421C1B3 /* LSConfirmDialog.swift in Sources */ = {isa = PBXBuildFile; fileRef = 2AD9FE3FF6AC9085BE220085 /* LSConfirmDialog.swift */; };
		2A685A9BE84EC13D3483B8C8 /* TemplateStories.swift in Sources */ = {isa = PBXBuildFile; fileRef = 3FCE935E865EBECBA195F949 /* TemplateStories.swift */; };
		323F22288BE45E90ACCC8B5C /* InfrastructureControlsStories.swift in Sources */ = {isa = PBXBuildFile; fileRef = F70ECDFAA1C996A2AF6FEA1C /* InfrastructureControlsStories.swift */; };
		329EEE4B089D016554E2F75B /* LSToastTests.swift in Sources */ = {isa = PBXBuildFile; fileRef = 7996DA2EBA1763B4956D788D /* LSToastTests.swift */; };
		3607457D8D985DC783EDA889 /* SnapshotTesting in Frameworks */ = {isa = PBXBuildFile; productRef = E4B9E7FB06EF17E9BD9B418A /* SnapshotTesting */; };
		3D2143A67410FB5D8D2F3B45 /* LSInputStories.swift in Sources */ = {isa = PBXBuildFile; fileRef = EE8CB573821E0981D725E364 /* LSInputStories.swift */; };
		40979501CCACCFB156F25EB5 /* LaneShadowSandboxEntry.swift in Sources */ = {isa = PBXBuildFile; fileRef = F7C289172CD246D71CC0E6BB /* LaneShadowSandboxEntry.swift */; };
		44FFCF87B274ADFC9BB86AC6 /* LSContextCapsule.swift in Sources */ = {isa = PBXBuildFile; fileRef = D626BCB1C43EEDBE2F380761 /* LSContextCapsule.swift */; };
		47CC25D1D29279914E05235A /* LSBottomSheetTests.swift in Sources */ = {isa = PBXBuildFile; fileRef = BD7360EC93AFB89C2E49D267 /* LSBottomSheetTests.swift */; };
		4BFD443A4E64B7C1A81AF04E /* LSFormFieldTests.swift in Sources */ = {isa = PBXBuildFile; fileRef = DA1BDF769396CF5EB37B55B9 /* LSFormFieldTests.swift */; };
		4C05ABB5C49D2E72EFB85198 /* LSFilterChip.swift in Sources */ = {isa = PBXBuildFile; fileRef = A1130AFDFD500511DD417BC8 /* LSFilterChip.swift */; };
		4CDBE631CAAFA6685708C14B /* ConvexMobile in Frameworks */ = {isa = PBXBuildFile; productRef = CE666EC279651E6E31EE5FBE /* ConvexMobile */; };
		5029E341AA188CA5E844D5EC /* LSToast.swift in Sources */ = {isa = PBXBuildFile; fileRef = 02BC467210742F6F3E603FFA /* LSToast.swift */; };
		5E2C1E120480203DDF3939E8 /* LSToolbarTests.swift in Sources */ = {isa = PBXBuildFile; fileRef = E444532E22B318AA5B8E61E2 /* LSToolbarTests.swift */; };
		616DD39EE36B30266B875E68 /* PlaceholderInfrastructureStories.swift in Sources */ = {isa = PBXBuildFile; fileRef = C4AF39CEF8D705CF349C8B30 /* PlaceholderInfrastructureStories.swift */; };
		65B25E1FD1EB3DA2BCF92572 /* LSLocationContextBar.swift in Sources */ = {isa = PBXBuildFile; fileRef = EB7BCD31481DCBA4084C48DD /* LSLocationContextBar.swift */; };
		67E4FE6F8B713FEF68326B97 /* LSTabItemTests.swift in Sources */ = {isa = PBXBuildFile; fileRef = D1261D8D753487C4CE27B783 /* LSTabItemTests.swift */; };
		6BB3BD5F5C744CD42F5DF5C6 /* LSChatInputTests.swift in Sources */ = {isa = PBXBuildFile; fileRef = 3123362FBC613B11809CE348 /* LSChatInputTests.swift */; };
		6D0C6A870476786F7228EA13 /* LSPhaseIndicator.swift in Sources */ = {isa = PBXBuildFile; fileRef = C7D0D2BB3D9A32CB9A700EFC /* LSPhaseIndicator.swift */; };
		7428AF73F12DDBD3824E9BDE /* LSBadgeStories.swift in Sources */ = {isa = PBXBuildFile; fileRef = A4C14284F7C5546B178E7CA7 /* LSBadgeStories.swift */; };
		762FB79AB5AE6050179BB785 /* LSScrimStories.swift in Sources */ = {isa = PBXBuildFile; fileRef = 8F281656D06513E78E57D10D /* LSScrimStories.swift */; };
		796603EE7DD1C76F8E2D5C00 /* LSSurfaceStories.swift in Sources */ = {isa = PBXBuildFile; fileRef = 76A48CAA6BB2E860CDDF3E18 /* LSSurfaceStories.swift */; };
		7D4F7230A93BF39451BC7BB6 /* LSModalTests.swift in Sources */ = {isa = PBXBuildFile; fileRef = 690C1B6B480FD345A05807B0 /* LSModalTests.swift */; };
		7E8799D5CE1C5FFCE3D09066 /* App.swift in Sources */ = {isa = PBXBuildFile; fileRef = 324B26FB2DE3F759B489CB7B /* App.swift */; };
		7F07F9ABF0C419E0E2BA5CEA /* LSWeatherBadge.swift in Sources */ = {isa = PBXBuildFile; fileRef = 478C8C03ABF1E0F4AFEF0836 /* LSWeatherBadge.swift */; };
		82FD28D5E7C9200101E7F065 /* MapSketchAnimationLayerTests.swift in Sources */ = {isa = PBXBuildFile; fileRef = 6D15C602D5939A481788881D /* MapSketchAnimationLayerTests.swift */; };
		8454A1BC9D540D4875749ED1 /* RootView.swift in Sources */ = {isa = PBXBuildFile; fileRef = 93E2A5636744C52173464018 /* RootView.swift */; };
		8DD1E5F229561147AA644B21 /* LSFormField.swift in Sources */ = {isa = PBXBuildFile; fileRef = 6E0D7B9F463A28F5B5936751 /* LSFormField.swift */; };
		91C89DFA7917A4D7A0446E88 /* LSPillStories.swift in Sources */ = {isa = PBXBuildFile; fileRef = 220BC64128EB0A24188F4C65 /* LSPillStories.swift */; };
		925CA576235653EA9D6CE109 /* NativeSandbox in Frameworks */ = {isa = PBXBuildFile; productRef = 9DD5E01C1B4FE6A3686813CA /* NativeSandbox */; };
		938A965D4FEDD3713546A274 /* LSTabItem.swift in Sources */ = {isa = PBXBuildFile; fileRef = 1C18F36042134628BD1BF30B /* LSTabItem.swift */; };
		94E60FEB07AEEC72B08535A1 /* LSInstrumentReadout.swift in Sources */ = {isa = PBXBuildFile; fileRef = 1E4B5E214B40EA6C2A95441B /* LSInstrumentReadout.swift */; };
		95572DAE37FCF32B9BDE4BC4 /* LSMapStories.swift in Sources */ = {isa = PBXBuildFile; fileRef = A770CE2595F52C1DC3532F8A /* LSMapStories.swift */; };
		95DD81C1CEF88FF460DA7A6E /* InfoToastTests.swift in Sources */ = {isa = PBXBuildFile; fileRef = 20AC933B1DF7AFFC89BD22E0 /* InfoToastTests.swift */; };
		96D64305E0336CAB29EDE308 /* LSChatInput.swift in Sources */ = {isa = PBXBuildFile; fileRef = 19695B8A9932BA0DADCBEADF /* LSChatInput.swift */; };
		A09AB47FC330215325A9F4F1 /* Foundation.framework in Frameworks */ = {isa = PBXBuildFile; fileRef = A9EDF4218751AC8200085830 /* Foundation.framework */; };
		A35AB3F139C3CDEBBED3C838 /* MotionTests.swift in Sources */ = {isa = PBXBuildFile; fileRef = 22CF47A809462A646D139202 /* MotionTests.swift */; };
		A43E874CF8FDDF5E7B4BD8CA /* Clerk in Frameworks */ = {isa = PBXBuildFile; productRef = ED1675F2464975FEDC2C2346 /* Clerk */; };
		AE6571DD4B221043A9A278D0 /* MapSketchAnimationLayerTests.swift in Sources */ = {isa = PBXBuildFile; fileRef = C99C826183A69DC91A40EA00 /* MapSketchAnimationLayerTests.swift */; };
		B4F9EB30336D5595D5388973 /* LSNavHeader.swift in Sources */ = {isa = PBXBuildFile; fileRef = 4F137157E747643E3C5CB9F7 /* LSNavHeader.swift */; };
		B55D247513D3B4742E36D92B /* AtomsStories.swift in Sources */ = {isa = PBXBuildFile; fileRef = 3E1A53BCC888DAEA7153F458 /* AtomsStories.swift */; };
		B5FF9B8BF6CCCBF0478B2A77 /* LaneShadowStories.swift in Sources */ = {isa = PBXBuildFile; fileRef = 85A9AD606174CC52A565ACA2 /* LaneShadowStories.swift */; };
		B6A59F8B49C2AD8ECBFB7A18 /* LSRouteAttachmentCard.swift in Sources */ = {isa = PBXBuildFile; fileRef = 70071A35653D217D4EB4A4B8 /* LSRouteAttachmentCard.swift */; };
		BE5B3CA2636D5E37C57D3868 /* LSScenicDotStrip.swift in Sources */ = {isa = PBXBuildFile; fileRef = B0E16C5B6F4121EB1CA3D72D /* LSScenicDotStrip.swift */; };
		C20B40ADB8746BAD7B7A3FF1 /* LaneShadowTheme in Frameworks */ = {isa = PBXBuildFile; productRef = 5B658B1BAB40A50AE36EE201 /* LaneShadowTheme */; };
		C431BDCE02738DEAD857663D /* LSToolbar.swift in Sources */ = {isa = PBXBuildFile; fileRef = CFFB033EDA463052A650A51D /* LSToolbar.swift */; };
		C815D55CC39819958EAC1ED1 /* LSWeatherTimeline.swift in Sources */ = {isa = PBXBuildFile; fileRef = F0EE8B6BD461E65A5DD1F948 /* LSWeatherTimeline.swift */; };
		C9108535DE88E44D62CC2AE6 /* MarkdownTextTests.swift in Sources */ = {isa = PBXBuildFile; fileRef = D5107D4267204A230D572AB9 /* MarkdownTextTests.swift */; };
		CB54A220F967529F6BE52E80 /* LSContentCard.swift in Sources */ = {isa = PBXBuildFile; fileRef = 890F8AE171354CCC932518BC /* LSContentCard.swift */; };
		D3FCBC758470A7571618AF4A /* LSTextStories.swift in Sources */ = {isa = PBXBuildFile; fileRef = 0E259B982ADB47ABE53D132D /* LSTextStories.swift */; };
		DB7CE61E13E9E0BCC6BF9B2D /* SessionsErrorVariantTests.swift in Sources */ = {isa = PBXBuildFile; fileRef = 2A8A1A8718DD88DF992F0D2D /* SessionsErrorVariantTests.swift */; };
		E2B1C40DCB7D1C33CC729331 /* MarkdownText.swift in Sources */ = {isa = PBXBuildFile; fileRef = 6089A65C4DD27D71FDFC6B91 /* MarkdownText.swift */; };
		E38D09C5CE8E05B40EC425E5 /* LSIconStories.swift in Sources */ = {isa = PBXBuildFile; fileRef = 612E0B9004A2B36BFE5778E1 /* LSIconStories.swift */; };
		E598577D82A3CB9A09831FB6 /* LSTokenStories.swift in Sources */ = {isa = PBXBuildFile; fileRef = ECE0D6D9002157D332688E90 /* LSTokenStories.swift */; };
		E59A273AD62956C2EFAC59C9 /* LSEmptyState.swift in Sources */ = {isa = PBXBuildFile; fileRef = 4A2AE4E90D3718200E3AB248 /* LSEmptyState.swift */; };
		E868E14CF971E572F61A614E /* MoleculesStories.swift in Sources */ = {isa = PBXBuildFile; fileRef = E0747C3C833D0EA3BAF7F3D2 /* MoleculesStories.swift */; };
		EA035D37C13A73B7C213068C /* LSBottomSheet.swift in Sources */ = {isa = PBXBuildFile; fileRef = 4783B461B5B9EC6A5AA6F1DF /* LSBottomSheet.swift */; };
		EB7EC54CA53EB7DEE5E84F0E /* LSFavoritePinDot.swift in Sources */ = {isa = PBXBuildFile; fileRef = A8FC588254B2DE58F4742ED7 /* LSFavoritePinDot.swift */; };
		ED9DF59A25970507B80D1720 /* MapboxMaps in Frameworks */ = {isa = PBXBuildFile; productRef = DA5E21A6F8345673A1101414 /* MapboxMaps */; };
		EE8BD0D9BE845A817F4B5599 /* LSListRow.swift in Sources */ = {isa = PBXBuildFile; fileRef = 9B7B16DBC24DD75C64F8C744 /* LSListRow.swift */; };
		F93C7EA30338ABCA88DEE925 /* InfrastructureStories.swift in Sources */ = {isa = PBXBuildFile; fileRef = BC2DAF3B551095E08EBE0C10 /* InfrastructureStories.swift */; };
		F994D017357EA5F2EAA9D72F /* LSModal.swift in Sources */ = {isa = PBXBuildFile; fileRef = 94AB21A076699921AC328EE9 /* LSModal.swift */; };
		F9E41F8A8E5435B9BCD67D40 /* InfoToast.swift in Sources */ = {isa = PBXBuildFile; fileRef = 9B5F858C066D550CE73CE6FD /* InfoToast.swift */; };
		FCAE00CC74E427BDB51D7F65 /* LSSuggestionChip.swift in Sources */ = {isa = PBXBuildFile; fileRef = A46A985C643A99B580C53E4E /* LSSuggestionChip.swift */; };
/* End PBXBuildFile section */

/* Begin PBXContainerItemProxy section */
		3FC0A9068371F7D9BCAA7840 /* PBXContainerItemProxy */ = {
			isa = PBXContainerItemProxy;
			containerPortal = 5005A814B8F4CE91922BC5A4 /* Project object */;
			proxyType = 1;
			remoteGlobalIDString = 99475776B313D476E98630D0;
			remoteInfo = LaneShadow;
		};
		558A672E706BFC321A8AD88A /* PBXContainerItemProxy */ = {
			isa = PBXContainerItemProxy;
			containerPortal = 5005A814B8F4CE91922BC5A4 /* Project object */;
			proxyType = 1;
			remoteGlobalIDString = 99475776B313D476E98630D0;
			remoteInfo = LaneShadow;
		};
/* End PBXContainerItemProxy section */

/* Begin PBXFileReference section */
		02BC467210742F6F3E603FFA /* LSToast.swift */ = {isa = PBXFileReference; lastKnownFileType = sourcecode.swift; path = LSToast.swift; sourceTree = "<group>"; };
		05416F03B3657341F705522A /* LSButtonStories.swift */ = {isa = PBXFileReference; lastKnownFileType = sourcecode.swift; path = LSButtonStories.swift; sourceTree = "<group>"; };
		0A5A63FC5750EC47FC36E0DC /* Assets.xcassets */ = {isa = PBXFileReference; lastKnownFileType = folder.assetcatalog; path = Assets.xcassets; sourceTree = "<group>"; };
		0E259B982ADB47ABE53D132D /* LSTextStories.swift */ = {isa = PBXFileReference; lastKnownFileType = sourcecode.swift; path = LSTextStories.swift; sourceTree = "<group>"; };
		19695B8A9932BA0DADCBEADF /* LSChatInput.swift */ = {isa = PBXFileReference; lastKnownFileType = sourcecode.swift; path = LSChatInput.swift; sourceTree = "<group>"; };
		1C18F36042134628BD1BF30B /* LSTabItem.swift */ = {isa = PBXFileReference; lastKnownFileType = sourcecode.swift; path = LSTabItem.swift; sourceTree = "<group>"; };
		1E4B5E214B40EA6C2A95441B /* LSInstrumentReadout.swift */ = {isa = PBXFileReference; lastKnownFileType = sourcecode.swift; path = LSInstrumentReadout.swift; sourceTree = "<group>"; };
		20AC933B1DF7AFFC89BD22E0 /* InfoToastTests.swift */ = {isa = PBXFileReference; lastKnownFileType = sourcecode.swift; path = InfoToastTests.swift; sourceTree = "<group>"; };
		220BC64128EB0A24188F4C65 /* LSPillStories.swift */ = {isa = PBXFileReference; lastKnownFileType = sourcecode.swift; path = LSPillStories.swift; sourceTree = "<group>"; };
		22CF47A809462A646D139202 /* MotionTests.swift */ = {isa = PBXFileReference; lastKnownFileType = sourcecode.swift; path = MotionTests.swift; sourceTree = "<group>"; };
		2A8A1A8718DD88DF992F0D2D /* SessionsErrorVariantTests.swift */ = {isa = PBXFileReference; lastKnownFileType = sourcecode.swift; path = SessionsErrorVariantTests.swift; sourceTree = "<group>"; };
		2AD9FE3FF6AC9085BE220085 /* LSConfirmDialog.swift */ = {isa = PBXFileReference; lastKnownFileType = sourcecode.swift; path = LSConfirmDialog.swift; sourceTree = "<group>"; };
		307F61C56AD06224E9F93B51 /* LaneShadow.app */ = {isa = PBXFileReference; includeInIndex = 0; lastKnownFileType = wrapper.application; path = LaneShadow.app; sourceTree = BUILT_PRODUCTS_DIR; };
		3123362FBC613B11809CE348 /* LSChatInputTests.swift */ = {isa = PBXFileReference; lastKnownFileType = sourcecode.swift; path = LSChatInputTests.swift; sourceTree = "<group>"; };
		324B26FB2DE3F759B489CB7B /* App.swift */ = {isa = PBXFileReference; lastKnownFileType = sourcecode.swift; path = App.swift; sourceTree = "<group>"; };
		3B4E8EF6472F1ABEBBC33DFB /* ios */ = {isa = PBXFileReference; lastKnownFileType = folder; name = ios; path = "../../native-sandbox/ios"; sourceTree = SOURCE_ROOT; };
		3E1A53BCC888DAEA7153F458 /* AtomsStories.swift */ = {isa = PBXFileReference; lastKnownFileType = sourcecode.swift; path = AtomsStories.swift; sourceTree = "<group>"; };
		3FCE935E865EBECBA195F949 /* TemplateStories.swift */ = {isa = PBXFileReference; lastKnownFileType = sourcecode.swift; path = TemplateStories.swift; sourceTree = "<group>"; };
		4283E0B2FE9FD9CE99770202 /* RouteResultsDetailsVariantTests.swift */ = {isa = PBXFileReference; lastKnownFileType = sourcecode.swift; path = RouteResultsDetailsVariantTests.swift; sourceTree = "<group>"; };
		42AE51CDC3FDCE1AFBB8EA63 /* LSContextCapsule+ResolvedValues.swift */ = {isa = PBXFileReference; lastKnownFileType = sourcecode.swift; path = "LSContextCapsule+ResolvedValues.swift"; sourceTree = "<group>"; };
		4783B461B5B9EC6A5AA6F1DF /* LSBottomSheet.swift */ = {isa = PBXFileReference; lastKnownFileType = sourcecode.swift; path = LSBottomSheet.swift; sourceTree = "<group>"; };
		478C8C03ABF1E0F4AFEF0836 /* LSWeatherBadge.swift */ = {isa = PBXFileReference; lastKnownFileType = sourcecode.swift; path = LSWeatherBadge.swift; sourceTree = "<group>"; };
		4A2AE4E90D3718200E3AB248 /* LSEmptyState.swift */ = {isa = PBXFileReference; lastKnownFileType = sourcecode.swift; path = LSEmptyState.swift; sourceTree = "<group>"; };
		4F130DF4421118EE59843068 /* ModifierStories.swift */ = {isa = PBXFileReference; lastKnownFileType = sourcecode.swift; path = ModifierStories.swift; sourceTree = "<group>"; };
		4F137157E747643E3C5CB9F7 /* LSNavHeader.swift */ = {isa = PBXFileReference; lastKnownFileType = sourcecode.swift; path = LSNavHeader.swift; sourceTree = "<group>"; };
		534D26C275878552CD82E5FE /* LSDisplayStories.swift */ = {isa = PBXFileReference; lastKnownFileType = sourcecode.swift; path = LSDisplayStories.swift; sourceTree = "<group>"; };
		5C592B52392DEEACF2D91C3B /* LaneShadowTests.swift */ = {isa = PBXFileReference; lastKnownFileType = sourcecode.swift; path = LaneShadowTests.swift; sourceTree = "<group>"; };
		5FB23C9E4DF31CC4E50E47AB /* swift */ = {isa = PBXFileReference; lastKnownFileType = folder; name = swift; path = ../tokens/platforms/swift; sourceTree = SOURCE_ROOT; };
		6089A65C4DD27D71FDFC6B91 /* MarkdownText.swift */ = {isa = PBXFileReference; lastKnownFileType = sourcecode.swift; path = MarkdownText.swift; sourceTree = "<group>"; };
		612E0B9004A2B36BFE5778E1 /* LSIconStories.swift */ = {isa = PBXFileReference; lastKnownFileType = sourcecode.swift; path = LSIconStories.swift; sourceTree = "<group>"; };
		68571E06FBCE8232271D1DB2 /* LSEmptyStateTests.swift */ = {isa = PBXFileReference; lastKnownFileType = sourcecode.swift; path = LSEmptyStateTests.swift; sourceTree = "<group>"; };
		690C1B6B480FD345A05807B0 /* LSModalTests.swift */ = {isa = PBXFileReference; lastKnownFileType = sourcecode.swift; path = LSModalTests.swift; sourceTree = "<group>"; };
		6D15C602D5939A481788881D /* MapSketchAnimationLayerTests.swift */ = {isa = PBXFileReference; lastKnownFileType = sourcecode.swift; path = MapSketchAnimationLayerTests.swift; sourceTree = "<group>"; };
		6E0D7B9F463A28F5B5936751 /* LSFormField.swift */ = {isa = PBXFileReference; lastKnownFileType = sourcecode.swift; path = LSFormField.swift; sourceTree = "<group>"; };
		70071A35653D217D4EB4A4B8 /* LSRouteAttachmentCard.swift */ = {isa = PBXFileReference; lastKnownFileType = sourcecode.swift; path = LSRouteAttachmentCard.swift; sourceTree = "<group>"; };
		76A48CAA6BB2E860CDDF3E18 /* LSSurfaceStories.swift */ = {isa = PBXFileReference; lastKnownFileType = sourcecode.swift; path = LSSurfaceStories.swift; sourceTree = "<group>"; };
		7996DA2EBA1763B4956D788D /* LSToastTests.swift */ = {isa = PBXFileReference; lastKnownFileType = sourcecode.swift; path = LSToastTests.swift; sourceTree = "<group>"; };
		85A9AD606174CC52A565ACA2 /* LaneShadowStories.swift */ = {isa = PBXFileReference; lastKnownFileType = sourcecode.swift; path = LaneShadowStories.swift; sourceTree = "<group>"; };
		890F8AE171354CCC932518BC /* LSContentCard.swift */ = {isa = PBXFileReference; lastKnownFileType = sourcecode.swift; path = LSContentCard.swift; sourceTree = "<group>"; };
		8F281656D06513E78E57D10D /* LSScrimStories.swift */ = {isa = PBXFileReference; lastKnownFileType = sourcecode.swift; path = LSScrimStories.swift; sourceTree = "<group>"; };
		8FD1EBB47E72009E6BF67513 /* LSContextCapsuleTests.swift */ = {isa = PBXFileReference; lastKnownFileType = sourcecode.swift; path = LSContextCapsuleTests.swift; sourceTree = "<group>"; };
		93E2A5636744C52173464018 /* RootView.swift */ = {isa = PBXFileReference; lastKnownFileType = sourcecode.swift; path = RootView.swift; sourceTree = "<group>"; };
		94AB21A076699921AC328EE9 /* LSModal.swift */ = {isa = PBXFileReference; lastKnownFileType = sourcecode.swift; path = LSModal.swift; sourceTree = "<group>"; };
		9585186566089A7EAF681DDB /* ChatTranscript.swift */ = {isa = PBXFileReference; lastKnownFileType = sourcecode.swift; path = ChatTranscript.swift; sourceTree = "<group>"; };
		9B5F858C066D550CE73CE6FD /* InfoToast.swift */ = {isa = PBXFileReference; lastKnownFileType = sourcecode.swift; path = InfoToast.swift; sourceTree = "<group>"; };
		9B7B16DBC24DD75C64F8C744 /* LSListRow.swift */ = {isa = PBXFileReference; lastKnownFileType = sourcecode.swift; path = LSListRow.swift; sourceTree = "<group>"; };
		9F8ABC117BB7538D9D09E1F6 /* LSPhaseDotStories.swift */ = {isa = PBXFileReference; lastKnownFileType = sourcecode.swift; path = LSPhaseDotStories.swift; sourceTree = "<group>"; };
		A1130AFDFD500511DD417BC8 /* LSFilterChip.swift */ = {isa = PBXFileReference; lastKnownFileType = sourcecode.swift; path = LSFilterChip.swift; sourceTree = "<group>"; };
		A46A985C643A99B580C53E4E /* LSSuggestionChip.swift */ = {isa = PBXFileReference; lastKnownFileType = sourcecode.swift; path = LSSuggestionChip.swift; sourceTree = "<group>"; };
		A4C14284F7C5546B178E7CA7 /* LSBadgeStories.swift */ = {isa = PBXFileReference; lastKnownFileType = sourcecode.swift; path = LSBadgeStories.swift; sourceTree = "<group>"; };
		A770CE2595F52C1DC3532F8A /* LSMapStories.swift */ = {isa = PBXFileReference; lastKnownFileType = sourcecode.swift; path = LSMapStories.swift; sourceTree = "<group>"; };
		A8FC588254B2DE58F4742ED7 /* LSFavoritePinDot.swift */ = {isa = PBXFileReference; lastKnownFileType = sourcecode.swift; path = LSFavoritePinDot.swift; sourceTree = "<group>"; };
		A9EDF4218751AC8200085830 /* Foundation.framework */ = {isa = PBXFileReference; lastKnownFileType = wrapper.framework; name = Foundation.framework; path = System/Library/Frameworks/Foundation.framework; sourceTree = SDKROOT; };
		B0E16C5B6F4121EB1CA3D72D /* LSScenicDotStrip.swift */ = {isa = PBXFileReference; lastKnownFileType = sourcecode.swift; path = LSScenicDotStrip.swift; sourceTree = "<group>"; };
		BC2DAF3B551095E08EBE0C10 /* InfrastructureStories.swift */ = {isa = PBXFileReference; lastKnownFileType = sourcecode.swift; path = InfrastructureStories.swift; sourceTree = "<group>"; };
		BD7360EC93AFB89C2E49D267 /* LSBottomSheetTests.swift */ = {isa = PBXFileReference; lastKnownFileType = sourcecode.swift; path = LSBottomSheetTests.swift; sourceTree = "<group>"; };
		C4AF39CEF8D705CF349C8B30 /* PlaceholderInfrastructureStories.swift */ = {isa = PBXFileReference; lastKnownFileType = sourcecode.swift; path = PlaceholderInfrastructureStories.swift; sourceTree = "<group>"; };
		C7D0D2BB3D9A32CB9A700EFC /* LSPhaseIndicator.swift */ = {isa = PBXFileReference; lastKnownFileType = sourcecode.swift; path = LSPhaseIndicator.swift; sourceTree = "<group>"; };
		C7D7D85AC834967019608CDE /* LSTagPill.swift */ = {isa = PBXFileReference; lastKnownFileType = sourcecode.swift; path = LSTagPill.swift; sourceTree = "<group>"; };
		C99C826183A69DC91A40EA00 /* MapSketchAnimationLayerTests.swift */ = {isa = PBXFileReference; includeInIndex = 1; lastKnownFileType = sourcecode.swift; name = MapSketchAnimationLayerTests.swift; path = LaneShadowTests/Features/MapView/MapSketchAnimationLayerTests.swift; sourceTree = "<group>"; };
		CFFB033EDA463052A650A51D /* LSToolbar.swift */ = {isa = PBXFileReference; lastKnownFileType = sourcecode.swift; path = LSToolbar.swift; sourceTree = "<group>"; };
		D1261D8D753487C4CE27B783 /* LSTabItemTests.swift */ = {isa = PBXFileReference; lastKnownFileType = sourcecode.swift; path = LSTabItemTests.swift; sourceTree = "<group>"; };
		D5107D4267204A230D572AB9 /* MarkdownTextTests.swift */ = {isa = PBXFileReference; lastKnownFileType = sourcecode.swift; path = MarkdownTextTests.swift; sourceTree = "<group>"; };
		D626BCB1C43EEDBE2F380761 /* LSContextCapsule.swift */ = {isa = PBXFileReference; lastKnownFileType = sourcecode.swift; path = LSContextCapsule.swift; sourceTree = "<group>"; };
		DA1BDF769396CF5EB37B55B9 /* LSFormFieldTests.swift */ = {isa = PBXFileReference; lastKnownFileType = sourcecode.swift; path = LSFormFieldTests.swift; sourceTree = "<group>"; };
		E0747C3C833D0EA3BAF7F3D2 /* MoleculesStories.swift */ = {isa = PBXFileReference; lastKnownFileType = sourcecode.swift; path = MoleculesStories.swift; sourceTree = "<group>"; };
		E444532E22B318AA5B8E61E2 /* LSToolbarTests.swift */ = {isa = PBXFileReference; lastKnownFileType = sourcecode.swift; path = LSToolbarTests.swift; sourceTree = "<group>"; };
		EB7BCD31481DCBA4084C48DD /* LSLocationContextBar.swift */ = {isa = PBXFileReference; lastKnownFileType = sourcecode.swift; path = LSLocationContextBar.swift; sourceTree = "<group>"; };
		ECE0D6D9002157D332688E90 /* LSTokenStories.swift */ = {isa = PBXFileReference; lastKnownFileType = sourcecode.swift; path = LSTokenStories.swift; sourceTree = "<group>"; };
		ED792B4C270AB975C34CB118 /* LaneShadowTests.xctest */ = {isa = PBXFileReference; includeInIndex = 0; lastKnownFileType = wrapper.cfbundle; path = LaneShadowTests.xctest; sourceTree = BUILT_PRODUCTS_DIR; };
		EE8CB573821E0981D725E364 /* LSInputStories.swift */ = {isa = PBXFileReference; lastKnownFileType = sourcecode.swift; path = LSInputStories.swift; sourceTree = "<group>"; };
		EF4B1C18D8FD1069B42CB70D /* LaneShadowUITests.xctest */ = {isa = PBXFileReference; includeInIndex = 0; lastKnownFileType = wrapper.cfbundle; path = LaneShadowUITests.xctest; sourceTree = BUILT_PRODUCTS_DIR; };
		F0EE8B6BD461E65A5DD1F948 /* LSWeatherTimeline.swift */ = {isa = PBXFileReference; lastKnownFileType = sourcecode.swift; path = LSWeatherTimeline.swift; sourceTree = "<group>"; };
		F57D4881CFC9C4FA4D11B5BC /* ConvexStore.swift */ = {isa = PBXFileReference; lastKnownFileType = sourcecode.swift; path = ConvexStore.swift; sourceTree = "<group>"; };
		F70ECDFAA1C996A2AF6FEA1C /* InfrastructureControlsStories.swift */ = {isa = PBXFileReference; lastKnownFileType = sourcecode.swift; path = InfrastructureControlsStories.swift; sourceTree = "<group>"; };
		F7C289172CD246D71CC0E6BB /* LaneShadowSandboxEntry.swift */ = {isa = PBXFileReference; lastKnownFileType = sourcecode.swift; path = LaneShadowSandboxEntry.swift; sourceTree = "<group>"; };
/* End PBXFileReference section */

/* Begin PBXFileSystemSynchronizedBuildFileExceptionSet section */
		58099F917373377216261552 /* Exceptions for "Atoms" folder in "LaneShadow" target */ = {
			isa = PBXFileSystemSynchronizedBuildFileExceptionSet;
			membershipExceptions = (
				Button.swift,
			);
			target = 99475776B313D476E98630D0 /* LaneShadow */;
		};
/* End PBXFileSystemSynchronizedBuildFileExceptionSet section */

/* Begin PBXFileSystemSynchronizedRootGroup section */
		0AB6BCC041176229C63DBB62 /* Layout */ = {
			isa = PBXFileSystemSynchronizedRootGroup;
			exceptions = (
			);
			explicitFileTypes = {
			};
			explicitFolders = (
			);
			path = Layout;
			sourceTree = "<group>";
		};
		0B23304A78B886F9A286C5E4 /* Sandbox */ = {
			isa = PBXFileSystemSynchronizedRootGroup;
			exceptions = (
			);
			explicitFileTypes = {
			};
			explicitFolders = (
			);
			path = Sandbox;
			sourceTree = "<group>";
		};
		0E516A6442C2AA10AA5009F5 /* Templates */ = {
			isa = PBXFileSystemSynchronizedRootGroup;
			exceptions = (
			);
			explicitFileTypes = {
			};
			explicitFolders = (
			);
			path = Templates;
			sourceTree = "<group>";
		};
		10EF6247464B14DE9D738910 /* Views */ = {
			isa = PBXFileSystemSynchronizedRootGroup;
			exceptions = (
			);
			explicitFileTypes = {
			};
			explicitFolders = (
			);
			path = Views;
			sourceTree = "<group>";
		};
		244E36879200004067F64629 /* Organisms */ = {
			isa = PBXFileSystemSynchronizedRootGroup;
			exceptions = (
			);
			explicitFileTypes = {
			};
			explicitFolders = (
			);
			path = Organisms;
			sourceTree = "<group>";
		};
		3A78900A9AF373F5042A6135 /* Features */ = {
			isa = PBXFileSystemSynchronizedRootGroup;
			exceptions = (
			);
			explicitFileTypes = {
			};
			explicitFolders = (
			);
			path = Features;
			sourceTree = "<group>";
		};
		3BC11B009ED26B33FC7A0333 /* Entry */ = {
			isa = PBXFileSystemSynchronizedRootGroup;
			exceptions = (
			);
			explicitFileTypes = {
			};
			explicitFolders = (
			);
			path = Entry;
			sourceTree = "<group>";
		};
		3CE2AE4772ABC9D4A3699741 /* MockProviders */ = {
			isa = PBXFileSystemSynchronizedRootGroup;
			exceptions = (
			);
			explicitFileTypes = {
			};
			explicitFolders = (
			);
			path = MockProviders;
			sourceTree = "<group>";
		};
		4C8A8E02554AE3D5AC4FAC51 /* Organisms */ = {
			isa = PBXFileSystemSynchronizedRootGroup;
			exceptions = (
			);
			explicitFileTypes = {
			};
			explicitFolders = (
			);
			path = Organisms;
			sourceTree = "<group>";
		};
		537AF6CF40C4418539754A5D /* Services */ = {
			isa = PBXFileSystemSynchronizedRootGroup;
			exceptions = (
			);
			explicitFileTypes = {
			};
			explicitFolders = (
			);
			path = Services;
			sourceTree = "<group>";
		};
		5B8A253F72C6B3D6A21D5422 /* Atoms */ = {
			isa = PBXFileSystemSynchronizedRootGroup;
			exceptions = (
			);
			explicitFileTypes = {
			};
			explicitFolders = (
			);
			path = Atoms;
			sourceTree = "<group>";
		};
		5D43661EA5776DD985956D8D /* Templates */ = {
			isa = PBXFileSystemSynchronizedRootGroup;
			exceptions = (
			);
			explicitFileTypes = {
			};
			explicitFolders = (
			);
			path = Templates;
			sourceTree = "<group>";
		};
		5EE6142BB2A44D9196BC822D /* Services */ = {
			isa = PBXFileSystemSynchronizedRootGroup;
			exceptions = (
			);
			explicitFileTypes = {
			};
			explicitFolders = (
			);
			path = Services;
			sourceTree = "<group>";
		};
		688955BA957298D0AAE2948E /* AppFlow */ = {
			isa = PBXFileSystemSynchronizedRootGroup;
			exceptions = (
			);
			explicitFileTypes = {
			};
			explicitFolders = (
			);
			path = AppFlow;
			sourceTree = "<group>";
		};
		7290175E358A1C93D4A90231 /* Molecules */ = {
			isa = PBXFileSystemSynchronizedRootGroup;
			exceptions = (
			);
			explicitFileTypes = {
			};
			explicitFolders = (
			);
			path = Molecules;
			sourceTree = "<group>";
		};
		755D85BE7B8692E8CCE9B7D0 /* Integration */ = {
			isa = PBXFileSystemSynchronizedRootGroup;
			exceptions = (
			);
			explicitFileTypes = {
			};
			explicitFolders = (
			);
			path = Integration;
			sourceTree = "<group>";
		};
		7658177809845BD7EAFD2B5F /* Environment */ = {
			isa = PBXFileSystemSynchronizedRootGroup;
			exceptions = (
			);
			explicitFileTypes = {
			};
			explicitFolders = (
			);
			path = Environment;
			sourceTree = "<group>";
		};
		803C67E4953872CB5CCA0FA9 /* DesignSystem */ = {
			isa = PBXFileSystemSynchronizedRootGroup;
			exceptions = (
			);
			explicitFileTypes = {
			};
			explicitFolders = (
			);
			path = DesignSystem;
			sourceTree = "<group>";
		};
		8460D5ABD7FFE129DB373103 /* Models */ = {
			isa = PBXFileSystemSynchronizedRootGroup;
			exceptions = (
			);
			explicitFileTypes = {
			};
			explicitFolders = (
			);
			path = Models;
			sourceTree = "<group>";
		};
		8C84A31BC52A60468625E45D /* AppFlow */ = {
			isa = PBXFileSystemSynchronizedRootGroup;
			exceptions = (
			);
			explicitFileTypes = {
			};
			explicitFolders = (
			);
			path = AppFlow;
			sourceTree = "<group>";
		};
		8E620526502629F2690FBBAE /* Utilities */ = {
			isa = PBXFileSystemSynchronizedRootGroup;
			exceptions = (
			);
			explicitFileTypes = {
			};
			explicitFolders = (
			);
			path = Utilities;
			sourceTree = "<group>";
		};
		8F5AC0DC38D5B1239FAA340F /* AuthFlow */ = {
			isa = PBXFileSystemSynchronizedRootGroup;
			exceptions = (
			);
			explicitFileTypes = {
			};
			explicitFolders = (
			);
			path = AuthFlow;
			sourceTree = "<group>";
		};
		8FD0535A05FA37574620A6CA /* Helpers */ = {
			isa = PBXFileSystemSynchronizedRootGroup;
			exceptions = (
			);
			explicitFileTypes = {
			};
			explicitFolders = (
			);
			path = Helpers;
			sourceTree = "<group>";
		};
		9B1969E887592C82E1672459 /* Launch */ = {
			isa = PBXFileSystemSynchronizedRootGroup;
			exceptions = (
			);
			explicitFileTypes = {
			};
			explicitFolders = (
			);
			path = Launch;
			sourceTree = "<group>";
		};
		A1DA24033B9915EAB116ED62 /* Generated */ = {
			isa = PBXFileSystemSynchronizedRootGroup;
			exceptions = (
			);
			explicitFileTypes = {
			};
			explicitFolders = (
			);
			path = Generated;
			sourceTree = "<group>";
		};
		A8E49074235FCF05900AA173 /* LaneShadowUITests */ = {
			isa = PBXFileSystemSynchronizedRootGroup;
			exceptions = (
			);
			explicitFileTypes = {
			};
			explicitFolders = (
			);
			path = LaneShadowUITests;
			sourceTree = "<group>";
		};
		B6F7522A945FCE6E9220905B /* Features */ = {
			isa = PBXFileSystemSynchronizedRootGroup;
			exceptions = (
			);
			explicitFileTypes = {
			};
			explicitFolders = (
			);
			path = Features;
			sourceTree = "<group>";
		};
		B92913E9843A5845817A3DBD /* Controls */ = {
			isa = PBXFileSystemSynchronizedRootGroup;
			exceptions = (
			);
			explicitFileTypes = {
			};
			explicitFolders = (
			);
			path = Controls;
			sourceTree = "<group>";
		};
		C1C1554F3F09845975235612 /* Utilities */ = {
			isa = PBXFileSystemSynchronizedRootGroup;
			exceptions = (
			);
			explicitFileTypes = {
			};
			explicitFolders = (
			);
			path = Utilities;
			sourceTree = "<group>";
		};
		CE8B4DF54243DD52953C7CFE /* Atoms */ = {
			isa = PBXFileSystemSynchronizedRootGroup;
			exceptions = (
				58099F917373377216261552 /* Exceptions for "Atoms" folder in "LaneShadow" target */,
			);
			explicitFileTypes = {
			};
			explicitFolders = (
			);
			path = Atoms;
			sourceTree = "<group>";
		};
		CF77ECAB776F34B039A160CA /* Templates */ = {
			isa = PBXFileSystemSynchronizedRootGroup;
			exceptions = (
			);
			explicitFileTypes = {
			};
			explicitFolders = (
			);
			path = Templates;
			sourceTree = "<group>";
		};
		D026D3B873FDE7B7153F206F /* Organisms */ = {
			isa = PBXFileSystemSynchronizedRootGroup;
			exceptions = (
			);
			explicitFileTypes = {
			};
			explicitFolders = (
			);
			path = Organisms;
			sourceTree = "<group>";
		};
		E5E2F792F8318B064762B018 /* Theme */ = {
			isa = PBXFileSystemSynchronizedRootGroup;
			exceptions = (
			);
			explicitFileTypes = {
			};
			explicitFolders = (
			);
			path = Theme;
			sourceTree = "<group>";
		};
/* End PBXFileSystemSynchronizedRootGroup section */

/* Begin PBXFrameworksBuildPhase section */
		19699B30D5FFCEFA31F387A4 /* Frameworks */ = {
			isa = PBXFrameworksBuildPhase;
			buildActionMask = 2147483647;
			files = (
				4CDBE631CAAFA6685708C14B /* ConvexMobile in Frameworks */,
				1952669D73F48496CFB75791 /* LaneShadowTheme in Frameworks */,
				925CA576235653EA9D6CE109 /* NativeSandbox in Frameworks */,
				ED9DF59A25970507B80D1720 /* MapboxMaps in Frameworks */,
				A43E874CF8FDDF5E7B4BD8CA /* Clerk in Frameworks */,
				A09AB47FC330215325A9F4F1 /* Foundation.framework in Frameworks */,
			);
			runOnlyForDeploymentPostprocessing = 0;
		};
		6FEFE450FCF58F47BE1637ED /* Frameworks */ = {
			isa = PBXFrameworksBuildPhase;
			buildActionMask = 2147483647;
			files = (
				C20B40ADB8746BAD7B7A3FF1 /* LaneShadowTheme in Frameworks */,
				3607457D8D985DC783EDA889 /* SnapshotTesting in Frameworks */,
				19B2E80084FD9A981F497DB5 /* ViewInspector in Frameworks */,
			);
			runOnlyForDeploymentPostprocessing = 0;
		};
/* End PBXFrameworksBuildPhase section */

/* Begin PBXGroup section */
		1F10FC2E199EFDF6EFDFEDA8 /* Sandbox */ = {
			isa = PBXGroup;
			children = (
				B92913E9843A5845817A3DBD /* Controls */,
				3BC11B009ED26B33FC7A0333 /* Entry */,
				3CE2AE4772ABC9D4A3699741 /* MockProviders */,
				2F2DF9072E7DE318B1CF4168 /* Stories */,
				E5E2F792F8318B064762B018 /* Theme */,
				F7C289172CD246D71CC0E6BB /* LaneShadowSandboxEntry.swift */,
				85A9AD606174CC52A565ACA2 /* LaneShadowStories.swift */,
			);
			path = Sandbox;
			sourceTree = "<group>";
		};
		25E9207CB7FFB02863C96FDE /* Infrastructure */ = {
			isa = PBXGroup;
			children = (
				F70ECDFAA1C996A2AF6FEA1C /* InfrastructureControlsStories.swift */,
				ECE0D6D9002157D332688E90 /* LSTokenStories.swift */,
				C4AF39CEF8D705CF349C8B30 /* PlaceholderInfrastructureStories.swift */,
			);
			path = Infrastructure;
			sourceTree = "<group>";
		};
		298F12991DC33BF22132567F = {
			isa = PBXGroup;
			children = (
				559DE46475FFF70C1C60C52B /* LaneShadow */,
				7600803CDA1619744A2ED8BC /* LaneShadowTests */,
				A8E49074235FCF05900AA173 /* LaneShadowUITests */,
				74C87109A86D746141753D0A /* Packages */,
				610C91A4B1547818EABF70E3 /* Frameworks */,
				A409E156DCE522478E497BB1 /* Products */,
			);
			sourceTree = "<group>";
		};
		2F2DF9072E7DE318B1CF4168 /* Stories */ = {
			isa = PBXGroup;
			children = (
				25E9207CB7FFB02863C96FDE /* Infrastructure */,
				7290175E358A1C93D4A90231 /* Molecules */,
				D026D3B873FDE7B7153F206F /* Organisms */,
				CF77ECAB776F34B039A160CA /* Templates */,
				3E1A53BCC888DAEA7153F458 /* AtomsStories.swift */,
				BC2DAF3B551095E08EBE0C10 /* InfrastructureStories.swift */,
				A4C14284F7C5546B178E7CA7 /* LSBadgeStories.swift */,
				05416F03B3657341F705522A /* LSButtonStories.swift */,
				534D26C275878552CD82E5FE /* LSDisplayStories.swift */,
				612E0B9004A2B36BFE5778E1 /* LSIconStories.swift */,
				EE8CB573821E0981D725E364 /* LSInputStories.swift */,
				A770CE2595F52C1DC3532F8A /* LSMapStories.swift */,
				9F8ABC117BB7538D9D09E1F6 /* LSPhaseDotStories.swift */,
				220BC64128EB0A24188F4C65 /* LSPillStories.swift */,
				8F281656D06513E78E57D10D /* LSScrimStories.swift */,
				76A48CAA6BB2E860CDDF3E18 /* LSSurfaceStories.swift */,
				0E259B982ADB47ABE53D132D /* LSTextStories.swift */,
				4F130DF4421118EE59843068 /* ModifierStories.swift */,
				E0747C3C833D0EA3BAF7F3D2 /* MoleculesStories.swift */,
				3FCE935E865EBECBA195F949 /* TemplateStories.swift */,
			);
			path = Stories;
			sourceTree = "<group>";
		};
		55726301A0BAEC18C69036BC /* Molecules */ = {
			isa = PBXGroup;
			children = (
				9585186566089A7EAF681DDB /* ChatTranscript.swift */,
				9B5F858C066D550CE73CE6FD /* InfoToast.swift */,
				4783B461B5B9EC6A5AA6F1DF /* LSBottomSheet.swift */,
				19695B8A9932BA0DADCBEADF /* LSChatInput.swift */,
				2AD9FE3FF6AC9085BE220085 /* LSConfirmDialog.swift */,
				890F8AE171354CCC932518BC /* LSContentCard.swift */,
				D626BCB1C43EEDBE2F380761 /* LSContextCapsule.swift */,
				42AE51CDC3FDCE1AFBB8EA63 /* LSContextCapsule+ResolvedValues.swift */,
				4A2AE4E90D3718200E3AB248 /* LSEmptyState.swift */,
				A8FC588254B2DE58F4742ED7 /* LSFavoritePinDot.swift */,
				A1130AFDFD500511DD417BC8 /* LSFilterChip.swift */,
				6E0D7B9F463A28F5B5936751 /* LSFormField.swift */,
				1E4B5E214B40EA6C2A95441B /* LSInstrumentReadout.swift */,
				9B7B16DBC24DD75C64F8C744 /* LSListRow.swift */,
				EB7BCD31481DCBA4084C48DD /* LSLocationContextBar.swift */,
				94AB21A076699921AC328EE9 /* LSModal.swift */,
				4F137157E747643E3C5CB9F7 /* LSNavHeader.swift */,
				C7D0D2BB3D9A32CB9A700EFC /* LSPhaseIndicator.swift */,
				70071A35653D217D4EB4A4B8 /* LSRouteAttachmentCard.swift */,
				B0E16C5B6F4121EB1CA3D72D /* LSScenicDotStrip.swift */,
				A46A985C643A99B580C53E4E /* LSSuggestionChip.swift */,
				1C18F36042134628BD1BF30B /* LSTabItem.swift */,
				C7D7D85AC834967019608CDE /* LSTagPill.swift */,
				02BC467210742F6F3E603FFA /* LSToast.swift */,
				CFFB033EDA463052A650A51D /* LSToolbar.swift */,
				478C8C03ABF1E0F4AFEF0836 /* LSWeatherBadge.swift */,
				F0EE8B6BD461E65A5DD1F948 /* LSWeatherTimeline.swift */,
				6089A65C4DD27D71FDFC6B91 /* MarkdownText.swift */,
			);
			path = Molecules;
			sourceTree = "<group>";
		};
		559DE46475FFF70C1C60C52B /* LaneShadow */ = {
			isa = PBXGroup;
			children = (
				8C84A31BC52A60468625E45D /* AppFlow */,
				803C67E4953872CB5CCA0FA9 /* DesignSystem */,
				7658177809845BD7EAFD2B5F /* Environment */,
				B6F7522A945FCE6E9220905B /* Features */,
				A1DA24033B9915EAB116ED62 /* Generated */,
				9B1969E887592C82E1672459 /* Launch */,
				8460D5ABD7FFE129DB373103 /* Models */,
				1F10FC2E199EFDF6EFDFEDA8 /* Sandbox */,
				537AF6CF40C4418539754A5D /* Services */,
				8E620526502629F2690FBBAE /* Utilities */,
				9A00239A316DF9BC49914EC8 /* Views */,
				324B26FB2DE3F759B489CB7B /* App.swift */,
				0A5A63FC5750EC47FC36E0DC /* Assets.xcassets */,
				F57D4881CFC9C4FA4D11B5BC /* ConvexStore.swift */,
				93E2A5636744C52173464018 /* RootView.swift */,
				91CD3AF643D1E15F7CF229D6 /* LaneShadowTests */,
			);
			path = LaneShadow;
			sourceTree = "<group>";
		};
		610C91A4B1547818EABF70E3 /* Frameworks */ = {
			isa = PBXGroup;
			children = (
				A9EDF4218751AC8200085830 /* Foundation.framework */,
			);
			name = Frameworks;
			sourceTree = "<group>";
		};
		74C87109A86D746141753D0A /* Packages */ = {
			isa = PBXGroup;
			children = (
				3B4E8EF6472F1ABEBBC33DFB /* ios */,
				5FB23C9E4DF31CC4E50E47AB /* swift */,
			);
			name = Packages;
			sourceTree = "<group>";
		};
		7600803CDA1619744A2ED8BC /* LaneShadowTests */ = {
			isa = PBXGroup;
			children = (
				5B8A253F72C6B3D6A21D5422 /* Atoms */,
				E93BC84A7025A62CD7A00A38 /* Features */,
				3A78900A9AF373F5042A6135 /* Features */,
				8FD0535A05FA37574620A6CA /* Helpers */,
				755D85BE7B8692E8CCE9B7D0 /* Integration */,
				ABBAFDBD7FF159A58193899A /* Molecules */,
				244E36879200004067F64629 /* Organisms */,
				D7065A2A2689E3B640127541 /* Sandbox */,
				0B23304A78B886F9A286C5E4 /* Sandbox */,
				5EE6142BB2A44D9196BC822D /* Services */,
				5D43661EA5776DD985956D8D /* Templates */,
				C1C1554F3F09845975235612 /* Utilities */,
				10EF6247464B14DE9D738910 /* Views */,
				5C592B52392DEEACF2D91C3B /* LaneShadowTests.swift */,
			);
			path = LaneShadowTests;
			sourceTree = "<group>";
		};
		91CD3AF643D1E15F7CF229D6 /* LaneShadowTests */ = {
			isa = PBXGroup;
			children = (
				C99C826183A69DC91A40EA00 /* MapSketchAnimationLayerTests.swift */,
			);
			name = LaneShadowTests;
			sourceTree = "<group>";
		};
		9A00239A316DF9BC49914EC8 /* Views */ = {
			isa = PBXGroup;
			children = (
				688955BA957298D0AAE2948E /* AppFlow */,
				CE8B4DF54243DD52953C7CFE /* Atoms */,
				8F5AC0DC38D5B1239FAA340F /* AuthFlow */,
				0AB6BCC041176229C63DBB62 /* Layout */,
				55726301A0BAEC18C69036BC /* Molecules */,
				4C8A8E02554AE3D5AC4FAC51 /* Organisms */,
				0E516A6442C2AA10AA5009F5 /* Templates */,
			);
			path = Views;
			sourceTree = "<group>";
		};
		9B910CBC7AD2F2D226DE4878 /* MapView */ = {
			isa = PBXGroup;
			children = (
				6D15C602D5939A481788881D /* MapSketchAnimationLayerTests.swift */,
			);
			path = MapView;
			sourceTree = "<group>";
		};
		A409E156DCE522478E497BB1 /* Products */ = {
			isa = PBXGroup;
			children = (
				307F61C56AD06224E9F93B51 /* LaneShadow.app */,
				ED792B4C270AB975C34CB118 /* LaneShadowTests.xctest */,
				EF4B1C18D8FD1069B42CB70D /* LaneShadowUITests.xctest */,
			);
			name = Products;
			sourceTree = "<group>";
		};
		ABBAFDBD7FF159A58193899A /* Molecules */ = {
			isa = PBXGroup;
			children = (
				20AC933B1DF7AFFC89BD22E0 /* InfoToastTests.swift */,
				BD7360EC93AFB89C2E49D267 /* LSBottomSheetTests.swift */,
				3123362FBC613B11809CE348 /* LSChatInputTests.swift */,
				8FD1EBB47E72009E6BF67513 /* LSContextCapsuleTests.swift */,
				68571E06FBCE8232271D1DB2 /* LSEmptyStateTests.swift */,
				DA1BDF769396CF5EB37B55B9 /* LSFormFieldTests.swift */,
				690C1B6B480FD345A05807B0 /* LSModalTests.swift */,
				D1261D8D753487C4CE27B783 /* LSTabItemTests.swift */,
				7996DA2EBA1763B4956D788D /* LSToastTests.swift */,
				E444532E22B318AA5B8E61E2 /* LSToolbarTests.swift */,
				D5107D4267204A230D572AB9 /* MarkdownTextTests.swift */,
			);
			path = Molecules;
			sourceTree = "<group>";
		};
		D7065A2A2689E3B640127541 /* Sandbox */ = {
			isa = PBXGroup;
			children = (
				22CF47A809462A646D139202 /* MotionTests.swift */,
				4283E0B2FE9FD9CE99770202 /* RouteResultsDetailsVariantTests.swift */,
				2A8A1A8718DD88DF992F0D2D /* SessionsErrorVariantTests.swift */,
			);
			path = Sandbox;
			sourceTree = "<group>";
		};
		E93BC84A7025A62CD7A00A38 /* Features */ = {
			isa = PBXGroup;
			children = (
				9B910CBC7AD2F2D226DE4878 /* MapView */,
			);
			path = Features;
			sourceTree = "<group>";
		};
/* End PBXGroup section */

/* Begin PBXNativeTarget section */
		99475776B313D476E98630D0 /* LaneShadow */ = {
			isa = PBXNativeTarget;
			buildConfigurationList = 765550164B633AF5BE20873D /* Build configuration list for PBXNativeTarget "LaneShadow" */;
			buildPhases = (
				4DA27FB2E419ED84C9F93CEF /* Inject Convex URL */,
				C6212AA2A8A4F0DFCF513598 /* Inject Mapbox Token */,
				2A6033EDE1343B9C16180D04 /* Sources */,
				D12CB4045645161CAADD1E9D /* Resources */,
				19699B30D5FFCEFA31F387A4 /* Frameworks */,
			);
			buildRules = (
			);
			dependencies = (
			);
			fileSystemSynchronizedGroups = (
				688955BA957298D0AAE2948E /* AppFlow */,
				8C84A31BC52A60468625E45D /* AppFlow */,
				CE8B4DF54243DD52953C7CFE /* Atoms */,
				8F5AC0DC38D5B1239FAA340F /* AuthFlow */,
				B92913E9843A5845817A3DBD /* Controls */,
				803C67E4953872CB5CCA0FA9 /* DesignSystem */,
				3BC11B009ED26B33FC7A0333 /* Entry */,
				7658177809845BD7EAFD2B5F /* Environment */,
				B6F7522A945FCE6E9220905B /* Features */,
				A1DA24033B9915EAB116ED62 /* Generated */,
				9B1969E887592C82E1672459 /* Launch */,
				0AB6BCC041176229C63DBB62 /* Layout */,
				3CE2AE4772ABC9D4A3699741 /* MockProviders */,
				8460D5ABD7FFE129DB373103 /* Models */,
				7290175E358A1C93D4A90231 /* Molecules */,
				D026D3B873FDE7B7153F206F /* Organisms */,
				4C8A8E02554AE3D5AC4FAC51 /* Organisms */,
				537AF6CF40C4418539754A5D /* Services */,
				CF77ECAB776F34B039A160CA /* Templates */,
				0E516A6442C2AA10AA5009F5 /* Templates */,
				E5E2F792F8318B064762B018 /* Theme */,
				8E620526502629F2690FBBAE /* Utilities */,
			);
			name = LaneShadow;
			packageProductDependencies = (
				CE666EC279651E6E31EE5FBE /* ConvexMobile */,
				A82A70CA01368BECA5189F19 /* LaneShadowTheme */,
				9DD5E01C1B4FE6A3686813CA /* NativeSandbox */,
				DA5E21A6F8345673A1101414 /* MapboxMaps */,
				ED1675F2464975FEDC2C2346 /* Clerk */,
			);
			productName = LaneShadow;
			productReference = 307F61C56AD06224E9F93B51 /* LaneShadow.app */;
			productType = "com.apple.product-type.application";
		};
		EBACC6C6C5C2526D42D8718B /* LaneShadowUITests */ = {
			isa = PBXNativeTarget;
			buildConfigurationList = 7B3C5253730D483D2D3B9A92 /* Build configuration list for PBXNativeTarget "LaneShadowUITests" */;
			buildPhases = (
				4233BA8C06D67164708C1BDD /* Sources */,
				60678B2DE87E4B4EFE0C1E7F /* Resources */,
			);
			buildRules = (
			);
			dependencies = (
				81218BFBC741B5A356EE9708 /* PBXTargetDependency */,
			);
			fileSystemSynchronizedGroups = (
				A8E49074235FCF05900AA173 /* LaneShadowUITests */,
			);
			name = LaneShadowUITests;
			productName = LaneShadowUITests;
			productReference = EF4B1C18D8FD1069B42CB70D /* LaneShadowUITests.xctest */;
			productType = "com.apple.product-type.bundle.ui-testing";
		};
		F62DED441A0EC9B332FC3293 /* LaneShadowTests */ = {
			isa = PBXNativeTarget;
			buildConfigurationList = 370FB48DE918F2015751FF0C /* Build configuration list for PBXNativeTarget "LaneShadowTests" */;
			buildPhases = (
				93C20C085BB03E46FC5650F5 /* Sources */,
				B404D579F9A667C620CA8569 /* Resources */,
				6FEFE450FCF58F47BE1637ED /* Frameworks */,
			);
			buildRules = (
			);
			dependencies = (
				8941639FFAFA7D11ED5FFFCC /* PBXTargetDependency */,
			);
			fileSystemSynchronizedGroups = (
				5B8A253F72C6B3D6A21D5422 /* Atoms */,
				3A78900A9AF373F5042A6135 /* Features */,
				8FD0535A05FA37574620A6CA /* Helpers */,
				755D85BE7B8692E8CCE9B7D0 /* Integration */,
				244E36879200004067F64629 /* Organisms */,
				0B23304A78B886F9A286C5E4 /* Sandbox */,
				5EE6142BB2A44D9196BC822D /* Services */,
				5D43661EA5776DD985956D8D /* Templates */,
				C1C1554F3F09845975235612 /* Utilities */,
				10EF6247464B14DE9D738910 /* Views */,
			);
			name = LaneShadowTests;
			packageProductDependencies = (
				5B658B1BAB40A50AE36EE201 /* LaneShadowTheme */,
				E4B9E7FB06EF17E9BD9B418A /* SnapshotTesting */,
				97E29B716CED481799DD0795 /* ViewInspector */,
			);
			productName = LaneShadowTests;
			productReference = ED792B4C270AB975C34CB118 /* LaneShadowTests.xctest */;
			productType = "com.apple.product-type.bundle.unit-test";
		};
/* End PBXNativeTarget section */

/* Begin PBXProject section */
		5005A814B8F4CE91922BC5A4 /* Project object */ = {
			isa = PBXProject;
			attributes = {
				BuildIndependentTargetsInParallel = YES;
				LastUpgradeCheck = 1430;
				TargetAttributes = {
					99475776B313D476E98630D0 = {
						DevelopmentTeam = "";
						ProvisioningStyle = Automatic;
					};
					EBACC6C6C5C2526D42D8718B = {
						ProvisioningStyle = Automatic;
						TestTargetID = 99475776B313D476E98630D0;
					};
					F62DED441A0EC9B332FC3293 = {
						ProvisioningStyle = Automatic;
					};
				};
			};
			buildConfigurationList = C825AA9ACD7BBF70A26F04EE /* Build configuration list for PBXProject "LaneShadow" */;
			developmentRegion = en;
			hasScannedForEncodings = 0;
			knownRegions = (
				Base,
				en,
			);
			mainGroup = 298F12991DC33BF22132567F;
			minimizedProjectReferenceProxies = 1;
			packageReferences = (
				8DCCB7122A38A84D46600EB9 /* XCRemoteSwiftPackageReference "clerk-ios" */,
				2448E52A67F9CA102454EA73 /* XCRemoteSwiftPackageReference "convex-swift" */,
				B661C63E1ACC8A649A046360 /* XCRemoteSwiftPackageReference "mapbox-maps-ios" */,
				15EF0D9EB05071BCFDAB5F3D /* XCRemoteSwiftPackageReference "swift-snapshot-testing" */,
				E60D5EE87AD2B6F3ECB752C9 /* XCRemoteSwiftPackageReference "ViewInspector" */,
				47209CE6204C4DADCDF34113 /* XCLocalSwiftPackageReference "swift" */,
				587371FD07BE144F164B83FF /* XCLocalSwiftPackageReference "ios" */,
			);
			preferredProjectObjectVersion = 77;
			productRefGroup = A409E156DCE522478E497BB1 /* Products */;
			projectDirPath = "";
			projectRoot = "";
			targets = (
				99475776B313D476E98630D0 /* LaneShadow */,
				F62DED441A0EC9B332FC3293 /* LaneShadowTests */,
				EBACC6C6C5C2526D42D8718B /* LaneShadowUITests */,
			);
		};
/* End PBXProject section */

/* Begin PBXResourcesBuildPhase section */
		60678B2DE87E4B4EFE0C1E7F /* Resources */ = {
			isa = PBXResourcesBuildPhase;
			buildActionMask = 2147483647;
			files = (
			);
			runOnlyForDeploymentPostprocessing = 0;
		};
		B404D579F9A667C620CA8569 /* Resources */ = {
			isa = PBXResourcesBuildPhase;
			buildActionMask = 2147483647;
			files = (
			);
			runOnlyForDeploymentPostprocessing = 0;
		};
		D12CB4045645161CAADD1E9D /* Resources */ = {
			isa = PBXResourcesBuildPhase;
			buildActionMask = 2147483647;
			files = (
				078589B1255FE42AA7459089 /* Assets.xcassets in Resources */,
			);
			runOnlyForDeploymentPostprocessing = 0;
		};
/* End PBXResourcesBuildPhase section */

/* Begin PBXShellScriptBuildPhase section */
		4DA27FB2E419ED84C9F93CEF /* Inject Convex URL */ = {
			isa = PBXShellScriptBuildPhase;
			buildActionMask = 2147483647;
			files = (
			);
			inputFileListPaths = (
			);
			inputPaths = (
				"$(SRCROOT)/../server/.env.local",
			);
			name = "Inject Convex URL";
			outputFileListPaths = (
			);
			outputPaths = (
				"$(SRCROOT)/LaneShadow/Generated/ConvexConfig.generated.swift",
			);
			runOnlyForDeploymentPostprocessing = 0;
			shellPath = /bin/sh;
			shellScript = "\"${SRCROOT}/LaneShadow/Scripts/inject-convex-url.sh\"";
		};
		C6212AA2A8A4F0DFCF513598 /* Inject Mapbox Token */ = {
			isa = PBXShellScriptBuildPhase;
			buildActionMask = 2147483647;
			files = (
			);
			inputFileListPaths = (
			);
			inputPaths = (
				"$(SRCROOT)/../.env.local",
			);
			name = "Inject Mapbox Token";
			outputFileListPaths = (
			);
			outputPaths = (
				"$(SRCROOT)/LaneShadow/Generated/MapboxConfig.generated.swift",
			);
			runOnlyForDeploymentPostprocessing = 0;
			shellPath = /bin/sh;
			shellScript = "bash \"${SRCROOT}/LaneShadow/Scripts/inject-mapbox-token.sh\"";
		};
/* End PBXShellScriptBuildPhase section */

/* Begin PBXSourcesBuildPhase section */
		2A6033EDE1343B9C16180D04 /* Sources */ = {
			isa = PBXSourcesBuildPhase;
			buildActionMask = 2147483647;
			files = (
				7E8799D5CE1C5FFCE3D09066 /* App.swift in Sources */,
				B55D247513D3B4742E36D92B /* AtomsStories.swift in Sources */,
				24E92B6C2FD5880E27973B68 /* ChatTranscript.swift in Sources */,
				0A215149AE7AF5FBBCB5409E /* ConvexStore.swift in Sources */,
				F9E41F8A8E5435B9BCD67D40 /* InfoToast.swift in Sources */,
				323F22288BE45E90ACCC8B5C /* InfrastructureControlsStories.swift in Sources */,
				F93C7EA30338ABCA88DEE925 /* InfrastructureStories.swift in Sources */,
				7428AF73F12DDBD3824E9BDE /* LSBadgeStories.swift in Sources */,
				EA035D37C13A73B7C213068C /* LSBottomSheet.swift in Sources */,
				0B45673D740CC18D7C34929C /* LSButtonStories.swift in Sources */,
				96D64305E0336CAB29EDE308 /* LSChatInput.swift in Sources */,
				295E91B36BDF57D6B421C1B3 /* LSConfirmDialog.swift in Sources */,
				CB54A220F967529F6BE52E80 /* LSContentCard.swift in Sources */,
				213C1C92CF279A28791AFB32 /* LSContextCapsule+ResolvedValues.swift in Sources */,
				44FFCF87B274ADFC9BB86AC6 /* LSContextCapsule.swift in Sources */,
				1BAC7EA2369264B7A19C9D08 /* LSDisplayStories.swift in Sources */,
				E59A273AD62956C2EFAC59C9 /* LSEmptyState.swift in Sources */,
				EB7EC54CA53EB7DEE5E84F0E /* LSFavoritePinDot.swift in Sources */,
				4C05ABB5C49D2E72EFB85198 /* LSFilterChip.swift in Sources */,
				8DD1E5F229561147AA644B21 /* LSFormField.swift in Sources */,
				E38D09C5CE8E05B40EC425E5 /* LSIconStories.swift in Sources */,
				3D2143A67410FB5D8D2F3B45 /* LSInputStories.swift in Sources */,
				94E60FEB07AEEC72B08535A1 /* LSInstrumentReadout.swift in Sources */,
				EE8BD0D9BE845A817F4B5599 /* LSListRow.swift in Sources */,
				65B25E1FD1EB3DA2BCF92572 /* LSLocationContextBar.swift in Sources */,
				95572DAE37FCF32B9BDE4BC4 /* LSMapStories.swift in Sources */,
				F994D017357EA5F2EAA9D72F /* LSModal.swift in Sources */,
				B4F9EB30336D5595D5388973 /* LSNavHeader.swift in Sources */,
				1EF50AB42CA36C6BAE6B79F2 /* LSPhaseDotStories.swift in Sources */,
				6D0C6A870476786F7228EA13 /* LSPhaseIndicator.swift in Sources */,
				91C89DFA7917A4D7A0446E88 /* LSPillStories.swift in Sources */,
				B6A59F8B49C2AD8ECBFB7A18 /* LSRouteAttachmentCard.swift in Sources */,
				BE5B3CA2636D5E37C57D3868 /* LSScenicDotStrip.swift in Sources */,
				762FB79AB5AE6050179BB785 /* LSScrimStories.swift in Sources */,
				FCAE00CC74E427BDB51D7F65 /* LSSuggestionChip.swift in Sources */,
				796603EE7DD1C76F8E2D5C00 /* LSSurfaceStories.swift in Sources */,
				938A965D4FEDD3713546A274 /* LSTabItem.swift in Sources */,
				293E7CA38C0EA35CD1365886 /* LSTagPill.swift in Sources */,
				D3FCBC758470A7571618AF4A /* LSTextStories.swift in Sources */,
				5029E341AA188CA5E844D5EC /* LSToast.swift in Sources */,
				E598577D82A3CB9A09831FB6 /* LSTokenStories.swift in Sources */,
				C431BDCE02738DEAD857663D /* LSToolbar.swift in Sources */,
				7F07F9ABF0C419E0E2BA5CEA /* LSWeatherBadge.swift in Sources */,
				C815D55CC39819958EAC1ED1 /* LSWeatherTimeline.swift in Sources */,
				40979501CCACCFB156F25EB5 /* LaneShadowSandboxEntry.swift in Sources */,
				B5FF9B8BF6CCCBF0478B2A77 /* LaneShadowStories.swift in Sources */,
				E2B1C40DCB7D1C33CC729331 /* MarkdownText.swift in Sources */,
				0088B7B8DE44EAB0E681D685 /* ModifierStories.swift in Sources */,
				E868E14CF971E572F61A614E /* MoleculesStories.swift in Sources */,
				616DD39EE36B30266B875E68 /* PlaceholderInfrastructureStories.swift in Sources */,
				8454A1BC9D540D4875749ED1 /* RootView.swift in Sources */,
				2A685A9BE84EC13D3483B8C8 /* TemplateStories.swift in Sources */,
			);
			runOnlyForDeploymentPostprocessing = 0;
		};
		4233BA8C06D67164708C1BDD /* Sources */ = {
			isa = PBXSourcesBuildPhase;
			buildActionMask = 2147483647;
			files = (
			);
			runOnlyForDeploymentPostprocessing = 0;
		};
		93C20C085BB03E46FC5650F5 /* Sources */ = {
			isa = PBXSourcesBuildPhase;
			buildActionMask = 2147483647;
			files = (
				95DD81C1CEF88FF460DA7A6E /* InfoToastTests.swift in Sources */,
				47CC25D1D29279914E05235A /* LSBottomSheetTests.swift in Sources */,
				6BB3BD5F5C744CD42F5DF5C6 /* LSChatInputTests.swift in Sources */,
				039BB0BB9C8E0D11F1DAB4EF /* LSContextCapsuleTests.swift in Sources */,
				260AE5B2889B2C4DCE1F1C38 /* LSEmptyStateTests.swift in Sources */,
				4BFD443A4E64B7C1A81AF04E /* LSFormFieldTests.swift in Sources */,
				7D4F7230A93BF39451BC7BB6 /* LSModalTests.swift in Sources */,
				67E4FE6F8B713FEF68326B97 /* LSTabItemTests.swift in Sources */,
				329EEE4B089D016554E2F75B /* LSToastTests.swift in Sources */,
				5E2C1E120480203DDF3939E8 /* LSToolbarTests.swift in Sources */,
				06E6D012390862D9ABF3488C /* LaneShadowTests.swift in Sources */,
				82FD28D5E7C9200101E7F065 /* MapSketchAnimationLayerTests.swift in Sources */,
				C9108535DE88E44D62CC2AE6 /* MarkdownTextTests.swift in Sources */,
				A35AB3F139C3CDEBBED3C838 /* MotionTests.swift in Sources */,
				21D966799A18DF7B8AF9A057 /* RouteResultsDetailsVariantTests.swift in Sources */,
				DB7CE61E13E9E0BCC6BF9B2D /* SessionsErrorVariantTests.swift in Sources */,
				AE6571DD4B221043A9A278D0 /* MapSketchAnimationLayerTests.swift in Sources */,
			);
			runOnlyForDeploymentPostprocessing = 0;
		};
/* End PBXSourcesBuildPhase section */

/* Begin PBXTargetDependency section */
		81218BFBC741B5A356EE9708 /* PBXTargetDependency */ = {
			isa = PBXTargetDependency;
			target = 99475776B313D476E98630D0 /* LaneShadow */;
			targetProxy = 3FC0A9068371F7D9BCAA7840 /* PBXContainerItemProxy */;
		};
		8941639FFAFA7D11ED5FFFCC /* PBXTargetDependency */ = {
			isa = PBXTargetDependency;
			target = 99475776B313D476E98630D0 /* LaneShadow */;
			targetProxy = 558A672E706BFC321A8AD88A /* PBXContainerItemProxy */;
		};
/* End PBXTargetDependency section */

/* Begin XCBuildConfiguration section */
		03D80A5193AED8D39AEAA021 /* Debug */ = {
			isa = XCBuildConfiguration;
			buildSettings = {
				BUNDLE_LOADER = "$(TEST_HOST)";
				CODE_SIGN_STYLE = Automatic;
				CURRENT_PROJECT_VERSION = 1;
				GENERATE_INFOPLIST_FILE = YES;
				IPHONEOS_DEPLOYMENT_TARGET = 17.0;
				LD_RUNPATH_SEARCH_PATHS = (
					"$(inherited)",
					"@executable_path/Frameworks",
					"@loader_path/Frameworks",
				);
				MARKETING_VERSION = 1.0;
				PRODUCT_BUNDLE_IDENTIFIER = "com.laneshadow.app.ui-tests";
				PRODUCT_NAME = "$(TARGET_NAME)";
				SDKROOT = iphoneos;
				TARGETED_DEVICE_FAMILY = 1;
				TEST_TARGET_NAME = LaneShadow;
			};
			name = Debug;
		};
		19E83A40037E8C2F4313FEC2 /* Debug */ = {
			isa = XCBuildConfiguration;
			buildSettings = {
				ASSETCATALOG_COMPILER_APPICON_NAME = AppIcon;
				ASSETCATALOG_COMPILER_GLOBAL_ACCENT_COLOR_NAME = AccentColor;
				CLANG_ENABLE_OBJC_WEAK = NO;
				CODE_SIGN_IDENTITY = "iPhone Developer";
				CODE_SIGN_STYLE = Automatic;
				CURRENT_PROJECT_VERSION = 1;
				DEFINES_MODULE = YES;
				DEVELOPMENT_TEAM = "";
				GENERATE_INFOPLIST_FILE = NO;
				INFOPLIST_FILE = LaneShadow/Info.plist;
				IPHONEOS_DEPLOYMENT_TARGET = 17.0;
				LD_RUNPATH_SEARCH_PATHS = (
					"$(inherited)",
					"@executable_path/Frameworks",
				);
				MARKETING_VERSION = 1.0;
				PRODUCT_BUNDLE_IDENTIFIER = com.laneshadow.app;
				SDKROOT = iphoneos;
				SWIFT_STRICT_CONCURRENCY = complete;
				TARGETED_DEVICE_FAMILY = 1;
			};
			name = Debug;
		};
		3D64718B8AC10E952CE325EA /* Release */ = {
			isa = XCBuildConfiguration;
			buildSettings = {
				BUNDLE_LOADER = "$(TEST_HOST)";
				CODE_SIGN_STYLE = Automatic;
				CURRENT_PROJECT_VERSION = 1;
				GENERATE_INFOPLIST_FILE = YES;
				IPHONEOS_DEPLOYMENT_TARGET = 17.0;
				LD_RUNPATH_SEARCH_PATHS = (
					"$(inherited)",
					"@executable_path/Frameworks",
					"@loader_path/Frameworks",
				);
				MARKETING_VERSION = 1.0;
				PRODUCT_BUNDLE_IDENTIFIER = "com.laneshadow.app.ui-tests";
				PRODUCT_NAME = "$(TARGET_NAME)";
				SDKROOT = iphoneos;
				TARGETED_DEVICE_FAMILY = 1;
				TEST_TARGET_NAME = LaneShadow;
			};
			name = Release;
		};
		9371E35085AC631B9383C52D /* Release */ = {
			isa = XCBuildConfiguration;
			buildSettings = {
				ASSETCATALOG_COMPILER_APPICON_NAME = AppIcon;
				ASSETCATALOG_COMPILER_GLOBAL_ACCENT_COLOR_NAME = AccentColor;
				CLANG_ENABLE_OBJC_WEAK = NO;
				CODE_SIGN_IDENTITY = "iPhone Developer";
				CODE_SIGN_STYLE = Automatic;
				CURRENT_PROJECT_VERSION = 1;
				DEFINES_MODULE = YES;
				DEVELOPMENT_TEAM = "";
				GENERATE_INFOPLIST_FILE = NO;
				INFOPLIST_FILE = LaneShadow/Info.plist;
				IPHONEOS_DEPLOYMENT_TARGET = 17.0;
				LD_RUNPATH_SEARCH_PATHS = (
					"$(inherited)",
					"@executable_path/Frameworks",
				);
				MARKETING_VERSION = 1.0;
				PRODUCT_BUNDLE_IDENTIFIER = com.laneshadow.app;
				SDKROOT = iphoneos;
				SWIFT_STRICT_CONCURRENCY = complete;
				TARGETED_DEVICE_FAMILY = 1;
			};
			name = Release;
		};
		9B0CDF1DC765C25CA516AA52 /* Release */ = {
			isa = XCBuildConfiguration;
			buildSettings = {
				BUNDLE_LOADER = "$(TEST_HOST)";
				CODE_SIGN_STYLE = Automatic;
				CURRENT_PROJECT_VERSION = 1;
				GENERATE_INFOPLIST_FILE = YES;
				IPHONEOS_DEPLOYMENT_TARGET = 17.0;
				LD_RUNPATH_SEARCH_PATHS = (
					"$(inherited)",
					"@executable_path/Frameworks",
					"@loader_path/Frameworks",
				);
				MARKETING_VERSION = 1.0;
				PRODUCT_BUNDLE_IDENTIFIER = com.laneshadow.app.tests;
				PRODUCT_NAME = "$(TARGET_NAME)";
				SDKROOT = iphoneos;
				SWIFT_STRICT_CONCURRENCY = complete;
				TARGETED_DEVICE_FAMILY = 1;
				TEST_HOST = "$(BUILT_PRODUCTS_DIR)/LaneShadow.app/LaneShadow";
			};
			name = Release;
		};
		B75DA993CEBD9678A536A98D /* Release */ = {
			isa = XCBuildConfiguration;
			buildSettings = {
				ALWAYS_SEARCH_USER_PATHS = NO;
				CLANG_ANALYZER_NONNULL = YES;
				CLANG_ANALYZER_NUMBER_OBJECT_CONVERSION = YES_AGGRESSIVE;
				CLANG_CXX_LANGUAGE_STANDARD = "gnu++14";
				CLANG_CXX_LIBRARY = "libc++";
				CLANG_ENABLE_MODULES = YES;
				CLANG_ENABLE_OBJC_ARC = YES;
				CLANG_ENABLE_OBJC_WEAK = YES;
				CLANG_WARN_BLOCK_CAPTURE_AUTORELEASING = YES;
				CLANG_WARN_BOOL_CONVERSION = YES;
				CLANG_WARN_COMMA = YES;
				CLANG_WARN_CONSTANT_CONVERSION = YES;
				CLANG_WARN_DEPRECATED_OBJC_IMPLEMENTATIONS = YES;
				CLANG_WARN_DIRECT_OBJC_ISA_USAGE = YES_ERROR;
				CLANG_WARN_DOCUMENTATION_COMMENTS = YES;
				CLANG_WARN_EMPTY_BODY = YES;
				CLANG_WARN_ENUM_CONVERSION = YES;
				CLANG_WARN_INFINITE_RECURSION = YES;
				CLANG_WARN_INT_CONVERSION = YES;
				CLANG_WARN_NON_LITERAL_NULL_CONVERSION = YES;
				CLANG_WARN_OBJC_IMPLICIT_RETAIN_SELF = YES;
				CLANG_WARN_OBJC_LITERAL_CONVERSION = YES;
				CLANG_WARN_OBJC_ROOT_CLASS = YES_ERROR;
				CLANG_WARN_QUOTED_INCLUDE_IN_FRAMEWORK_HEADER = YES;
				CLANG_WARN_RANGE_LOOP_ANALYSIS = YES;
				CLANG_WARN_STRICT_PROTOTYPES = YES;
				CLANG_WARN_SUSPICIOUS_MOVE = YES;
				CLANG_WARN_UNGUARDED_AVAILABILITY = YES_AGGRESSIVE;
				CLANG_WARN_UNREACHABLE_CODE = YES;
				CLANG_WARN__DUPLICATE_METHOD_MATCH = YES;
				COPY_PHASE_STRIP = NO;
				DEBUG_INFORMATION_FORMAT = "dwarf-with-dsym";
				ENABLE_NS_ASSERTIONS = NO;
				ENABLE_STRICT_OBJC_MSGSEND = YES;
				GCC_C_LANGUAGE_STANDARD = gnu11;
				GCC_NO_COMMON_BLOCKS = YES;
				GCC_WARN_64_TO_32_BIT_CONVERSION = YES;
				GCC_WARN_ABOUT_RETURN_TYPE = YES_ERROR;
				GCC_WARN_UNDECLARED_SELECTOR = YES;
				GCC_WARN_UNINITIALIZED_AUTOS = YES_AGGRESSIVE;
				GCC_WARN_UNUSED_FUNCTION = YES;
				GCC_WARN_UNUSED_VARIABLE = YES;
				IPHONEOS_DEPLOYMENT_TARGET = 17.0;
				MTL_ENABLE_DEBUG_INFO = NO;
				MTL_FAST_MATH = YES;
				PRODUCT_NAME = "$(TARGET_NAME)";
				SDKROOT = iphoneos;
				SWIFT_COMPILATION_MODE = wholemodule;
				SWIFT_OPTIMIZATION_LEVEL = "-O";
				SWIFT_VERSION = 6.0;
				VALIDATE_PRODUCT = YES;
			};
			name = Release;
		};
		BEA670E3AE6E6006E9410B92 /* Debug */ = {
			isa = XCBuildConfiguration;
			buildSettings = {
				ALWAYS_SEARCH_USER_PATHS = NO;
				CLANG_ANALYZER_NONNULL = YES;
				CLANG_ANALYZER_NUMBER_OBJECT_CONVERSION = YES_AGGRESSIVE;
				CLANG_CXX_LANGUAGE_STANDARD = "gnu++14";
				CLANG_CXX_LIBRARY = "libc++";
				CLANG_ENABLE_MODULES = YES;
				CLANG_ENABLE_OBJC_ARC = YES;
				CLANG_ENABLE_OBJC_WEAK = YES;
				CLANG_WARN_BLOCK_CAPTURE_AUTORELEASING = YES;
				CLANG_WARN_BOOL_CONVERSION = YES;
				CLANG_WARN_COMMA = YES;
				CLANG_WARN_CONSTANT_CONVERSION = YES;
				CLANG_WARN_DEPRECATED_OBJC_IMPLEMENTATIONS = YES;
				CLANG_WARN_DIRECT_OBJC_ISA_USAGE = YES_ERROR;
				CLANG_WARN_DOCUMENTATION_COMMENTS = YES;
				CLANG_WARN_EMPTY_BODY = YES;
				CLANG_WARN_ENUM_CONVERSION = YES;
				CLANG_WARN_INFINITE_RECURSION = YES;
				CLANG_WARN_INT_CONVERSION = YES;
				CLANG_WARN_NON_LITERAL_NULL_CONVERSION = YES;
				CLANG_WARN_OBJC_IMPLICIT_RETAIN_SELF = YES;
				CLANG_WARN_OBJC_LITERAL_CONVERSION = YES;
				CLANG_WARN_OBJC_ROOT_CLASS = YES_ERROR;
				CLANG_WARN_QUOTED_INCLUDE_IN_FRAMEWORK_HEADER = YES;
				CLANG_WARN_RANGE_LOOP_ANALYSIS = YES;
				CLANG_WARN_STRICT_PROTOTYPES = YES;
				CLANG_WARN_SUSPICIOUS_MOVE = YES;
				CLANG_WARN_UNGUARDED_AVAILABILITY = YES_AGGRESSIVE;
				CLANG_WARN_UNREACHABLE_CODE = YES;
				CLANG_WARN__DUPLICATE_METHOD_MATCH = YES;
				COPY_PHASE_STRIP = NO;
				DEBUG_INFORMATION_FORMAT = dwarf;
				ENABLE_STRICT_OBJC_MSGSEND = YES;
				ENABLE_TESTABILITY = YES;
				GCC_C_LANGUAGE_STANDARD = gnu11;
				GCC_DYNAMIC_NO_PIC = NO;
				GCC_NO_COMMON_BLOCKS = YES;
				GCC_OPTIMIZATION_LEVEL = 0;
				GCC_PREPROCESSOR_DEFINITIONS = (
					"DEBUG=1",
					"$(inherited)",
				);
				GCC_WARN_64_TO_32_BIT_CONVERSION = YES;
				GCC_WARN_ABOUT_RETURN_TYPE = YES_ERROR;
				GCC_WARN_UNDECLARED_SELECTOR = YES;
				GCC_WARN_UNINITIALIZED_AUTOS = YES_AGGRESSIVE;
				GCC_WARN_UNUSED_FUNCTION = YES;
				GCC_WARN_UNUSED_VARIABLE = YES;
				IPHONEOS_DEPLOYMENT_TARGET = 17.0;
				MTL_ENABLE_DEBUG_INFO = INCLUDE_SOURCE;
				MTL_FAST_MATH = YES;
				ONLY_ACTIVE_ARCH = YES;
				PRODUCT_NAME = "$(TARGET_NAME)";
				SDKROOT = iphoneos;
				SWIFT_ACTIVE_COMPILATION_CONDITIONS = DEBUG;
				SWIFT_OPTIMIZATION_LEVEL = "-Onone";
				SWIFT_VERSION = 6.0;
			};
			name = Debug;
		};
		EAE97B256489FA4CA6BFBB3E /* Debug */ = {
			isa = XCBuildConfiguration;
			buildSettings = {
				BUNDLE_LOADER = "$(TEST_HOST)";
				CODE_SIGN_STYLE = Automatic;
				CURRENT_PROJECT_VERSION = 1;
				GENERATE_INFOPLIST_FILE = YES;
				IPHONEOS_DEPLOYMENT_TARGET = 17.0;
				LD_RUNPATH_SEARCH_PATHS = (
					"$(inherited)",
					"@executable_path/Frameworks",
					"@loader_path/Frameworks",
				);
				MARKETING_VERSION = 1.0;
				PRODUCT_BUNDLE_IDENTIFIER = com.laneshadow.app.tests;
				PRODUCT_NAME = "$(TARGET_NAME)";
				SDKROOT = iphoneos;
				SWIFT_STRICT_CONCURRENCY = complete;
				TARGETED_DEVICE_FAMILY = 1;
				TEST_HOST = "$(BUILT_PRODUCTS_DIR)/LaneShadow.app/LaneShadow";
			};
			name = Debug;
		};
/* End XCBuildConfiguration section */

/* Begin XCConfigurationList section */
		370FB48DE918F2015751FF0C /* Build configuration list for PBXNativeTarget "LaneShadowTests" */ = {
			isa = XCConfigurationList;
			buildConfigurations = (
				EAE97B256489FA4CA6BFBB3E /* Debug */,
				9B0CDF1DC765C25CA516AA52 /* Release */,
			);
			defaultConfigurationIsVisible = 0;
			defaultConfigurationName = Debug;
		};
		765550164B633AF5BE20873D /* Build configuration list for PBXNativeTarget "LaneShadow" */ = {
			isa = XCConfigurationList;
			buildConfigurations = (
				19E83A40037E8C2F4313FEC2 /* Debug */,
				9371E35085AC631B9383C52D /* Release */,
			);
			defaultConfigurationIsVisible = 0;
			defaultConfigurationName = Debug;
		};
		7B3C5253730D483D2D3B9A92 /* Build configuration list for PBXNativeTarget "LaneShadowUITests" */ = {
			isa = XCConfigurationList;
			buildConfigurations = (
				03D80A5193AED8D39AEAA021 /* Debug */,
				3D64718B8AC10E952CE325EA /* Release */,
			);
			defaultConfigurationIsVisible = 0;
			defaultConfigurationName = Debug;
		};
		C825AA9ACD7BBF70A26F04EE /* Build configuration list for PBXProject "LaneShadow" */ = {
			isa = XCConfigurationList;
			buildConfigurations = (
				BEA670E3AE6E6006E9410B92 /* Debug */,
				B75DA993CEBD9678A536A98D /* Release */,
			);
			defaultConfigurationIsVisible = 0;
			defaultConfigurationName = Debug;
		};
/* End XCConfigurationList section */

/* Begin XCLocalSwiftPackageReference section */
		47209CE6204C4DADCDF34113 /* XCLocalSwiftPackageReference "swift" */ = {
			isa = XCLocalSwiftPackageReference;
			relativePath = ../tokens/platforms/swift;
		};
		587371FD07BE144F164B83FF /* XCLocalSwiftPackageReference "ios" */ = {
			isa = XCLocalSwiftPackageReference;
			relativePath = "/Users/justinrich/Projects/native-sandbox/ios";
		};
/* End XCLocalSwiftPackageReference section */

/* Begin XCRemoteSwiftPackageReference section */
		15EF0D9EB05071BCFDAB5F3D /* XCRemoteSwiftPackageReference "swift-snapshot-testing" */ = {
			isa = XCRemoteSwiftPackageReference;
			repositoryURL = "https://github.com/pointfreeco/swift-snapshot-testing";
			requirement = {
				kind = upToNextMajorVersion;
				minimumVersion = 1.15.0;
			};
		};
		2448E52A67F9CA102454EA73 /* XCRemoteSwiftPackageReference "convex-swift" */ = {
			isa = XCRemoteSwiftPackageReference;
			repositoryURL = "https://github.com/get-convex/convex-swift";
			requirement = {
				kind = upToNextMajorVersion;
				minimumVersion = 0.7.0;
			};
		};
		8DCCB7122A38A84D46600EB9 /* XCRemoteSwiftPackageReference "clerk-ios" */ = {
			isa = XCRemoteSwiftPackageReference;
			repositoryURL = "https://github.com/clerk/clerk-ios";
			requirement = {
				kind = upToNextMajorVersion;
				minimumVersion = 0.67.0;
			};
		};
		B661C63E1ACC8A649A046360 /* XCRemoteSwiftPackageReference "mapbox-maps-ios" */ = {
			isa = XCRemoteSwiftPackageReference;
			repositoryURL = "https://github.com/mapbox/mapbox-maps-ios";
			requirement = {
				kind = upToNextMajorVersion;
				minimumVersion = 11.6.0;
			};
		};
		E60D5EE87AD2B6F3ECB752C9 /* XCRemoteSwiftPackageReference "ViewInspector" */ = {
			isa = XCRemoteSwiftPackageReference;
			repositoryURL = "https://github.com/nalexn/ViewInspector";
			requirement = {
				kind = upToNextMajorVersion;
				minimumVersion = 0.9.0;
			};
		};
/* End XCRemoteSwiftPackageReference section */

/* Begin XCSwiftPackageProductDependency section */
		5B658B1BAB40A50AE36EE201 /* LaneShadowTheme */ = {
			isa = XCSwiftPackageProductDependency;
			productName = LaneShadowTheme;
		};
		97E29B716CED481799DD0795 /* ViewInspector */ = {
			isa = XCSwiftPackageProductDependency;
			package = E60D5EE87AD2B6F3ECB752C9 /* XCRemoteSwiftPackageReference "ViewInspector" */;
			productName = ViewInspector;
		};
		9DD5E01C1B4FE6A3686813CA /* NativeSandbox */ = {
			isa = XCSwiftPackageProductDependency;
			productName = NativeSandbox;
		};
		A82A70CA01368BECA5189F19 /* LaneShadowTheme */ = {
			isa = XCSwiftPackageProductDependency;
			productName = LaneShadowTheme;
		};
		CE666EC279651E6E31EE5FBE /* ConvexMobile */ = {
			isa = XCSwiftPackageProductDependency;
			package = 2448E52A67F9CA102454EA73 /* XCRemoteSwiftPackageReference "convex-swift" */;
			productName = ConvexMobile;
		};
		DA5E21A6F8345673A1101414 /* MapboxMaps */ = {
			isa = XCSwiftPackageProductDependency;
			package = B661C63E1ACC8A649A046360 /* XCRemoteSwiftPackageReference "mapbox-maps-ios" */;
			productName = MapboxMaps;
		};
		E4B9E7FB06EF17E9BD9B418A /* SnapshotTesting */ = {
			isa = XCSwiftPackageProductDependency;
			package = 15EF0D9EB05071BCFDAB5F3D /* XCRemoteSwiftPackageReference "swift-snapshot-testing" */;
			productName = SnapshotTesting;
		};
		ED1675F2464975FEDC2C2346 /* Clerk */ = {
			isa = XCSwiftPackageProductDependency;
			package = 8DCCB7122A38A84D46600EB9 /* XCRemoteSwiftPackageReference "clerk-ios" */;
			productName = Clerk;
		};
/* End XCSwiftPackageProductDependency section */
	};
	rootObject = 5005A814B8F4CE91922BC5A4 /* Project object */;
}
